// !$*UTF8*$!
{
	archiveVersion = 1;
	classes = {
	};
	objectVersion = 50;
	objects = {

/* Begin PBXBuildFile section */
		3430C397242259BC009CF454 /* Apply.swift in Sources */ = {isa = PBXBuildFile; fileRef = 3430C396242259BC009CF454 /* Apply.swift */; };
		776D8BEEE21401F9DC087CB2 /* Pods_Utils.framework in Frameworks */ = {isa = PBXBuildFile; fileRef = 00B61B8F23DFC4B8B42A6199 /* Pods_Utils.framework */; };
		8C1F535D2434A50A00D9F979 /* BaseTableViewCell.swift in Sources */ = {isa = PBXBuildFile; fileRef = 8C1F535C2434A50A00D9F979 /* BaseTableViewCell.swift */; };
		8C2517592403C21900BAD4B5 /* Utils.framework in Frameworks */ = {isa = PBXBuildFile; fileRef = 8C25174F2403C21900BAD4B5 /* Utils.framework */; };
		8C25175E2403C21900BAD4B5 /* UtilsTests.swift in Sources */ = {isa = PBXBuildFile; fileRef = 8C25175D2403C21900BAD4B5 /* UtilsTests.swift */; };
		8C2517602403C21900BAD4B5 /* Utils.h in Headers */ = {isa = PBXBuildFile; fileRef = 8C2517522403C21900BAD4B5 /* Utils.h */; settings = {ATTRIBUTES = (Public, ); }; };
		8C2517A52403C2AC00BAD4B5 /* Storyboarded.swift in Sources */ = {isa = PBXBuildFile; fileRef = 8C25179E2403C2AC00BAD4B5 /* Storyboarded.swift */; };
		8C2517A82403C2AC00BAD4B5 /* Observable+Extensions.swift in Sources */ = {isa = PBXBuildFile; fileRef = 8C2517A32403C2AC00BAD4B5 /* Observable+Extensions.swift */; };
		8C2517A92403C2AC00BAD4B5 /* BehaviorRelay+Extensions.swift in Sources */ = {isa = PBXBuildFile; fileRef = 8C2517A42403C2AC00BAD4B5 /* BehaviorRelay+Extensions.swift */; };
		8C4EDC592429034000C03E14 /* TimeInterval+Extensions.swift in Sources */ = {isa = PBXBuildFile; fileRef = 8C4EDC582429034000C03E14 /* TimeInterval+Extensions.swift */; };
		8C509D1D241286F800B6DF30 /* UIViewController + Extensions.swift in Sources */ = {isa = PBXBuildFile; fileRef = 8C509D1C241286F800B6DF30 /* UIViewController + Extensions.swift */; };
		8C509D282412885100B6DF30 /* Date+Extensions.swift in Sources */ = {isa = PBXBuildFile; fileRef = 8C509D272412885100B6DF30 /* Date+Extensions.swift */; };
		8C509D2A2412888D00B6DF30 /* Array+Extensions.swift in Sources */ = {isa = PBXBuildFile; fileRef = 8C509D292412888D00B6DF30 /* Array+Extensions.swift */; };
		8C5A8C97241AA3C2003DC3D0 /* UIColor+Extensions.swift in Sources */ = {isa = PBXBuildFile; fileRef = 8C5A8C96241AA3C2003DC3D0 /* UIColor+Extensions.swift */; };
		8CA44A322450446700B3BAC2 /* ArrayExtensions.swift in Sources */ = {isa = PBXBuildFile; fileRef = 8CA44A312450446700B3BAC2 /* ArrayExtensions.swift */; };
		ACD3344D245200AB002278FD /* Tooltip.swift in Sources */ = {isa = PBXBuildFile; fileRef = ACD3344C245200AB002278FD /* Tooltip.swift */; };
		B4500B7E246AEB0500BB0A3D /* CGRect+Extensions.swift in Sources */ = {isa = PBXBuildFile; fileRef = B4500B7D246AEB0500BB0A3D /* CGRect+Extensions.swift */; };
		B4523FE82450C65D00AB5EA0 /* Collection+Extensions.swift in Sources */ = {isa = PBXBuildFile; fileRef = B4523FE72450C65D00AB5EA0 /* Collection+Extensions.swift */; };
		B4654FDA246EE072008BB836 /* Int+Extensions.swift in Sources */ = {isa = PBXBuildFile; fileRef = B4654FD9246EE072008BB836 /* Int+Extensions.swift */; };
		B4B4F02C24351BE800DFBF2E /* Snackbar.swift in Sources */ = {isa = PBXBuildFile; fileRef = B4B4F02B24351BE800DFBF2E /* Snackbar.swift */; };
		B4B4F02E2435222A00DFBF2E /* UIView+ConstraintExtensions.swift in Sources */ = {isa = PBXBuildFile; fileRef = B4B4F02D2435222A00DFBF2E /* UIView+ConstraintExtensions.swift */; };
		B4BAADE02458528200F9DB8F /* Driver+Extensions.swift in Sources */ = {isa = PBXBuildFile; fileRef = B4BAADDF2458528200F9DB8F /* Driver+Extensions.swift */; };
		CC21B2FB2451DDDA0077393E /* WheelMathExtensions.swift in Sources */ = {isa = PBXBuildFile; fileRef = CC21B2FA2451DDDA0077393E /* WheelMathExtensions.swift */; };
/* End PBXBuildFile section */

/* Begin PBXContainerItemProxy section */
		8C25175A2403C21900BAD4B5 /* PBXContainerItemProxy */ = {
			isa = PBXContainerItemProxy;
			containerPortal = 8C2517462403C21900BAD4B5 /* Project object */;
			proxyType = 1;
			remoteGlobalIDString = 8C25174E2403C21900BAD4B5;
			remoteInfo = Utils;
		};
/* End PBXContainerItemProxy section */

/* Begin PBXFileReference section */
		00B61B8F23DFC4B8B42A6199 /* Pods_Utils.framework */ = {isa = PBXFileReference; explicitFileType = wrapper.framework; includeInIndex = 0; path = Pods_Utils.framework; sourceTree = BUILT_PRODUCTS_DIR; };
		3430C396242259BC009CF454 /* Apply.swift */ = {isa = PBXFileReference; lastKnownFileType = sourcecode.swift; path = Apply.swift; sourceTree = "<group>"; };
		576E4EB2A9A66A487D6A2D42 /* Pods-Utils.release.xcconfig */ = {isa = PBXFileReference; includeInIndex = 1; lastKnownFileType = text.xcconfig; name = "Pods-Utils.release.xcconfig"; path = "Target Support Files/Pods-Utils/Pods-Utils.release.xcconfig"; sourceTree = "<group>"; };
		8C1F535C2434A50A00D9F979 /* BaseTableViewCell.swift */ = {isa = PBXFileReference; lastKnownFileType = sourcecode.swift; path = BaseTableViewCell.swift; sourceTree = "<group>"; };
		8C25174F2403C21900BAD4B5 /* Utils.framework */ = {isa = PBXFileReference; explicitFileType = wrapper.framework; includeInIndex = 0; path = Utils.framework; sourceTree = BUILT_PRODUCTS_DIR; };
		8C2517522403C21900BAD4B5 /* Utils.h */ = {isa = PBXFileReference; lastKnownFileType = sourcecode.c.h; path = Utils.h; sourceTree = "<group>"; };
		8C2517532403C21900BAD4B5 /* Info.plist */ = {isa = PBXFileReference; lastKnownFileType = text.plist.xml; path = Info.plist; sourceTree = "<group>"; };
		8C2517582403C21900BAD4B5 /* UtilsTests.xctest */ = {isa = PBXFileReference; explicitFileType = wrapper.cfbundle; includeInIndex = 0; path = UtilsTests.xctest; sourceTree = BUILT_PRODUCTS_DIR; };
		8C25175D2403C21900BAD4B5 /* UtilsTests.swift */ = {isa = PBXFileReference; lastKnownFileType = sourcecode.swift; path = UtilsTests.swift; sourceTree = "<group>"; };
		8C25175F2403C21900BAD4B5 /* Info.plist */ = {isa = PBXFileReference; lastKnownFileType = text.plist.xml; path = Info.plist; sourceTree = "<group>"; };
		8C25179E2403C2AC00BAD4B5 /* Storyboarded.swift */ = {isa = PBXFileReference; fileEncoding = 4; lastKnownFileType = sourcecode.swift; path = Storyboarded.swift; sourceTree = "<group>"; };
		8C2517A32403C2AC00BAD4B5 /* Observable+Extensions.swift */ = {isa = PBXFileReference; fileEncoding = 4; lastKnownFileType = sourcecode.swift; path = "Observable+Extensions.swift"; sourceTree = "<group>"; };
		8C2517A42403C2AC00BAD4B5 /* BehaviorRelay+Extensions.swift */ = {isa = PBXFileReference; fileEncoding = 4; lastKnownFileType = sourcecode.swift; path = "BehaviorRelay+Extensions.swift"; sourceTree = "<group>"; };
		8C2518182403C5B800BAD4B5 /* RxCocoaDep.framework */ = {isa = PBXFileReference; explicitFileType = wrapper.framework; path = RxCocoaDep.framework; sourceTree = BUILT_PRODUCTS_DIR; };
		8C2518192403C5B800BAD4B5 /* RxSwiftDep.framework */ = {isa = PBXFileReference; explicitFileType = wrapper.framework; path = RxSwiftDep.framework; sourceTree = BUILT_PRODUCTS_DIR; };
		8C4EDC582429034000C03E14 /* TimeInterval+Extensions.swift */ = {isa = PBXFileReference; lastKnownFileType = sourcecode.swift; path = "TimeInterval+Extensions.swift"; sourceTree = "<group>"; };
		8C509D1C241286F800B6DF30 /* UIViewController + Extensions.swift */ = {isa = PBXFileReference; lastKnownFileType = sourcecode.swift; path = "UIViewController + Extensions.swift"; sourceTree = "<group>"; };
		8C509D272412885100B6DF30 /* Date+Extensions.swift */ = {isa = PBXFileReference; lastKnownFileType = sourcecode.swift; path = "Date+Extensions.swift"; sourceTree = "<group>"; };
		8C509D292412888D00B6DF30 /* Array+Extensions.swift */ = {isa = PBXFileReference; lastKnownFileType = sourcecode.swift; path = "Array+Extensions.swift"; sourceTree = "<group>"; };
		8C5A8C96241AA3C2003DC3D0 /* UIColor+Extensions.swift */ = {isa = PBXFileReference; lastKnownFileType = sourcecode.swift; path = "UIColor+Extensions.swift"; sourceTree = "<group>"; };
		8CA44A312450446700B3BAC2 /* ArrayExtensions.swift */ = {isa = PBXFileReference; lastKnownFileType = sourcecode.swift; path = ArrayExtensions.swift; sourceTree = "<group>"; };
		8CAF7B9E2458226C006B961D /* Utils-Shared.xcconfig */ = {isa = PBXFileReference; fileEncoding = 4; lastKnownFileType = text.xcconfig; path = "Utils-Shared.xcconfig"; sourceTree = "<group>"; };
		8CAF7B9F2458226C006B961D /* UtilsTests-Shared.xcconfig */ = {isa = PBXFileReference; fileEncoding = 4; lastKnownFileType = text.xcconfig; path = "UtilsTests-Shared.xcconfig"; sourceTree = "<group>"; };
		8CAF7BA02458226C006B961D /* Utils.release.xcconfig */ = {isa = PBXFileReference; fileEncoding = 4; lastKnownFileType = text.xcconfig; path = Utils.release.xcconfig; sourceTree = "<group>"; };
		8CAF7BA12458226C006B961D /* Project.release.xcconfig */ = {isa = PBXFileReference; fileEncoding = 4; lastKnownFileType = text.xcconfig; path = Project.release.xcconfig; sourceTree = "<group>"; };
		8CAF7BA22458226C006B961D /* UtilsTests.debug.xcconfig */ = {isa = PBXFileReference; fileEncoding = 4; lastKnownFileType = text.xcconfig; path = UtilsTests.debug.xcconfig; sourceTree = "<group>"; };
		8CAF7BA32458226C006B961D /* UtilsTests.release.xcconfig */ = {isa = PBXFileReference; fileEncoding = 4; lastKnownFileType = text.xcconfig; path = UtilsTests.release.xcconfig; sourceTree = "<group>"; };
		8CAF7BA52458226C006B961D /* Utils.debug.xcconfig */ = {isa = PBXFileReference; fileEncoding = 4; lastKnownFileType = text.xcconfig; path = Utils.debug.xcconfig; sourceTree = "<group>"; };
		8CAF7BA62458226C006B961D /* Project.debug.xcconfig */ = {isa = PBXFileReference; fileEncoding = 4; lastKnownFileType = text.xcconfig; path = Project.debug.xcconfig; sourceTree = "<group>"; };
		ACD3344C245200AB002278FD /* Tooltip.swift */ = {isa = PBXFileReference; lastKnownFileType = sourcecode.swift; path = Tooltip.swift; sourceTree = "<group>"; };
		B4500B7D246AEB0500BB0A3D /* CGRect+Extensions.swift */ = {isa = PBXFileReference; lastKnownFileType = sourcecode.swift; path = "CGRect+Extensions.swift"; sourceTree = "<group>"; };
		B4523FE72450C65D00AB5EA0 /* Collection+Extensions.swift */ = {isa = PBXFileReference; lastKnownFileType = sourcecode.swift; path = "Collection+Extensions.swift"; sourceTree = "<group>"; };
		B4654FD9246EE072008BB836 /* Int+Extensions.swift */ = {isa = PBXFileReference; lastKnownFileType = sourcecode.swift; path = "Int+Extensions.swift"; sourceTree = "<group>"; };
		B4B4F02B24351BE800DFBF2E /* Snackbar.swift */ = {isa = PBXFileReference; lastKnownFileType = sourcecode.swift; path = Snackbar.swift; sourceTree = "<group>"; };
		B4B4F02D2435222A00DFBF2E /* UIView+ConstraintExtensions.swift */ = {isa = PBXFileReference; lastKnownFileType = sourcecode.swift; path = "UIView+ConstraintExtensions.swift"; sourceTree = "<group>"; };
		B4BAADDF2458528200F9DB8F /* Driver+Extensions.swift */ = {isa = PBXFileReference; lastKnownFileType = sourcecode.swift; path = "Driver+Extensions.swift"; sourceTree = "<group>"; };
		BA966568DC4D267ABE8B8D26 /* Pods-Utils.debug.xcconfig */ = {isa = PBXFileReference; includeInIndex = 1; lastKnownFileType = text.xcconfig; name = "Pods-Utils.debug.xcconfig"; path = "Target Support Files/Pods-Utils/Pods-Utils.debug.xcconfig"; sourceTree = "<group>"; };
		CC21B2FA2451DDDA0077393E /* WheelMathExtensions.swift */ = {isa = PBXFileReference; lastKnownFileType = sourcecode.swift; path = WheelMathExtensions.swift; sourceTree = "<group>"; };
/* End PBXFileReference section */

/* Begin PBXFrameworksBuildPhase section */
		8C25174C2403C21900BAD4B5 /* Frameworks */ = {
			isa = PBXFrameworksBuildPhase;
			buildActionMask = 2147483647;
			files = (
				776D8BEEE21401F9DC087CB2 /* Pods_Utils.framework in Frameworks */,
			);
			runOnlyForDeploymentPostprocessing = 0;
		};
		8C2517552403C21900BAD4B5 /* Frameworks */ = {
			isa = PBXFrameworksBuildPhase;
			buildActionMask = 2147483647;
			files = (
				8C2517592403C21900BAD4B5 /* Utils.framework in Frameworks */,
			);
			runOnlyForDeploymentPostprocessing = 0;
		};
/* End PBXFrameworksBuildPhase section */

/* Begin PBXGroup section */
		3430C395242259A8009CF454 /* Operators */ = {
			isa = PBXGroup;
			children = (
				3430C396242259BC009CF454 /* Apply.swift */,
			);
			path = Operators;
			sourceTree = "<group>";
		};
		8C2517452403C21900BAD4B5 = {
			isa = PBXGroup;
			children = (
				8CAF7B9D2458226C006B961D /* Configurations */,
				8C2517512403C21900BAD4B5 /* Utils */,
				8C25175C2403C21900BAD4B5 /* UtilsTests */,
				8C2517502403C21900BAD4B5 /* Products */,
				8C2518172403C5B800BAD4B5 /* Frameworks */,
				E0BFFDC4FE5972557FE30D58 /* Pods */,
			);
			sourceTree = "<group>";
		};
		8C2517502403C21900BAD4B5 /* Products */ = {
			isa = PBXGroup;
			children = (
				8C25174F2403C21900BAD4B5 /* Utils.framework */,
				8C2517582403C21900BAD4B5 /* UtilsTests.xctest */,
			);
			name = Products;
			sourceTree = "<group>";
		};
		8C2517512403C21900BAD4B5 /* Utils */ = {
			isa = PBXGroup;
			children = (
				8CA44A2E2450445300B3BAC2 /* TestUtils */,
				3430C395242259A8009CF454 /* Operators */,
				8C509D262412882C00B6DF30 /* Extensions */,
				8C2517A22403C2AC00BAD4B5 /* RxExtensions */,
				8C25179D2403C2AC00BAD4B5 /* UI */,
				8C2517522403C21900BAD4B5 /* Utils.h */,
				8C2517532403C21900BAD4B5 /* Info.plist */,
			);
			path = Utils;
			sourceTree = "<group>";
		};
		8C25175C2403C21900BAD4B5 /* UtilsTests */ = {
			isa = PBXGroup;
			children = (
				8C25175D2403C21900BAD4B5 /* UtilsTests.swift */,
				8C25175F2403C21900BAD4B5 /* Info.plist */,
			);
			path = UtilsTests;
			sourceTree = "<group>";
		};
		8C25179D2403C2AC00BAD4B5 /* UI */ = {
			isa = PBXGroup;
			children = (
				8C25179E2403C2AC00BAD4B5 /* Storyboarded.swift */,
				8C509D1C241286F800B6DF30 /* UIViewController + Extensions.swift */,
				B4B4F02D2435222A00DFBF2E /* UIView+ConstraintExtensions.swift */,
				B4B4F02B24351BE800DFBF2E /* Snackbar.swift */,
				ACD3344C245200AB002278FD /* Tooltip.swift */,
				8C1F535C2434A50A00D9F979 /* BaseTableViewCell.swift */,
				B4500B7D246AEB0500BB0A3D /* CGRect+Extensions.swift */,
			);
			path = UI;
			sourceTree = "<group>";
		};
		8C2517A22403C2AC00BAD4B5 /* RxExtensions */ = {
			isa = PBXGroup;
			children = (
				8C2517A32403C2AC00BAD4B5 /* Observable+Extensions.swift */,
				8C2517A42403C2AC00BAD4B5 /* BehaviorRelay+Extensions.swift */,
				B4BAADDF2458528200F9DB8F /* Driver+Extensions.swift */,
			);
			path = RxExtensions;
			sourceTree = "<group>";
		};
		8C2518172403C5B800BAD4B5 /* Frameworks */ = {
			isa = PBXGroup;
			children = (
				8C2518182403C5B800BAD4B5 /* RxCocoaDep.framework */,
				8C2518192403C5B800BAD4B5 /* RxSwiftDep.framework */,
				00B61B8F23DFC4B8B42A6199 /* Pods_Utils.framework */,
			);
			name = Frameworks;
			sourceTree = "<group>";
		};
		8C509D262412882C00B6DF30 /* Extensions */ = {
			isa = PBXGroup;
			children = (
				CC21B2FA2451DDDA0077393E /* WheelMathExtensions.swift */,
				8C509D272412885100B6DF30 /* Date+Extensions.swift */,
				B4523FE72450C65D00AB5EA0 /* Collection+Extensions.swift */,
				8C509D292412888D00B6DF30 /* Array+Extensions.swift */,
				8C5A8C96241AA3C2003DC3D0 /* UIColor+Extensions.swift */,
				8C4EDC582429034000C03E14 /* TimeInterval+Extensions.swift */,
				B4654FD9246EE072008BB836 /* Int+Extensions.swift */,
			);
			path = Extensions;
			sourceTree = "<group>";
		};
		8CA44A2E2450445300B3BAC2 /* TestUtils */ = {
			isa = PBXGroup;
			children = (
				8CA44A312450446700B3BAC2 /* ArrayExtensions.swift */,
			);
			path = TestUtils;
			sourceTree = "<group>";
		};
		8CAF7B9D2458226C006B961D /* Configurations */ = {
			isa = PBXGroup;
			children = (
				8CAF7B9E2458226C006B961D /* Utils-Shared.xcconfig */,
				8CAF7BA52458226C006B961D /* Utils.debug.xcconfig */,
				8CAF7BA02458226C006B961D /* Utils.release.xcconfig */,
				8CAF7B9F2458226C006B961D /* UtilsTests-Shared.xcconfig */,
				8CAF7BA22458226C006B961D /* UtilsTests.debug.xcconfig */,
				8CAF7BA32458226C006B961D /* UtilsTests.release.xcconfig */,
				8CAF7BA62458226C006B961D /* Project.debug.xcconfig */,
				8CAF7BA12458226C006B961D /* Project.release.xcconfig */,
			);
			path = Configurations;
			sourceTree = "<group>";
		};
		E0BFFDC4FE5972557FE30D58 /* Pods */ = {
			isa = PBXGroup;
			children = (
				BA966568DC4D267ABE8B8D26 /* Pods-Utils.debug.xcconfig */,
				576E4EB2A9A66A487D6A2D42 /* Pods-Utils.release.xcconfig */,
			);
			name = Pods;
			path = ../../Pods;
			sourceTree = "<group>";
		};
/* End PBXGroup section */

/* Begin PBXHeadersBuildPhase section */
		8C25174A2403C21900BAD4B5 /* Headers */ = {
			isa = PBXHeadersBuildPhase;
			buildActionMask = 2147483647;
			files = (
				8C2517602403C21900BAD4B5 /* Utils.h in Headers */,
			);
			runOnlyForDeploymentPostprocessing = 0;
		};
/* End PBXHeadersBuildPhase section */

/* Begin PBXNativeTarget section */
		8C25174E2403C21900BAD4B5 /* Utils */ = {
			isa = PBXNativeTarget;
			buildConfigurationList = 8C2517632403C21900BAD4B5 /* Build configuration list for PBXNativeTarget "Utils" */;
			buildPhases = (
				FC39C525DE28C4B4EC27208C /* [CP] Check Pods Manifest.lock */,
				8C25174A2403C21900BAD4B5 /* Headers */,
				8C25174B2403C21900BAD4B5 /* Sources */,
				8C25174C2403C21900BAD4B5 /* Frameworks */,
				8C25174D2403C21900BAD4B5 /* Resources */,
			);
			buildRules = (
			);
			dependencies = (
			);
			name = Utils;
			productName = Utils;
			productReference = 8C25174F2403C21900BAD4B5 /* Utils.framework */;
			productType = "com.apple.product-type.framework";
		};
		8C2517572403C21900BAD4B5 /* UtilsTests */ = {
			isa = PBXNativeTarget;
			buildConfigurationList = 8C2517662403C21900BAD4B5 /* Build configuration list for PBXNativeTarget "UtilsTests" */;
			buildPhases = (
				8C2517542403C21900BAD4B5 /* Sources */,
				8C2517552403C21900BAD4B5 /* Frameworks */,
				8C2517562403C21900BAD4B5 /* Resources */,
			);
			buildRules = (
			);
			dependencies = (
				8C25175B2403C21900BAD4B5 /* PBXTargetDependency */,
			);
			name = UtilsTests;
			productName = UtilsTests;
			productReference = 8C2517582403C21900BAD4B5 /* UtilsTests.xctest */;
			productType = "com.apple.product-type.bundle.unit-test";
		};
/* End PBXNativeTarget section */

/* Begin PBXProject section */
		8C2517462403C21900BAD4B5 /* Project object */ = {
			isa = PBXProject;
			attributes = {
				LastSwiftUpdateCheck = 1130;
				LastUpgradeCheck = 1130;
				ORGANIZATIONNAME = "Ricardo Sánchez Sotres";
				TargetAttributes = {
					8C25174E2403C21900BAD4B5 = {
						CreatedOnToolsVersion = 11.3.1;
					};
					8C2517572403C21900BAD4B5 = {
						CreatedOnToolsVersion = 11.3.1;
					};
				};
			};
			buildConfigurationList = 8C2517492403C21900BAD4B5 /* Build configuration list for PBXProject "Utils" */;
			compatibilityVersion = "Xcode 9.3";
			developmentRegion = en;
			hasScannedForEncodings = 0;
			knownRegions = (
				en,
				Base,
			);
			mainGroup = 8C2517452403C21900BAD4B5;
			productRefGroup = 8C2517502403C21900BAD4B5 /* Products */;
			projectDirPath = "";
			projectRoot = "";
			targets = (
				8C25174E2403C21900BAD4B5 /* Utils */,
				8C2517572403C21900BAD4B5 /* UtilsTests */,
			);
		};
/* End PBXProject section */

/* Begin PBXResourcesBuildPhase section */
		8C25174D2403C21900BAD4B5 /* Resources */ = {
			isa = PBXResourcesBuildPhase;
			buildActionMask = 2147483647;
			files = (
			);
			runOnlyForDeploymentPostprocessing = 0;
		};
		8C2517562403C21900BAD4B5 /* Resources */ = {
			isa = PBXResourcesBuildPhase;
			buildActionMask = 2147483647;
			files = (
			);
			runOnlyForDeploymentPostprocessing = 0;
		};
/* End PBXResourcesBuildPhase section */

/* Begin PBXShellScriptBuildPhase section */
		FC39C525DE28C4B4EC27208C /* [CP] Check Pods Manifest.lock */ = {
			isa = PBXShellScriptBuildPhase;
			buildActionMask = 2147483647;
			files = (
			);
			inputFileListPaths = (
			);
			inputPaths = (
				"${PODS_PODFILE_DIR_PATH}/Podfile.lock",
				"${PODS_ROOT}/Manifest.lock",
			);
			name = "[CP] Check Pods Manifest.lock";
			outputFileListPaths = (
			);
			outputPaths = (
				"$(DERIVED_FILE_DIR)/Pods-Utils-checkManifestLockResult.txt",
			);
			runOnlyForDeploymentPostprocessing = 0;
			shellPath = /bin/sh;
			shellScript = "diff \"${PODS_PODFILE_DIR_PATH}/Podfile.lock\" \"${PODS_ROOT}/Manifest.lock\" > /dev/null\nif [ $? != 0 ] ; then\n    # print error to STDERR\n    echo \"error: The sandbox is not in sync with the Podfile.lock. Run 'pod install' or update your CocoaPods installation.\" >&2\n    exit 1\nfi\n# This output is used by Xcode 'outputs' to avoid re-running this script phase.\necho \"SUCCESS\" > \"${SCRIPT_OUTPUT_FILE_0}\"\n";
			showEnvVarsInLog = 0;
		};
/* End PBXShellScriptBuildPhase section */

/* Begin PBXSourcesBuildPhase section */
		8C25174B2403C21900BAD4B5 /* Sources */ = {
			isa = PBXSourcesBuildPhase;
			buildActionMask = 2147483647;
			files = (
				8C509D1D241286F800B6DF30 /* UIViewController + Extensions.swift in Sources */,
				B4654FDA246EE072008BB836 /* Int+Extensions.swift in Sources */,
				B4500B7E246AEB0500BB0A3D /* CGRect+Extensions.swift in Sources */,
				8C2517A92403C2AC00BAD4B5 /* BehaviorRelay+Extensions.swift in Sources */,
				B4B4F02C24351BE800DFBF2E /* Snackbar.swift in Sources */,
				B4BAADE02458528200F9DB8F /* Driver+Extensions.swift in Sources */,
				B4B4F02E2435222A00DFBF2E /* UIView+ConstraintExtensions.swift in Sources */,
				8C2517A52403C2AC00BAD4B5 /* Storyboarded.swift in Sources */,
				8C509D2A2412888D00B6DF30 /* Array+Extensions.swift in Sources */,
				3430C397242259BC009CF454 /* Apply.swift in Sources */,
				B4523FE82450C65D00AB5EA0 /* Collection+Extensions.swift in Sources */,
				8C5A8C97241AA3C2003DC3D0 /* UIColor+Extensions.swift in Sources */,
				CC21B2FB2451DDDA0077393E /* WheelMathExtensions.swift in Sources */,
				8CA44A322450446700B3BAC2 /* ArrayExtensions.swift in Sources */,
				8C2517A82403C2AC00BAD4B5 /* Observable+Extensions.swift in Sources */,
				8C4EDC592429034000C03E14 /* TimeInterval+Extensions.swift in Sources */,
				8C1F535D2434A50A00D9F979 /* BaseTableViewCell.swift in Sources */,
				8C509D282412885100B6DF30 /* Date+Extensions.swift in Sources */,
				ACD3344D245200AB002278FD /* Tooltip.swift in Sources */,
			);
			runOnlyForDeploymentPostprocessing = 0;
		};
		8C2517542403C21900BAD4B5 /* Sources */ = {
			isa = PBXSourcesBuildPhase;
			buildActionMask = 2147483647;
			files = (
				8C25175E2403C21900BAD4B5 /* UtilsTests.swift in Sources */,
			);
			runOnlyForDeploymentPostprocessing = 0;
		};
/* End PBXSourcesBuildPhase section */

/* Begin PBXTargetDependency section */
		8C25175B2403C21900BAD4B5 /* PBXTargetDependency */ = {
			isa = PBXTargetDependency;
			target = 8C25174E2403C21900BAD4B5 /* Utils */;
			targetProxy = 8C25175A2403C21900BAD4B5 /* PBXContainerItemProxy */;
		};
/* End PBXTargetDependency section */

/* Begin XCBuildConfiguration section */
		8C2517612403C21900BAD4B5 /* Debug */ = {
			isa = XCBuildConfiguration;
			baseConfigurationReference = 8CAF7BA62458226C006B961D /* Project.debug.xcconfig */;
			buildSettings = {
			};
			name = Debug;
		};
		8C2517622403C21900BAD4B5 /* Release */ = {
			isa = XCBuildConfiguration;
			baseConfigurationReference = 8CAF7BA12458226C006B961D /* Project.release.xcconfig */;
			buildSettings = {
			};
			name = Release;
		};
		8C2517642403C21900BAD4B5 /* Debug */ = {
			isa = XCBuildConfiguration;
			baseConfigurationReference = 8CAF7BA52458226C006B961D /* Utils.debug.xcconfig */;
			buildSettings = {
			};
			name = Debug;
		};
		8C2517652403C21900BAD4B5 /* Release */ = {
			isa = XCBuildConfiguration;
			baseConfigurationReference = 8CAF7BA02458226C006B961D /* Utils.release.xcconfig */;
			buildSettings = {
			};
			name = Release;
		};
		8C2517672403C21900BAD4B5 /* Debug */ = {
			isa = XCBuildConfiguration;
			baseConfigurationReference = 8CAF7BA22458226C006B961D /* UtilsTests.debug.xcconfig */;
			buildSettings = {
			};
			name = Debug;
		};
		8C2517682403C21900BAD4B5 /* Release */ = {
			isa = XCBuildConfiguration;
			baseConfigurationReference = 8CAF7BA32458226C006B961D /* UtilsTests.release.xcconfig */;
			buildSettings = {
			};
			name = Release;
		};
/* End XCBuildConfiguration section */

/* Begin XCConfigurationList section */
		8C2517492403C21900BAD4B5 /* Build configuration list for PBXProject "Utils" */ = {
			isa = XCConfigurationList;
			buildConfigurations = (
				8C2517612403C21900BAD4B5 /* Debug */,
				8C2517622403C21900BAD4B5 /* Release */,
			);
			defaultConfigurationIsVisible = 0;
			defaultConfigurationName = Release;
		};
		8C2517632403C21900BAD4B5 /* Build configuration list for PBXNativeTarget "Utils" */ = {
			isa = XCConfigurationList;
			buildConfigurations = (
				8C2517642403C21900BAD4B5 /* Debug */,
				8C2517652403C21900BAD4B5 /* Release */,
			);
			defaultConfigurationIsVisible = 0;
			defaultConfigurationName = Release;
		};
		8C2517662403C21900BAD4B5 /* Build configuration list for PBXNativeTarget "UtilsTests" */ = {
			isa = XCConfigurationList;
			buildConfigurations = (
				8C2517672403C21900BAD4B5 /* Debug */,
				8C2517682403C21900BAD4B5 /* Release */,
			);
			defaultConfigurationIsVisible = 0;
			defaultConfigurationName = Release;
		};
/* End XCConfigurationList section */
	};
	rootObject = 8C2517462403C21900BAD4B5 /* Project object */;
}
