// !$*UTF8*$!
{
	archiveVersion = 1;
	classes = {
	};
	objectVersion = 50;
	objects = {

/* Begin PBXBuildFile section */
		51345F1A246E96A300B0127A /* UITextInput+Extensions.swift in Sources */ = {isa = PBXBuildFile; fileRef = 51345F19246E96A300B0127A /* UITextInput+Extensions.swift */; };
		51628CCF2472EBD100D22072 /* UITextField+Rx.swift in Sources */ = {isa = PBXBuildFile; fileRef = 51628CCE2472EBD100D22072 /* UITextField+Rx.swift */; };
		B4B4F08624362E3000DFBF2E /* UIUtils.framework in Frameworks */ = {isa = PBXBuildFile; fileRef = B4B4F07C24362E3000DFBF2E /* UIUtils.framework */; };
		B4B4F08B24362E3000DFBF2E /* UIUtilsTests.swift in Sources */ = {isa = PBXBuildFile; fileRef = B4B4F08A24362E3000DFBF2E /* UIUtilsTests.swift */; };
		B4B4F08D24362E3000DFBF2E /* UIUtils.h in Headers */ = {isa = PBXBuildFile; fileRef = B4B4F07F24362E3000DFBF2E /* UIUtils.h */; settings = {ATTRIBUTES = (Public, ); }; };
		B4B4F09F24362EA600DFBF2E /* Architecture.framework in Frameworks */ = {isa = PBXBuildFile; fileRef = B4B4F09E24362EA600DFBF2E /* Architecture.framework */; };
		B4B4F0AF2436323A00DFBF2E /* Snackbar+StoreExtensions.swift in Sources */ = {isa = PBXBuildFile; fileRef = B4B4F0AE2436323A00DFBF2E /* Snackbar+StoreExtensions.swift */; };
		B4B4F0B1243632DA00DFBF2E /* Utils.framework in Frameworks */ = {isa = PBXBuildFile; fileRef = B4B4F0B0243632DA00DFBF2E /* Utils.framework */; };
		B613EC2E7297C4C795856E8E /* Pods_UIUtils.framework in Frameworks */ = {isa = PBXBuildFile; fileRef = 8B0E900E7A98F9680A094A64 /* Pods_UIUtils.framework */; };
/* End PBXBuildFile section */

/* Begin PBXContainerItemProxy section */
		B4B4F08724362E3000DFBF2E /* PBXContainerItemProxy */ = {
			isa = PBXContainerItemProxy;
			containerPortal = B4B4F07324362E3000DFBF2E /* Project object */;
			proxyType = 1;
			remoteGlobalIDString = B4B4F07B24362E3000DFBF2E;
			remoteInfo = UIUtils;
		};
/* End PBXContainerItemProxy section */

/* Begin PBXCopyFilesBuildPhase section */
		B42136CE2436383000DE00C9 /* Embed Frameworks */ = {
			isa = PBXCopyFilesBuildPhase;
			buildActionMask = 2147483647;
			dstPath = "";
			dstSubfolderSpec = 10;
			files = (
			);
			name = "Embed Frameworks";
			runOnlyForDeploymentPostprocessing = 0;
		};
/* End PBXCopyFilesBuildPhase section */

/* Begin PBXFileReference section */
		42BE886081D8F0044A47612C /* Pods-UIUtils.debug.xcconfig */ = {isa = PBXFileReference; includeInIndex = 1; lastKnownFileType = text.xcconfig; name = "Pods-UIUtils.debug.xcconfig"; path = "Target Support Files/Pods-UIUtils/Pods-UIUtils.debug.xcconfig"; sourceTree = "<group>"; };
		51345F19246E96A300B0127A /* UITextInput+Extensions.swift */ = {isa = PBXFileReference; fileEncoding = 4; lastKnownFileType = sourcecode.swift; path = "UITextInput+Extensions.swift"; sourceTree = "<group>"; };
		51628CCE2472EBD100D22072 /* UITextField+Rx.swift */ = {isa = PBXFileReference; lastKnownFileType = sourcecode.swift; path = "UITextField+Rx.swift"; sourceTree = "<group>"; };
		7BD02C2B7580BB89030D5B82 /* Pods-UIUtils.release.xcconfig */ = {isa = PBXFileReference; includeInIndex = 1; lastKnownFileType = text.xcconfig; name = "Pods-UIUtils.release.xcconfig"; path = "Target Support Files/Pods-UIUtils/Pods-UIUtils.release.xcconfig"; sourceTree = "<group>"; };
		8B0E900E7A98F9680A094A64 /* Pods_UIUtils.framework */ = {isa = PBXFileReference; explicitFileType = wrapper.framework; includeInIndex = 0; path = Pods_UIUtils.framework; sourceTree = BUILT_PRODUCTS_DIR; };
		8CAF7B0A24581CDF006B961D /* UIUtilsTests-Shared.xcconfig */ = {isa = PBXFileReference; fileEncoding = 4; lastKnownFileType = text.xcconfig; path = "UIUtilsTests-Shared.xcconfig"; sourceTree = "<group>"; };
		8CAF7B0B24581CDF006B961D /* Project.release.xcconfig */ = {isa = PBXFileReference; fileEncoding = 4; lastKnownFileType = text.xcconfig; path = Project.release.xcconfig; sourceTree = "<group>"; };
		8CAF7B0C24581CDF006B961D /* UIUtils.debug.xcconfig */ = {isa = PBXFileReference; fileEncoding = 4; lastKnownFileType = text.xcconfig; path = UIUtils.debug.xcconfig; sourceTree = "<group>"; };
		8CAF7B0D24581CDF006B961D /* UIUtilsTests.release.xcconfig */ = {isa = PBXFileReference; fileEncoding = 4; lastKnownFileType = text.xcconfig; path = UIUtilsTests.release.xcconfig; sourceTree = "<group>"; };
		8CAF7B0F24581CDF006B961D /* UIUtils-Shared.xcconfig */ = {isa = PBXFileReference; fileEncoding = 4; lastKnownFileType = text.xcconfig; path = "UIUtils-Shared.xcconfig"; sourceTree = "<group>"; };
		8CAF7B1024581CDF006B961D /* UIUtils.release.xcconfig */ = {isa = PBXFileReference; fileEncoding = 4; lastKnownFileType = text.xcconfig; path = UIUtils.release.xcconfig; sourceTree = "<group>"; };
		8CAF7B1124581CDF006B961D /* UIUtilsTests.debug.xcconfig */ = {isa = PBXFileReference; fileEncoding = 4; lastKnownFileType = text.xcconfig; path = UIUtilsTests.debug.xcconfig; sourceTree = "<group>"; };
		8CAF7B1224581CDF006B961D /* Project.debug.xcconfig */ = {isa = PBXFileReference; fileEncoding = 4; lastKnownFileType = text.xcconfig; path = Project.debug.xcconfig; sourceTree = "<group>"; };
		B4B4F07C24362E3000DFBF2E /* UIUtils.framework */ = {isa = PBXFileReference; explicitFileType = wrapper.framework; includeInIndex = 0; path = UIUtils.framework; sourceTree = BUILT_PRODUCTS_DIR; };
		B4B4F07F24362E3000DFBF2E /* UIUtils.h */ = {isa = PBXFileReference; lastKnownFileType = sourcecode.c.h; path = UIUtils.h; sourceTree = "<group>"; };
		B4B4F08024362E3000DFBF2E /* Info.plist */ = {isa = PBXFileReference; lastKnownFileType = text.plist.xml; path = Info.plist; sourceTree = "<group>"; };
		B4B4F08524362E3000DFBF2E /* UIUtilsTests.xctest */ = {isa = PBXFileReference; explicitFileType = wrapper.cfbundle; includeInIndex = 0; path = UIUtilsTests.xctest; sourceTree = BUILT_PRODUCTS_DIR; };
		B4B4F08A24362E3000DFBF2E /* UIUtilsTests.swift */ = {isa = PBXFileReference; lastKnownFileType = sourcecode.swift; path = UIUtilsTests.swift; sourceTree = "<group>"; };
		B4B4F08C24362E3000DFBF2E /* Info.plist */ = {isa = PBXFileReference; lastKnownFileType = text.plist.xml; path = Info.plist; sourceTree = "<group>"; };
		B4B4F09E24362EA600DFBF2E /* Architecture.framework */ = {isa = PBXFileReference; explicitFileType = wrapper.framework; path = Architecture.framework; sourceTree = BUILT_PRODUCTS_DIR; };
		B4B4F0AE2436323A00DFBF2E /* Snackbar+StoreExtensions.swift */ = {isa = PBXFileReference; lastKnownFileType = sourcecode.swift; path = "Snackbar+StoreExtensions.swift"; sourceTree = "<group>"; };
		B4B4F0B0243632DA00DFBF2E /* Utils.framework */ = {isa = PBXFileReference; explicitFileType = wrapper.framework; path = Utils.framework; sourceTree = BUILT_PRODUCTS_DIR; };
/* End PBXFileReference section */

/* Begin PBXFrameworksBuildPhase section */
		B4B4F07924362E3000DFBF2E /* Frameworks */ = {
			isa = PBXFrameworksBuildPhase;
			buildActionMask = 2147483647;
			files = (
				B4B4F0B1243632DA00DFBF2E /* Utils.framework in Frameworks */,
				B4B4F09F24362EA600DFBF2E /* Architecture.framework in Frameworks */,
				B613EC2E7297C4C795856E8E /* Pods_UIUtils.framework in Frameworks */,
			);
			runOnlyForDeploymentPostprocessing = 0;
		};
		B4B4F08224362E3000DFBF2E /* Frameworks */ = {
			isa = PBXFrameworksBuildPhase;
			buildActionMask = 2147483647;
			files = (
				B4B4F08624362E3000DFBF2E /* UIUtils.framework in Frameworks */,
			);
			runOnlyForDeploymentPostprocessing = 0;
		};
/* End PBXFrameworksBuildPhase section */

/* Begin PBXGroup section */
		8CAF7B0924581CDF006B961D /* Configurations */ = {
			isa = PBXGroup;
			children = (
				8CAF7B0F24581CDF006B961D /* UIUtils-Shared.xcconfig */,
				8CAF7B0C24581CDF006B961D /* UIUtils.debug.xcconfig */,
				8CAF7B1024581CDF006B961D /* UIUtils.release.xcconfig */,
				8CAF7B0A24581CDF006B961D /* UIUtilsTests-Shared.xcconfig */,
				8CAF7B1124581CDF006B961D /* UIUtilsTests.debug.xcconfig */,
				8CAF7B0D24581CDF006B961D /* UIUtilsTests.release.xcconfig */,
				8CAF7B1224581CDF006B961D /* Project.debug.xcconfig */,
				8CAF7B0B24581CDF006B961D /* Project.release.xcconfig */,
			);
			path = Configurations;
			sourceTree = "<group>";
		};
		B4B4F07224362E3000DFBF2E = {
			isa = PBXGroup;
			children = (
				8CAF7B0924581CDF006B961D /* Configurations */,
				B4B4F07E24362E3000DFBF2E /* UIUtils */,
				B4B4F08924362E3000DFBF2E /* UIUtilsTests */,
				B4B4F07D24362E3000DFBF2E /* Products */,
				B4B4F09D24362EA600DFBF2E /* Frameworks */,
				BB10A0407DCB8A0F0281A57A /* Pods */,
			);
			sourceTree = "<group>";
		};
		B4B4F07D24362E3000DFBF2E /* Products */ = {
			isa = PBXGroup;
			children = (
				B4B4F07C24362E3000DFBF2E /* UIUtils.framework */,
				B4B4F08524362E3000DFBF2E /* UIUtilsTests.xctest */,
			);
			name = Products;
			sourceTree = "<group>";
		};
		B4B4F07E24362E3000DFBF2E /* UIUtils */ = {
			isa = PBXGroup;
			children = (
				51345F19246E96A300B0127A /* UITextInput+Extensions.swift */,
				B4B4F0AE2436323A00DFBF2E /* Snackbar+StoreExtensions.swift */,
				B4B4F07F24362E3000DFBF2E /* UIUtils.h */,
				B4B4F08024362E3000DFBF2E /* Info.plist */,
				51628CCE2472EBD100D22072 /* UITextField+Rx.swift */,
			);
			path = UIUtils;
			sourceTree = "<group>";
		};
		B4B4F08924362E3000DFBF2E /* UIUtilsTests */ = {
			isa = PBXGroup;
			children = (
				B4B4F08A24362E3000DFBF2E /* UIUtilsTests.swift */,
				B4B4F08C24362E3000DFBF2E /* Info.plist */,
			);
			path = UIUtilsTests;
			sourceTree = "<group>";
		};
		B4B4F09D24362EA600DFBF2E /* Frameworks */ = {
			isa = PBXGroup;
			children = (
				B4B4F0B0243632DA00DFBF2E /* Utils.framework */,
				B4B4F09E24362EA600DFBF2E /* Architecture.framework */,
				8B0E900E7A98F9680A094A64 /* Pods_UIUtils.framework */,
			);
			name = Frameworks;
			sourceTree = "<group>";
		};
		BB10A0407DCB8A0F0281A57A /* Pods */ = {
			isa = PBXGroup;
			children = (
				42BE886081D8F0044A47612C /* Pods-UIUtils.debug.xcconfig */,
				7BD02C2B7580BB89030D5B82 /* Pods-UIUtils.release.xcconfig */,
			);
			name = Pods;
			path = ../../Pods;
			sourceTree = "<group>";
		};
/* End PBXGroup section */

/* Begin PBXHeadersBuildPhase section */
		B4B4F07724362E3000DFBF2E /* Headers */ = {
			isa = PBXHeadersBuildPhase;
			buildActionMask = 2147483647;
			files = (
				B4B4F08D24362E3000DFBF2E /* UIUtils.h in Headers */,
			);
			runOnlyForDeploymentPostprocessing = 0;
		};
/* End PBXHeadersBuildPhase section */

/* Begin PBXNativeTarget section */
		B4B4F07B24362E3000DFBF2E /* UIUtils */ = {
			isa = PBXNativeTarget;
			buildConfigurationList = B4B4F09024362E3000DFBF2E /* Build configuration list for PBXNativeTarget "UIUtils" */;
			buildPhases = (
				923928374770D898EAB8CAF2 /* [CP] Check Pods Manifest.lock */,
				B4B4F07724362E3000DFBF2E /* Headers */,
				B4B4F07824362E3000DFBF2E /* Sources */,
				B4B4F07924362E3000DFBF2E /* Frameworks */,
				B4B4F07A24362E3000DFBF2E /* Resources */,
				B42136CE2436383000DE00C9 /* Embed Frameworks */,
			);
			buildRules = (
			);
			dependencies = (
			);
			name = UIUtils;
			productName = UIUtils;
			productReference = B4B4F07C24362E3000DFBF2E /* UIUtils.framework */;
			productType = "com.apple.product-type.framework";
		};
		B4B4F08424362E3000DFBF2E /* UIUtilsTests */ = {
			isa = PBXNativeTarget;
			buildConfigurationList = B4B4F09324362E3000DFBF2E /* Build configuration list for PBXNativeTarget "UIUtilsTests" */;
			buildPhases = (
				B4B4F08124362E3000DFBF2E /* Sources */,
				B4B4F08224362E3000DFBF2E /* Frameworks */,
				B4B4F08324362E3000DFBF2E /* Resources */,
			);
			buildRules = (
			);
			dependencies = (
				B4B4F08824362E3000DFBF2E /* PBXTargetDependency */,
			);
			name = UIUtilsTests;
			productName = UIUtilsTests;
			productReference = B4B4F08524362E3000DFBF2E /* UIUtilsTests.xctest */;
			productType = "com.apple.product-type.bundle.unit-test";
		};
/* End PBXNativeTarget section */

/* Begin PBXProject section */
		B4B4F07324362E3000DFBF2E /* Project object */ = {
			isa = PBXProject;
			attributes = {
				LastSwiftUpdateCheck = 1140;
				LastUpgradeCheck = 1140;
				ORGANIZATIONNAME = "Toggl Track";
				TargetAttributes = {
					B4B4F07B24362E3000DFBF2E = {
						CreatedOnToolsVersion = 11.4;
						LastSwiftMigration = 1140;
					};
					B4B4F08424362E3000DFBF2E = {
						CreatedOnToolsVersion = 11.4;
					};
				};
			};
			buildConfigurationList = B4B4F07624362E3000DFBF2E /* Build configuration list for PBXProject "UIUtils" */;
			compatibilityVersion = "Xcode 9.3";
			developmentRegion = en;
			hasScannedForEncodings = 0;
			knownRegions = (
				en,
				Base,
			);
			mainGroup = B4B4F07224362E3000DFBF2E;
			productRefGroup = B4B4F07D24362E3000DFBF2E /* Products */;
			projectDirPath = "";
			projectRoot = "";
			targets = (
				B4B4F07B24362E3000DFBF2E /* UIUtils */,
				B4B4F08424362E3000DFBF2E /* UIUtilsTests */,
			);
		};
/* End PBXProject section */

/* Begin PBXResourcesBuildPhase section */
		B4B4F07A24362E3000DFBF2E /* Resources */ = {
			isa = PBXResourcesBuildPhase;
			buildActionMask = 2147483647;
			files = (
			);
			runOnlyForDeploymentPostprocessing = 0;
		};
		B4B4F08324362E3000DFBF2E /* Resources */ = {
			isa = PBXResourcesBuildPhase;
			buildActionMask = 2147483647;
			files = (
			);
			runOnlyForDeploymentPostprocessing = 0;
		};
/* End PBXResourcesBuildPhase section */

/* Begin PBXShellScriptBuildPhase section */
		923928374770D898EAB8CAF2 /* [CP] Check Pods Manifest.lock */ = {
			isa = PBXShellScriptBuildPhase;
			buildActionMask = 2147483647;
			files = (
			);
			inputFileListPaths = (
			);
			inputPaths = (
				"${PODS_PODFILE_DIR_PATH}/Podfile.lock",
				"${PODS_ROOT}/Manifest.lock",
			);
			name = "[CP] Check Pods Manifest.lock";
			outputFileListPaths = (
			);
			outputPaths = (
				"$(DERIVED_FILE_DIR)/Pods-UIUtils-checkManifestLockResult.txt",
			);
			runOnlyForDeploymentPostprocessing = 0;
			shellPath = /bin/sh;
			shellScript = "diff \"${PODS_PODFILE_DIR_PATH}/Podfile.lock\" \"${PODS_ROOT}/Manifest.lock\" > /dev/null\nif [ $? != 0 ] ; then\n    # print error to STDERR\n    echo \"error: The sandbox is not in sync with the Podfile.lock. Run 'pod install' or update your CocoaPods installation.\" >&2\n    exit 1\nfi\n# This output is used by Xcode 'outputs' to avoid re-running this script phase.\necho \"SUCCESS\" > \"${SCRIPT_OUTPUT_FILE_0}\"\n";
			showEnvVarsInLog = 0;
		};
/* End PBXShellScriptBuildPhase section */

/* Begin PBXSourcesBuildPhase section */
		B4B4F07824362E3000DFBF2E /* Sources */ = {
			isa = PBXSourcesBuildPhase;
			buildActionMask = 2147483647;
			files = (
				B4B4F0AF2436323A00DFBF2E /* Snackbar+StoreExtensions.swift in Sources */,
				51628CCF2472EBD100D22072 /* UITextField+Rx.swift in Sources */,
				51345F1A246E96A300B0127A /* UITextInput+Extensions.swift in Sources */,
			);
			runOnlyForDeploymentPostprocessing = 0;
		};
		B4B4F08124362E3000DFBF2E /* Sources */ = {
			isa = PBXSourcesBuildPhase;
			buildActionMask = 2147483647;
			files = (
				B4B4F08B24362E3000DFBF2E /* UIUtilsTests.swift in Sources */,
			);
			runOnlyForDeploymentPostprocessing = 0;
		};
/* End PBXSourcesBuildPhase section */

/* Begin PBXTargetDependency section */
		B4B4F08824362E3000DFBF2E /* PBXTargetDependency */ = {
			isa = PBXTargetDependency;
			target = B4B4F07B24362E3000DFBF2E /* UIUtils */;
			targetProxy = B4B4F08724362E3000DFBF2E /* PBXContainerItemProxy */;
		};
/* End PBXTargetDependency section */

/* Begin XCBuildConfiguration section */
		B4B4F08E24362E3000DFBF2E /* Debug */ = {
			isa = XCBuildConfiguration;
			baseConfigurationReference = 8CAF7B1224581CDF006B961D /* Project.debug.xcconfig */;
			buildSettings = {
			};
			name = Debug;
		};
		B4B4F08F24362E3000DFBF2E /* Release */ = {
			isa = XCBuildConfiguration;
			baseConfigurationReference = 8CAF7B0B24581CDF006B961D /* Project.release.xcconfig */;
			buildSettings = {
			};
			name = Release;
		};
		B4B4F09124362E3000DFBF2E /* Debug */ = {
			isa = XCBuildConfiguration;
			baseConfigurationReference = 8CAF7B0C24581CDF006B961D /* UIUtils.debug.xcconfig */;
			buildSettings = {
			};
			name = Debug;
		};
		B4B4F09224362E3000DFBF2E /* Release */ = {
			isa = XCBuildConfiguration;
			baseConfigurationReference = 8CAF7B1024581CDF006B961D /* UIUtils.release.xcconfig */;
			buildSettings = {
			};
			name = Release;
		};
		B4B4F09424362E3000DFBF2E /* Debug */ = {
			isa = XCBuildConfiguration;
			baseConfigurationReference = 8CAF7B1124581CDF006B961D /* UIUtilsTests.debug.xcconfig */;
			buildSettings = {
			};
			name = Debug;
		};
		B4B4F09524362E3000DFBF2E /* Release */ = {
			isa = XCBuildConfiguration;
			baseConfigurationReference = 8CAF7B0D24581CDF006B961D /* UIUtilsTests.release.xcconfig */;
			buildSettings = {
			};
			name = Release;
		};
/* End XCBuildConfiguration section */

/* Begin XCConfigurationList section */
		B4B4F07624362E3000DFBF2E /* Build configuration list for PBXProject "UIUtils" */ = {
			isa = XCConfigurationList;
			buildConfigurations = (
				B4B4F08E24362E3000DFBF2E /* Debug */,
				B4B4F08F24362E3000DFBF2E /* Release */,
			);
			defaultConfigurationIsVisible = 0;
			defaultConfigurationName = Release;
		};
		B4B4F09024362E3000DFBF2E /* Build configuration list for PBXNativeTarget "UIUtils" */ = {
			isa = XCConfigurationList;
			buildConfigurations = (
				B4B4F09124362E3000DFBF2E /* Debug */,
				B4B4F09224362E3000DFBF2E /* Release */,
			);
			defaultConfigurationIsVisible = 0;
			defaultConfigurationName = Release;
		};
		B4B4F09324362E3000DFBF2E /* Build configuration list for PBXNativeTarget "UIUtilsTests" */ = {
			isa = XCConfigurationList;
			buildConfigurations = (
				B4B4F09424362E3000DFBF2E /* Debug */,
				B4B4F09524362E3000DFBF2E /* Release */,
			);
			defaultConfigurationIsVisible = 0;
			defaultConfigurationName = Release;
		};
/* End XCConfigurationList section */
	};
	rootObject = B4B4F07324362E3000DFBF2E /* Project object */;
}
