// !$*UTF8*$!
{
	archiveVersion = 1;
	classes = {
	};
	objectVersion = 50;
	objects = {

/* Begin PBXBuildFile section */
		34F467EF2462C71800430AB4 /* Label.swift in Sources */ = {isa = PBXBuildFile; fileRef = 34F467EE2462C71800430AB4 /* Label.swift */; };
		34F467F12465880E00430AB4 /* TextStyles.swift in Sources */ = {isa = PBXBuildFile; fileRef = 34F467F02465880E00430AB4 /* TextStyles.swift */; };
		8C0B54C624508E400078E250 /* Database.xcdatamodeld in Resources */ = {isa = PBXBuildFile; fileRef = 8C0B54C524508E0F0078E250 /* Database.xcdatamodeld */; };
		8C2516A52403C19D00BAD4B5 /* Assets.framework in Frameworks */ = {isa = PBXBuildFile; fileRef = 8C25169B2403C19D00BAD4B5 /* Assets.framework */; };
		8C2516AA2403C19D00BAD4B5 /* AssetsTests.swift in Sources */ = {isa = PBXBuildFile; fileRef = 8C2516A92403C19D00BAD4B5 /* AssetsTests.swift */; };
		8C2516AC2403C19D00BAD4B5 /* Assets.h in Headers */ = {isa = PBXBuildFile; fileRef = 8C25169E2403C19D00BAD4B5 /* Assets.h */; settings = {ATTRIBUTES = (Public, ); }; };
		8C2517BF2403C2CA00BAD4B5 /* workspaces.txt in Resources */ = {isa = PBXBuildFile; fileRef = 8C2517B82403C2CA00BAD4B5 /* workspaces.txt */; };
		8C2517C02403C2CA00BAD4B5 /* me.txt in Resources */ = {isa = PBXBuildFile; fileRef = 8C2517B92403C2CA00BAD4B5 /* me.txt */; };
		8C2517C12403C2CA00BAD4B5 /* projects.txt in Resources */ = {isa = PBXBuildFile; fileRef = 8C2517BA2403C2CA00BAD4B5 /* projects.txt */; };
		8C2517C22403C2CA00BAD4B5 /* clients.txt in Resources */ = {isa = PBXBuildFile; fileRef = 8C2517BB2403C2CA00BAD4B5 /* clients.txt */; };
		8C2517C32403C2CA00BAD4B5 /* timeentries.txt in Resources */ = {isa = PBXBuildFile; fileRef = 8C2517BC2403C2CA00BAD4B5 /* timeentries.txt */; };
		8C2517C42403C2CA00BAD4B5 /* tags.txt in Resources */ = {isa = PBXBuildFile; fileRef = 8C2517BD2403C2CA00BAD4B5 /* tags.txt */; };
		8C2517C52403C2CA00BAD4B5 /* Assets.swift in Sources */ = {isa = PBXBuildFile; fileRef = 8C2517BE2403C2CA00BAD4B5 /* Assets.swift */; };
		8C2517C92403C2EF00BAD4B5 /* Onboarding.storyboard in Resources */ = {isa = PBXBuildFile; fileRef = 8C2517C72403C2EF00BAD4B5 /* Onboarding.storyboard */; };
		8C2517CA2403C2EF00BAD4B5 /* Timer.storyboard in Resources */ = {isa = PBXBuildFile; fileRef = 8C2517C82403C2EF00BAD4B5 /* Timer.storyboard */; };
		8CB5452E240E49C300154473 /* tasks.txt in Resources */ = {isa = PBXBuildFile; fileRef = 8CB5452D240E49C300154473 /* tasks.txt */; };
		B4E1B2D2244E1E340082A68C /* Project.storyboard in Resources */ = {isa = PBXBuildFile; fileRef = B4E1B2D1244E1E340082A68C /* Project.storyboard */; };
/* End PBXBuildFile section */

/* Begin PBXContainerItemProxy section */
		8C2516A62403C19D00BAD4B5 /* PBXContainerItemProxy */ = {
			isa = PBXContainerItemProxy;
			containerPortal = 8C2516922403C19D00BAD4B5 /* Project object */;
			proxyType = 1;
			remoteGlobalIDString = 8C25169A2403C19D00BAD4B5;
			remoteInfo = Assets;
		};
/* End PBXContainerItemProxy section */

/* Begin PBXFileReference section */
		34F467EE2462C71800430AB4 /* Label.swift */ = {isa = PBXFileReference; lastKnownFileType = sourcecode.swift; path = Label.swift; sourceTree = "<group>"; };
		34F467F02465880E00430AB4 /* TextStyles.swift */ = {isa = PBXFileReference; lastKnownFileType = sourcecode.swift; path = TextStyles.swift; sourceTree = "<group>"; };
		8C0B54C424508E0F0078E250 /* Database.xcdatamodel */ = {isa = PBXFileReference; lastKnownFileType = wrapper.xcdatamodel; path = Database.xcdatamodel; sourceTree = "<group>"; };
		8C25169B2403C19D00BAD4B5 /* Assets.framework */ = {isa = PBXFileReference; explicitFileType = wrapper.framework; includeInIndex = 0; path = Assets.framework; sourceTree = BUILT_PRODUCTS_DIR; };
		8C25169E2403C19D00BAD4B5 /* Assets.h */ = {isa = PBXFileReference; lastKnownFileType = sourcecode.c.h; path = Assets.h; sourceTree = "<group>"; };
		8C25169F2403C19D00BAD4B5 /* Info.plist */ = {isa = PBXFileReference; lastKnownFileType = text.plist.xml; path = Info.plist; sourceTree = "<group>"; };
		8C2516A42403C19D00BAD4B5 /* AssetsTests.xctest */ = {isa = PBXFileReference; explicitFileType = wrapper.cfbundle; includeInIndex = 0; path = AssetsTests.xctest; sourceTree = BUILT_PRODUCTS_DIR; };
		8C2516A92403C19D00BAD4B5 /* AssetsTests.swift */ = {isa = PBXFileReference; lastKnownFileType = sourcecode.swift; path = AssetsTests.swift; sourceTree = "<group>"; };
		8C2516AB2403C19D00BAD4B5 /* Info.plist */ = {isa = PBXFileReference; lastKnownFileType = text.plist.xml; path = Info.plist; sourceTree = "<group>"; };
		8C2517B82403C2CA00BAD4B5 /* workspaces.txt */ = {isa = PBXFileReference; fileEncoding = 4; lastKnownFileType = text; path = workspaces.txt; sourceTree = "<group>"; };
		8C2517B92403C2CA00BAD4B5 /* me.txt */ = {isa = PBXFileReference; fileEncoding = 4; lastKnownFileType = text; path = me.txt; sourceTree = "<group>"; };
		8C2517BA2403C2CA00BAD4B5 /* projects.txt */ = {isa = PBXFileReference; fileEncoding = 4; lastKnownFileType = text; path = projects.txt; sourceTree = "<group>"; };
		8C2517BB2403C2CA00BAD4B5 /* clients.txt */ = {isa = PBXFileReference; fileEncoding = 4; lastKnownFileType = text; path = clients.txt; sourceTree = "<group>"; };
		8C2517BC2403C2CA00BAD4B5 /* timeentries.txt */ = {isa = PBXFileReference; fileEncoding = 4; lastKnownFileType = text; path = timeentries.txt; sourceTree = "<group>"; };
		8C2517BD2403C2CA00BAD4B5 /* tags.txt */ = {isa = PBXFileReference; fileEncoding = 4; lastKnownFileType = text; path = tags.txt; sourceTree = "<group>"; };
		8C2517BE2403C2CA00BAD4B5 /* Assets.swift */ = {isa = PBXFileReference; fileEncoding = 4; lastKnownFileType = sourcecode.swift; path = Assets.swift; sourceTree = "<group>"; };
		8C2517C72403C2EF00BAD4B5 /* Onboarding.storyboard */ = {isa = PBXFileReference; fileEncoding = 4; lastKnownFileType = file.storyboard; path = Onboarding.storyboard; sourceTree = "<group>"; };
		8C2517C82403C2EF00BAD4B5 /* Timer.storyboard */ = {isa = PBXFileReference; fileEncoding = 4; lastKnownFileType = file.storyboard; path = Timer.storyboard; sourceTree = "<group>"; };
		8CAF7A9224580C0C006B961D /* Assets.debug.xcconfig */ = {isa = PBXFileReference; fileEncoding = 4; lastKnownFileType = text.xcconfig; path = Assets.debug.xcconfig; sourceTree = "<group>"; };
		8CAF7A9324580C0C006B961D /* AssetsTests.release.xcconfig */ = {isa = PBXFileReference; fileEncoding = 4; lastKnownFileType = text.xcconfig; path = AssetsTests.release.xcconfig; sourceTree = "<group>"; };
		8CAF7A9424580C0C006B961D /* AssetsTests-Shared.xcconfig */ = {isa = PBXFileReference; fileEncoding = 4; lastKnownFileType = text.xcconfig; path = "AssetsTests-Shared.xcconfig"; sourceTree = "<group>"; };
		8CAF7A9524580C0C006B961D /* Project.release.xcconfig */ = {isa = PBXFileReference; fileEncoding = 4; lastKnownFileType = text.xcconfig; path = Project.release.xcconfig; sourceTree = "<group>"; };
		8CAF7A9724580C0C006B961D /* Assets-Shared.xcconfig */ = {isa = PBXFileReference; fileEncoding = 4; lastKnownFileType = text.xcconfig; path = "Assets-Shared.xcconfig"; sourceTree = "<group>"; };
		8CAF7A9824580C0C006B961D /* AssetsTests.debug.xcconfig */ = {isa = PBXFileReference; fileEncoding = 4; lastKnownFileType = text.xcconfig; path = AssetsTests.debug.xcconfig; sourceTree = "<group>"; };
		8CAF7A9924580C0C006B961D /* Assets.release.xcconfig */ = {isa = PBXFileReference; fileEncoding = 4; lastKnownFileType = text.xcconfig; path = Assets.release.xcconfig; sourceTree = "<group>"; };
		8CAF7A9A24580C0C006B961D /* Project.debug.xcconfig */ = {isa = PBXFileReference; fileEncoding = 4; lastKnownFileType = text.xcconfig; path = Project.debug.xcconfig; sourceTree = "<group>"; };
		8CB5452D240E49C300154473 /* tasks.txt */ = {isa = PBXFileReference; lastKnownFileType = text; path = tasks.txt; sourceTree = "<group>"; };
		B4E1B2D1244E1E340082A68C /* Project.storyboard */ = {isa = PBXFileReference; lastKnownFileType = file.storyboard; path = Project.storyboard; sourceTree = "<group>"; };
/* End PBXFileReference section */

/* Begin PBXFrameworksBuildPhase section */
		8C2516982403C19D00BAD4B5 /* Frameworks */ = {
			isa = PBXFrameworksBuildPhase;
			buildActionMask = 2147483647;
			files = (
			);
			runOnlyForDeploymentPostprocessing = 0;
		};
		8C2516A12403C19D00BAD4B5 /* Frameworks */ = {
			isa = PBXFrameworksBuildPhase;
			buildActionMask = 2147483647;
			files = (
				8C2516A52403C19D00BAD4B5 /* Assets.framework in Frameworks */,
			);
			runOnlyForDeploymentPostprocessing = 0;
		};
/* End PBXFrameworksBuildPhase section */

/* Begin PBXGroup section */
		34F467EC2462C6DF00430AB4 /* Components */ = {
			isa = PBXGroup;
			children = (
				34F467ED2462C6F600430AB4 /* Labels */,
				34F467F02465880E00430AB4 /* TextStyles.swift */,
			);
			path = Components;
			sourceTree = "<group>";
		};
		34F467ED2462C6F600430AB4 /* Labels */ = {
			isa = PBXGroup;
			children = (
				34F467EE2462C71800430AB4 /* Label.swift */,
			);
			path = Labels;
			sourceTree = "<group>";
		};
		8C2516912403C19D00BAD4B5 = {
			isa = PBXGroup;
			children = (
				8CAF7A9124580C0C006B961D /* Configurations */,
				8C25169D2403C19D00BAD4B5 /* Assets */,
				8C2516A82403C19D00BAD4B5 /* AssetsTests */,
				8C25169C2403C19D00BAD4B5 /* Products */,
			);
			sourceTree = "<group>";
		};
		8C25169C2403C19D00BAD4B5 /* Products */ = {
			isa = PBXGroup;
			children = (
				8C25169B2403C19D00BAD4B5 /* Assets.framework */,
				8C2516A42403C19D00BAD4B5 /* AssetsTests.xctest */,
			);
			name = Products;
			sourceTree = "<group>";
		};
		8C25169D2403C19D00BAD4B5 /* Assets */ = {
			isa = PBXGroup;
			children = (
				34F467EC2462C6DF00430AB4 /* Components */,
				8C0B54C524508E0F0078E250 /* Database.xcdatamodeld */,
				8C2517BE2403C2CA00BAD4B5 /* Assets.swift */,
				8C2517C62403C2EF00BAD4B5 /* Storyboards */,
				8C2517B72403C2CA00BAD4B5 /* TextFiles */,
				8C25169E2403C19D00BAD4B5 /* Assets.h */,
				8C25169F2403C19D00BAD4B5 /* Info.plist */,
			);
			path = Assets;
			sourceTree = "<group>";
		};
		8C2516A82403C19D00BAD4B5 /* AssetsTests */ = {
			isa = PBXGroup;
			children = (
				8C2516A92403C19D00BAD4B5 /* AssetsTests.swift */,
				8C2516AB2403C19D00BAD4B5 /* Info.plist */,
			);
			path = AssetsTests;
			sourceTree = "<group>";
		};
		8C2517B72403C2CA00BAD4B5 /* TextFiles */ = {
			isa = PBXGroup;
			children = (
				8C2517B82403C2CA00BAD4B5 /* workspaces.txt */,
				8C2517B92403C2CA00BAD4B5 /* me.txt */,
				8C2517BA2403C2CA00BAD4B5 /* projects.txt */,
				8C2517BB2403C2CA00BAD4B5 /* clients.txt */,
				8C2517BC2403C2CA00BAD4B5 /* timeentries.txt */,
				8C2517BD2403C2CA00BAD4B5 /* tags.txt */,
				8CB5452D240E49C300154473 /* tasks.txt */,
			);
			path = TextFiles;
			sourceTree = "<group>";
		};
		8C2517C62403C2EF00BAD4B5 /* Storyboards */ = {
			isa = PBXGroup;
			children = (
				8C2517C72403C2EF00BAD4B5 /* Onboarding.storyboard */,
				8C2517C82403C2EF00BAD4B5 /* Timer.storyboard */,
				B4E1B2D1244E1E340082A68C /* Project.storyboard */,
			);
			path = Storyboards;
			sourceTree = "<group>";
		};
		8CAF7A9124580C0C006B961D /* Configurations */ = {
			isa = PBXGroup;
			children = (
				8CAF7A9724580C0C006B961D /* Assets-Shared.xcconfig */,
				8CAF7A9224580C0C006B961D /* Assets.debug.xcconfig */,
				8CAF7A9924580C0C006B961D /* Assets.release.xcconfig */,
				8CAF7A9424580C0C006B961D /* AssetsTests-Shared.xcconfig */,
				8CAF7A9824580C0C006B961D /* AssetsTests.debug.xcconfig */,
				8CAF7A9324580C0C006B961D /* AssetsTests.release.xcconfig */,
				8CAF7A9A24580C0C006B961D /* Project.debug.xcconfig */,
				8CAF7A9524580C0C006B961D /* Project.release.xcconfig */,
			);
			path = Configurations;
			sourceTree = "<group>";
		};
/* End PBXGroup section */

/* Begin PBXHeadersBuildPhase section */
		8C2516962403C19D00BAD4B5 /* Headers */ = {
			isa = PBXHeadersBuildPhase;
			buildActionMask = 2147483647;
			files = (
				8C2516AC2403C19D00BAD4B5 /* Assets.h in Headers */,
			);
			runOnlyForDeploymentPostprocessing = 0;
		};
/* End PBXHeadersBuildPhase section */

/* Begin PBXNativeTarget section */
		8C25169A2403C19D00BAD4B5 /* Assets */ = {
			isa = PBXNativeTarget;
			buildConfigurationList = 8C2516AF2403C19D00BAD4B5 /* Build configuration list for PBXNativeTarget "Assets" */;
			buildPhases = (
				8C2516962403C19D00BAD4B5 /* Headers */,
				8C2516972403C19D00BAD4B5 /* Sources */,
				8C2516982403C19D00BAD4B5 /* Frameworks */,
				8C2516992403C19D00BAD4B5 /* Resources */,
			);
			buildRules = (
			);
			dependencies = (
			);
			name = Assets;
			productName = Assets;
			productReference = 8C25169B2403C19D00BAD4B5 /* Assets.framework */;
			productType = "com.apple.product-type.framework";
		};
		8C2516A32403C19D00BAD4B5 /* AssetsTests */ = {
			isa = PBXNativeTarget;
			buildConfigurationList = 8C2516B22403C19D00BAD4B5 /* Build configuration list for PBXNativeTarget "AssetsTests" */;
			buildPhases = (
				8C2516A02403C19D00BAD4B5 /* Sources */,
				8C2516A12403C19D00BAD4B5 /* Frameworks */,
				8C2516A22403C19D00BAD4B5 /* Resources */,
			);
			buildRules = (
			);
			dependencies = (
				8C2516A72403C19D00BAD4B5 /* PBXTargetDependency */,
			);
			name = AssetsTests;
			productName = AssetsTests;
			productReference = 8C2516A42403C19D00BAD4B5 /* AssetsTests.xctest */;
			productType = "com.apple.product-type.bundle.unit-test";
		};
/* End PBXNativeTarget section */

/* Begin PBXProject section */
		8C2516922403C19D00BAD4B5 /* Project object */ = {
			isa = PBXProject;
			attributes = {
				LastSwiftUpdateCheck = 1130;
				LastUpgradeCheck = 1130;
				ORGANIZATIONNAME = "Ricardo Sánchez Sotres";
				TargetAttributes = {
					8C25169A2403C19D00BAD4B5 = {
						CreatedOnToolsVersion = 11.3.1;
						LastSwiftMigration = 1130;
					};
					8C2516A32403C19D00BAD4B5 = {
						CreatedOnToolsVersion = 11.3.1;
					};
				};
			};
			buildConfigurationList = 8C2516952403C19D00BAD4B5 /* Build configuration list for PBXProject "Assets" */;
			compatibilityVersion = "Xcode 9.3";
			developmentRegion = en;
			hasScannedForEncodings = 0;
			knownRegions = (
				en,
				Base,
			);
			mainGroup = 8C2516912403C19D00BAD4B5;
			productRefGroup = 8C25169C2403C19D00BAD4B5 /* Products */;
			projectDirPath = "";
			projectRoot = "";
			targets = (
				8C25169A2403C19D00BAD4B5 /* Assets */,
				8C2516A32403C19D00BAD4B5 /* AssetsTests */,
			);
		};
/* End PBXProject section */

/* Begin PBXResourcesBuildPhase section */
		8C2516992403C19D00BAD4B5 /* Resources */ = {
			isa = PBXResourcesBuildPhase;
			buildActionMask = 2147483647;
			files = (
				8C0B54C624508E400078E250 /* Database.xcdatamodeld in Resources */,
				8C2517CA2403C2EF00BAD4B5 /* Timer.storyboard in Resources */,
				8C2517C32403C2CA00BAD4B5 /* timeentries.txt in Resources */,
				B4E1B2D2244E1E340082A68C /* Project.storyboard in Resources */,
				8C2517C42403C2CA00BAD4B5 /* tags.txt in Resources */,
				8C2517C02403C2CA00BAD4B5 /* me.txt in Resources */,
				8C2517BF2403C2CA00BAD4B5 /* workspaces.txt in Resources */,
				8C2517C92403C2EF00BAD4B5 /* Onboarding.storyboard in Resources */,
				8C2517C12403C2CA00BAD4B5 /* projects.txt in Resources */,
				8C2517C22403C2CA00BAD4B5 /* clients.txt in Resources */,
				8CB5452E240E49C300154473 /* tasks.txt in Resources */,
			);
			runOnlyForDeploymentPostprocessing = 0;
		};
		8C2516A22403C19D00BAD4B5 /* Resources */ = {
			isa = PBXResourcesBuildPhase;
			buildActionMask = 2147483647;
			files = (
			);
			runOnlyForDeploymentPostprocessing = 0;
		};
/* End PBXResourcesBuildPhase section */

/* Begin PBXSourcesBuildPhase section */
		8C2516972403C19D00BAD4B5 /* Sources */ = {
			isa = PBXSourcesBuildPhase;
			buildActionMask = 2147483647;
			files = (
				34F467F12465880E00430AB4 /* TextStyles.swift in Sources */,
				34F467EF2462C71800430AB4 /* Label.swift in Sources */,
				8C2517C52403C2CA00BAD4B5 /* Assets.swift in Sources */,
			);
			runOnlyForDeploymentPostprocessing = 0;
		};
		8C2516A02403C19D00BAD4B5 /* Sources */ = {
			isa = PBXSourcesBuildPhase;
			buildActionMask = 2147483647;
			files = (
				8C2516AA2403C19D00BAD4B5 /* AssetsTests.swift in Sources */,
			);
			runOnlyForDeploymentPostprocessing = 0;
		};
/* End PBXSourcesBuildPhase section */

/* Begin PBXTargetDependency section */
		8C2516A72403C19D00BAD4B5 /* PBXTargetDependency */ = {
			isa = PBXTargetDependency;
			target = 8C25169A2403C19D00BAD4B5 /* Assets */;
			targetProxy = 8C2516A62403C19D00BAD4B5 /* PBXContainerItemProxy */;
		};
/* End PBXTargetDependency section */

/* Begin XCBuildConfiguration section */
		8C2516AD2403C19D00BAD4B5 /* Debug */ = {
			isa = XCBuildConfiguration;
			baseConfigurationReference = 8CAF7A9A24580C0C006B961D /* Project.debug.xcconfig */;
			buildSettings = {
			};
			name = Debug;
		};
		8C2516AE2403C19D00BAD4B5 /* Release */ = {
			isa = XCBuildConfiguration;
			baseConfigurationReference = 8CAF7A9524580C0C006B961D /* Project.release.xcconfig */;
			buildSettings = {
			};
			name = Release;
		};
		8C2516B02403C19D00BAD4B5 /* Debug */ = {
			isa = XCBuildConfiguration;
			baseConfigurationReference = 8CAF7A9224580C0C006B961D /* Assets.debug.xcconfig */;
			buildSettings = {
			};
			name = Debug;
		};
		8C2516B12403C19D00BAD4B5 /* Release */ = {
			isa = XCBuildConfiguration;
			baseConfigurationReference = 8CAF7A9924580C0C006B961D /* Assets.release.xcconfig */;
			buildSettings = {
			};
			name = Release;
		};
		8C2516B32403C19D00BAD4B5 /* Debug */ = {
			isa = XCBuildConfiguration;
			baseConfigurationReference = 8CAF7A9824580C0C006B961D /* AssetsTests.debug.xcconfig */;
			buildSettings = {
			};
			name = Debug;
		};
		8C2516B42403C19D00BAD4B5 /* Release */ = {
			isa = XCBuildConfiguration;
			baseConfigurationReference = 8CAF7A9324580C0C006B961D /* AssetsTests.release.xcconfig */;
			buildSettings = {
			};
			name = Release;
		};
/* End XCBuildConfiguration section */

/* Begin XCConfigurationList section */
		8C2516952403C19D00BAD4B5 /* Build configuration list for PBXProject "Assets" */ = {
			isa = XCConfigurationList;
			buildConfigurations = (
				8C2516AD2403C19D00BAD4B5 /* Debug */,
				8C2516AE2403C19D00BAD4B5 /* Release */,
			);
			defaultConfigurationIsVisible = 0;
			defaultConfigurationName = Release;
		};
		8C2516AF2403C19D00BAD4B5 /* Build configuration list for PBXNativeTarget "Assets" */ = {
			isa = XCConfigurationList;
			buildConfigurations = (
				8C2516B02403C19D00BAD4B5 /* Debug */,
				8C2516B12403C19D00BAD4B5 /* Release */,
			);
			defaultConfigurationIsVisible = 0;
			defaultConfigurationName = Release;
		};
		8C2516B22403C19D00BAD4B5 /* Build configuration list for PBXNativeTarget "AssetsTests" */ = {
			isa = XCConfigurationList;
			buildConfigurations = (
				8C2516B32403C19D00BAD4B5 /* Debug */,
				8C2516B42403C19D00BAD4B5 /* Release */,
			);
			defaultConfigurationIsVisible = 0;
			defaultConfigurationName = Release;
		};
/* End XCConfigurationList section */

/* Begin XCVersionGroup section */
		8C0B54C524508E0F0078E250 /* Database.xcdatamodeld */ = {
			isa = XCVersionGroup;
			children = (
				8C0B54C424508E0F0078E250 /* Database.xcdatamodel */,
			);
			currentVersion = 8C0B54C424508E0F0078E250 /* Database.xcdatamodel */;
			path = Database.xcdatamodeld;
			sourceTree = "<group>";
		};
/* End XCVersionGroup section */
	};
	rootObject = 8C2516922403C19D00BAD4B5 /* Project object */;
}
