// !$*UTF8*$!
{
	archiveVersion = 1;
	classes = {
	};
	objectVersion = 50;
	objects = {

/* Begin PBXBuildFile section */
		3430C4262423BF10009CF454 /* Database.framework in Frameworks */ = {isa = PBXBuildFile; fileRef = 3430C4252423BF10009CF454 /* Database.framework */; };
		51A7DFFE242B9A0B0015B02C /* StartTimeEntryDto.swift in Sources */ = {isa = PBXBuildFile; fileRef = 51A7DFFD242B9A0B0015B02C /* StartTimeEntryDto.swift */; };
		8C2516ED2403C1E200BAD4B5 /* Repository.framework in Frameworks */ = {isa = PBXBuildFile; fileRef = 8C2516E32403C1E200BAD4B5 /* Repository.framework */; };
		8C2516F22403C1E200BAD4B5 /* RepositoryTests.swift in Sources */ = {isa = PBXBuildFile; fileRef = 8C2516F12403C1E200BAD4B5 /* RepositoryTests.swift */; };
		8C2516F42403C1E200BAD4B5 /* Repository.h in Headers */ = {isa = PBXBuildFile; fileRef = 8C2516E62403C1E200BAD4B5 /* Repository.h */; settings = {ATTRIBUTES = (Public, ); }; };
		8C25179C2403C29F00BAD4B5 /* Repository.swift in Sources */ = {isa = PBXBuildFile; fileRef = 8C25179B2403C29F00BAD4B5 /* Repository.swift */; };
		8C25189C2403C73E00BAD4B5 /* API.framework in Frameworks */ = {isa = PBXBuildFile; fileRef = 8C25189B2403C73E00BAD4B5 /* API.framework */; };
		8CAEA1BD244F57D6008F9E4D /* OtherServices.framework in Frameworks */ = {isa = PBXBuildFile; fileRef = 8CAEA1BC244F57D6008F9E4D /* OtherServices.framework */; };
		B42C4E733838B93E08F239C9 /* Pods_Repository.framework in Frameworks */ = {isa = PBXBuildFile; fileRef = D57719FB87C24F3EDC78339F /* Pods_Repository.framework */; };
		B4523FEC2450C93B00AB5EA0 /* CreateProjectDto.swift in Sources */ = {isa = PBXBuildFile; fileRef = B4523FEB2450C93B00AB5EA0 /* CreateProjectDto.swift */; };
/* End PBXBuildFile section */

/* Begin PBXContainerItemProxy section */
		8C2516EE2403C1E200BAD4B5 /* PBXContainerItemProxy */ = {
			isa = PBXContainerItemProxy;
			containerPortal = 8C2516DA2403C1E200BAD4B5 /* Project object */;
			proxyType = 1;
			remoteGlobalIDString = 8C2516E22403C1E200BAD4B5;
			remoteInfo = Repository;
		};
/* End PBXContainerItemProxy section */

/* Begin PBXFileReference section */
		1635ECD25702805E7A912F1F /* Pods-Repository.release.xcconfig */ = {isa = PBXFileReference; includeInIndex = 1; lastKnownFileType = text.xcconfig; name = "Pods-Repository.release.xcconfig"; path = "Target Support Files/Pods-Repository/Pods-Repository.release.xcconfig"; sourceTree = "<group>"; };
		3430C4252423BF10009CF454 /* Database.framework */ = {isa = PBXFileReference; explicitFileType = wrapper.framework; path = Database.framework; sourceTree = BUILT_PRODUCTS_DIR; };
		51A7DFFD242B9A0B0015B02C /* StartTimeEntryDto.swift */ = {isa = PBXFileReference; fileEncoding = 4; lastKnownFileType = sourcecode.swift; path = StartTimeEntryDto.swift; sourceTree = "<group>"; };
		8C2516E32403C1E200BAD4B5 /* Repository.framework */ = {isa = PBXFileReference; explicitFileType = wrapper.framework; includeInIndex = 0; path = Repository.framework; sourceTree = BUILT_PRODUCTS_DIR; };
		8C2516E62403C1E200BAD4B5 /* Repository.h */ = {isa = PBXFileReference; lastKnownFileType = sourcecode.c.h; path = Repository.h; sourceTree = "<group>"; };
		8C2516E72403C1E200BAD4B5 /* Info.plist */ = {isa = PBXFileReference; lastKnownFileType = text.plist.xml; path = Info.plist; sourceTree = "<group>"; };
		8C2516EC2403C1E200BAD4B5 /* RepositoryTests.xctest */ = {isa = PBXFileReference; explicitFileType = wrapper.cfbundle; includeInIndex = 0; path = RepositoryTests.xctest; sourceTree = BUILT_PRODUCTS_DIR; };
		8C2516F12403C1E200BAD4B5 /* RepositoryTests.swift */ = {isa = PBXFileReference; lastKnownFileType = sourcecode.swift; path = RepositoryTests.swift; sourceTree = "<group>"; };
		8C2516F32403C1E200BAD4B5 /* Info.plist */ = {isa = PBXFileReference; lastKnownFileType = text.plist.xml; path = Info.plist; sourceTree = "<group>"; };
		8C25179B2403C29F00BAD4B5 /* Repository.swift */ = {isa = PBXFileReference; fileEncoding = 4; lastKnownFileType = sourcecode.swift; path = Repository.swift; sourceTree = "<group>"; };
		8C25189B2403C73E00BAD4B5 /* API.framework */ = {isa = PBXFileReference; explicitFileType = wrapper.framework; path = API.framework; sourceTree = BUILT_PRODUCTS_DIR; };
		8CAEA1BC244F57D6008F9E4D /* OtherServices.framework */ = {isa = PBXFileReference; explicitFileType = wrapper.framework; path = OtherServices.framework; sourceTree = BUILT_PRODUCTS_DIR; };
		8CAF7B8B245821C6006B961D /* Project.release.xcconfig */ = {isa = PBXFileReference; fileEncoding = 4; lastKnownFileType = text.xcconfig; path = Project.release.xcconfig; sourceTree = "<group>"; };
		8CAF7B8D245821C6006B961D /* RepositoryTests-Shared.xcconfig */ = {isa = PBXFileReference; fileEncoding = 4; lastKnownFileType = text.xcconfig; path = "RepositoryTests-Shared.xcconfig"; sourceTree = "<group>"; };
		8CAF7B8E245821C6006B961D /* RepositoryTests.debug.xcconfig */ = {isa = PBXFileReference; fileEncoding = 4; lastKnownFileType = text.xcconfig; path = RepositoryTests.debug.xcconfig; sourceTree = "<group>"; };
		8CAF7B8F245821C6006B961D /* Repository-Shared.xcconfig */ = {isa = PBXFileReference; fileEncoding = 4; lastKnownFileType = text.xcconfig; path = "Repository-Shared.xcconfig"; sourceTree = "<group>"; };
		8CAF7B90245821C6006B961D /* RepositoryTests.release.xcconfig */ = {isa = PBXFileReference; fileEncoding = 4; lastKnownFileType = text.xcconfig; path = RepositoryTests.release.xcconfig; sourceTree = "<group>"; };
		8CAF7B91245821C6006B961D /* Repository.release.xcconfig */ = {isa = PBXFileReference; fileEncoding = 4; lastKnownFileType = text.xcconfig; path = Repository.release.xcconfig; sourceTree = "<group>"; };
		8CAF7B92245821C6006B961D /* Repository.debug.xcconfig */ = {isa = PBXFileReference; fileEncoding = 4; lastKnownFileType = text.xcconfig; path = Repository.debug.xcconfig; sourceTree = "<group>"; };
		8CAF7B93245821C6006B961D /* Project.debug.xcconfig */ = {isa = PBXFileReference; fileEncoding = 4; lastKnownFileType = text.xcconfig; path = Project.debug.xcconfig; sourceTree = "<group>"; };
		AF19B74F87479C1647D502AF /* Pods-Repository.debug.xcconfig */ = {isa = PBXFileReference; includeInIndex = 1; lastKnownFileType = text.xcconfig; name = "Pods-Repository.debug.xcconfig"; path = "Target Support Files/Pods-Repository/Pods-Repository.debug.xcconfig"; sourceTree = "<group>"; };
		B4523FEB2450C93B00AB5EA0 /* CreateProjectDto.swift */ = {isa = PBXFileReference; lastKnownFileType = sourcecode.swift; path = CreateProjectDto.swift; sourceTree = "<group>"; };
		D57719FB87C24F3EDC78339F /* Pods_Repository.framework */ = {isa = PBXFileReference; explicitFileType = wrapper.framework; includeInIndex = 0; path = Pods_Repository.framework; sourceTree = BUILT_PRODUCTS_DIR; };
/* End PBXFileReference section */

/* Begin PBXFrameworksBuildPhase section */
		8C2516E02403C1E200BAD4B5 /* Frameworks */ = {
			isa = PBXFrameworksBuildPhase;
			buildActionMask = 2147483647;
			files = (
				3430C4262423BF10009CF454 /* Database.framework in Frameworks */,
				8CAEA1BD244F57D6008F9E4D /* OtherServices.framework in Frameworks */,
				8C25189C2403C73E00BAD4B5 /* API.framework in Frameworks */,
				B42C4E733838B93E08F239C9 /* Pods_Repository.framework in Frameworks */,
			);
			runOnlyForDeploymentPostprocessing = 0;
		};
		8C2516E92403C1E200BAD4B5 /* Frameworks */ = {
			isa = PBXFrameworksBuildPhase;
			buildActionMask = 2147483647;
			files = (
				8C2516ED2403C1E200BAD4B5 /* Repository.framework in Frameworks */,
			);
			runOnlyForDeploymentPostprocessing = 0;
		};
/* End PBXFrameworksBuildPhase section */

/* Begin PBXGroup section */
		34348ABD242CD3E400B7B006 /* Models */ = {
			isa = PBXGroup;
			children = (
				51A7DFFD242B9A0B0015B02C /* StartTimeEntryDto.swift */,
				B4523FEB2450C93B00AB5EA0 /* CreateProjectDto.swift */,
				34348ABE242CD3F700B7B006 /* TimeEntryDAO.swift */,
			);
			path = Models;
			sourceTree = "<group>";
		};
		8C2516D92403C1E200BAD4B5 = {
			isa = PBXGroup;
			children = (
				8CAF7B8A245821C6006B961D /* Configurations */,
				8C2516E52403C1E200BAD4B5 /* Repository */,
				8C2516F02403C1E200BAD4B5 /* RepositoryTests */,
				8C2516E42403C1E200BAD4B5 /* Products */,
				8C25189A2403C73E00BAD4B5 /* Frameworks */,
				C6FAB3171B2DD04E58EC924C /* Pods */,
			);
			sourceTree = "<group>";
		};
		8C2516E42403C1E200BAD4B5 /* Products */ = {
			isa = PBXGroup;
			children = (
				8C2516E32403C1E200BAD4B5 /* Repository.framework */,
				8C2516EC2403C1E200BAD4B5 /* RepositoryTests.xctest */,
			);
			name = Products;
			sourceTree = "<group>";
		};
		8C2516E52403C1E200BAD4B5 /* Repository */ = {
			isa = PBXGroup;
			children = (
				34348ABD242CD3E400B7B006 /* Models */,
				8C25179B2403C29F00BAD4B5 /* Repository.swift */,
				8C2516E62403C1E200BAD4B5 /* Repository.h */,
				8C2516E72403C1E200BAD4B5 /* Info.plist */,
			);
			path = Repository;
			sourceTree = "<group>";
		};
		8C2516F02403C1E200BAD4B5 /* RepositoryTests */ = {
			isa = PBXGroup;
			children = (
				8C2516F12403C1E200BAD4B5 /* RepositoryTests.swift */,
				8C2516F32403C1E200BAD4B5 /* Info.plist */,
			);
			path = RepositoryTests;
			sourceTree = "<group>";
		};
		8C25189A2403C73E00BAD4B5 /* Frameworks */ = {
			isa = PBXGroup;
			children = (
				8CAEA1BC244F57D6008F9E4D /* OtherServices.framework */,
				3430C4252423BF10009CF454 /* Database.framework */,
				8C25189B2403C73E00BAD4B5 /* API.framework */,
				D57719FB87C24F3EDC78339F /* Pods_Repository.framework */,
			);
			name = Frameworks;
			sourceTree = "<group>";
		};
		8CAF7B8A245821C6006B961D /* Configurations */ = {
			isa = PBXGroup;
			children = (
				8CAF7B8F245821C6006B961D /* Repository-Shared.xcconfig */,
				8CAF7B92245821C6006B961D /* Repository.debug.xcconfig */,
				8CAF7B91245821C6006B961D /* Repository.release.xcconfig */,
				8CAF7B8D245821C6006B961D /* RepositoryTests-Shared.xcconfig */,
				8CAF7B8E245821C6006B961D /* RepositoryTests.debug.xcconfig */,
				8CAF7B90245821C6006B961D /* RepositoryTests.release.xcconfig */,
				8CAF7B93245821C6006B961D /* Project.debug.xcconfig */,
				8CAF7B8B245821C6006B961D /* Project.release.xcconfig */,
			);
			path = Configurations;
			sourceTree = "<group>";
		};
		C6FAB3171B2DD04E58EC924C /* Pods */ = {
			isa = PBXGroup;
			children = (
				AF19B74F87479C1647D502AF /* Pods-Repository.debug.xcconfig */,
				1635ECD25702805E7A912F1F /* Pods-Repository.release.xcconfig */,
			);
			name = Pods;
			path = ../../Pods;
			sourceTree = "<group>";
		};
/* End PBXGroup section */

/* Begin PBXHeadersBuildPhase section */
		8C2516DE2403C1E200BAD4B5 /* Headers */ = {
			isa = PBXHeadersBuildPhase;
			buildActionMask = 2147483647;
			files = (
				8C2516F42403C1E200BAD4B5 /* Repository.h in Headers */,
			);
			runOnlyForDeploymentPostprocessing = 0;
		};
/* End PBXHeadersBuildPhase section */

/* Begin PBXNativeTarget section */
		8C2516E22403C1E200BAD4B5 /* Repository */ = {
			isa = PBXNativeTarget;
			buildConfigurationList = 8C2516F72403C1E200BAD4B5 /* Build configuration list for PBXNativeTarget "Repository" */;
			buildPhases = (
				038F7C622D85CBB285937D08 /* [CP] Check Pods Manifest.lock */,
				8C2516DE2403C1E200BAD4B5 /* Headers */,
				8C2516DF2403C1E200BAD4B5 /* Sources */,
				8C2516E02403C1E200BAD4B5 /* Frameworks */,
				8C2516E12403C1E200BAD4B5 /* Resources */,
			);
			buildRules = (
			);
			dependencies = (
			);
			name = Repository;
			productName = Repository;
			productReference = 8C2516E32403C1E200BAD4B5 /* Repository.framework */;
			productType = "com.apple.product-type.framework";
		};
		8C2516EB2403C1E200BAD4B5 /* RepositoryTests */ = {
			isa = PBXNativeTarget;
			buildConfigurationList = 8C2516FA2403C1E200BAD4B5 /* Build configuration list for PBXNativeTarget "RepositoryTests" */;
			buildPhases = (
				8C2516E82403C1E200BAD4B5 /* Sources */,
				8C2516E92403C1E200BAD4B5 /* Frameworks */,
				8C2516EA2403C1E200BAD4B5 /* Resources */,
			);
			buildRules = (
			);
			dependencies = (
				8C2516EF2403C1E200BAD4B5 /* PBXTargetDependency */,
			);
			name = RepositoryTests;
			productName = RepositoryTests;
			productReference = 8C2516EC2403C1E200BAD4B5 /* RepositoryTests.xctest */;
			productType = "com.apple.product-type.bundle.unit-test";
		};
/* End PBXNativeTarget section */

/* Begin PBXProject section */
		8C2516DA2403C1E200BAD4B5 /* Project object */ = {
			isa = PBXProject;
			attributes = {
				LastSwiftUpdateCheck = 1130;
				LastUpgradeCheck = 1140;
				ORGANIZATIONNAME = "Ricardo Sánchez Sotres";
				TargetAttributes = {
					8C2516E22403C1E200BAD4B5 = {
						CreatedOnToolsVersion = 11.3.1;
						LastSwiftMigration = 1130;
					};
					8C2516EB2403C1E200BAD4B5 = {
						CreatedOnToolsVersion = 11.3.1;
					};
				};
			};
			buildConfigurationList = 8C2516DD2403C1E200BAD4B5 /* Build configuration list for PBXProject "Repository" */;
			compatibilityVersion = "Xcode 9.3";
			developmentRegion = en;
			hasScannedForEncodings = 0;
			knownRegions = (
				en,
				Base,
			);
			mainGroup = 8C2516D92403C1E200BAD4B5;
			productRefGroup = 8C2516E42403C1E200BAD4B5 /* Products */;
			projectDirPath = "";
			projectRoot = "";
			targets = (
				8C2516E22403C1E200BAD4B5 /* Repository */,
				8C2516EB2403C1E200BAD4B5 /* RepositoryTests */,
			);
		};
/* End PBXProject section */

/* Begin PBXResourcesBuildPhase section */
		8C2516E12403C1E200BAD4B5 /* Resources */ = {
			isa = PBXResourcesBuildPhase;
			buildActionMask = 2147483647;
			files = (
			);
			runOnlyForDeploymentPostprocessing = 0;
		};
		8C2516EA2403C1E200BAD4B5 /* Resources */ = {
			isa = PBXResourcesBuildPhase;
			buildActionMask = 2147483647;
			files = (
			);
			runOnlyForDeploymentPostprocessing = 0;
		};
/* End PBXResourcesBuildPhase section */

/* Begin PBXShellScriptBuildPhase section */
		038F7C622D85CBB285937D08 /* [CP] Check Pods Manifest.lock */ = {
			isa = PBXShellScriptBuildPhase;
			buildActionMask = 2147483647;
			files = (
			);
			inputFileListPaths = (
			);
			inputPaths = (
				"${PODS_PODFILE_DIR_PATH}/Podfile.lock",
				"${PODS_ROOT}/Manifest.lock",
			);
			name = "[CP] Check Pods Manifest.lock";
			outputFileListPaths = (
			);
			outputPaths = (
				"$(DERIVED_FILE_DIR)/Pods-Repository-checkManifestLockResult.txt",
			);
			runOnlyForDeploymentPostprocessing = 0;
			shellPath = /bin/sh;
			shellScript = "diff \"${PODS_PODFILE_DIR_PATH}/Podfile.lock\" \"${PODS_ROOT}/Manifest.lock\" > /dev/null\nif [ $? != 0 ] ; then\n    # print error to STDERR\n    echo \"error: The sandbox is not in sync with the Podfile.lock. Run 'pod install' or update your CocoaPods installation.\" >&2\n    exit 1\nfi\n# This output is used by Xcode 'outputs' to avoid re-running this script phase.\necho \"SUCCESS\" > \"${SCRIPT_OUTPUT_FILE_0}\"\n";
			showEnvVarsInLog = 0;
		};
/* End PBXShellScriptBuildPhase section */

/* Begin PBXSourcesBuildPhase section */
		8C2516DF2403C1E200BAD4B5 /* Sources */ = {
			isa = PBXSourcesBuildPhase;
			buildActionMask = 2147483647;
			files = (
				51A7DFFE242B9A0B0015B02C /* StartTimeEntryDto.swift in Sources */,
				B4523FEC2450C93B00AB5EA0 /* CreateProjectDto.swift in Sources */,
				34348ABF242CD3F700B7B006 /* TimeEntryDAO.swift in Sources */,
				8C25179C2403C29F00BAD4B5 /* Repository.swift in Sources */,
			);
			runOnlyForDeploymentPostprocessing = 0;
		};
		8C2516E82403C1E200BAD4B5 /* Sources */ = {
			isa = PBXSourcesBuildPhase;
			buildActionMask = 2147483647;
			files = (
				8C2516F22403C1E200BAD4B5 /* RepositoryTests.swift in Sources */,
			);
			runOnlyForDeploymentPostprocessing = 0;
		};
/* End PBXSourcesBuildPhase section */

/* Begin PBXTargetDependency section */
		8C2516EF2403C1E200BAD4B5 /* PBXTargetDependency */ = {
			isa = PBXTargetDependency;
			target = 8C2516E22403C1E200BAD4B5 /* Repository */;
			targetProxy = 8C2516EE2403C1E200BAD4B5 /* PBXContainerItemProxy */;
		};
/* End PBXTargetDependency section */

/* Begin XCBuildConfiguration section */
		8C2516F52403C1E200BAD4B5 /* Debug */ = {
			isa = XCBuildConfiguration;
			baseConfigurationReference = 8CAF7B93245821C6006B961D /* Project.debug.xcconfig */;
			buildSettings = {
			};
			name = Debug;
		};
		8C2516F62403C1E200BAD4B5 /* Release */ = {
			isa = XCBuildConfiguration;
			baseConfigurationReference = 8CAF7B8B245821C6006B961D /* Project.release.xcconfig */;
			buildSettings = {
			};
			name = Release;
		};
		8C2516F82403C1E200BAD4B5 /* Debug */ = {
			isa = XCBuildConfiguration;
			baseConfigurationReference = 8CAF7B92245821C6006B961D /* Repository.debug.xcconfig */;
			buildSettings = {
			};
			name = Debug;
		};
		8C2516F92403C1E200BAD4B5 /* Release */ = {
			isa = XCBuildConfiguration;
			baseConfigurationReference = 8CAF7B91245821C6006B961D /* Repository.release.xcconfig */;
			buildSettings = {
			};
			name = Release;
		};
		8C2516FB2403C1E200BAD4B5 /* Debug */ = {
			isa = XCBuildConfiguration;
			baseConfigurationReference = 8CAF7B8E245821C6006B961D /* RepositoryTests.debug.xcconfig */;
			buildSettings = {
			};
			name = Debug;
		};
		8C2516FC2403C1E200BAD4B5 /* Release */ = {
			isa = XCBuildConfiguration;
			baseConfigurationReference = 8CAF7B90245821C6006B961D /* RepositoryTests.release.xcconfig */;
			buildSettings = {
			};
			name = Release;
		};
/* End XCBuildConfiguration section */

/* Begin XCConfigurationList section */
		8C2516DD2403C1E200BAD4B5 /* Build configuration list for PBXProject "Repository" */ = {
			isa = XCConfigurationList;
			buildConfigurations = (
				8C2516F52403C1E200BAD4B5 /* Debug */,
				8C2516F62403C1E200BAD4B5 /* Release */,
			);
			defaultConfigurationIsVisible = 0;
			defaultConfigurationName = Release;
		};
		8C2516F72403C1E200BAD4B5 /* Build configuration list for PBXNativeTarget "Repository" */ = {
			isa = XCConfigurationList;
			buildConfigurations = (
				8C2516F82403C1E200BAD4B5 /* Debug */,
				8C2516F92403C1E200BAD4B5 /* Release */,
			);
			defaultConfigurationIsVisible = 0;
			defaultConfigurationName = Release;
		};
		8C2516FA2403C1E200BAD4B5 /* Build configuration list for PBXNativeTarget "RepositoryTests" */ = {
			isa = XCConfigurationList;
			buildConfigurations = (
				8C2516FB2403C1E200BAD4B5 /* Debug */,
				8C2516FC2403C1E200BAD4B5 /* Release */,
			);
			defaultConfigurationIsVisible = 0;
			defaultConfigurationName = Release;
		};
/* End XCConfigurationList section */
	};
	rootObject = 8C2516DA2403C1E200BAD4B5 /* Project object */;
}
