// !$*UTF8*$!
{
	archiveVersion = 1;
	classes = {
	};
	objectVersion = 51;
	objects = {

/* Begin PBXBuildFile section */
		3430C36C24213CEB009CF454 /* OtherServices.framework in Frameworks */ = {isa = PBXBuildFile; fileRef = 3430C36B24213CEB009CF454 /* OtherServices.framework */; };
		34C93C082453387300024F06 /* DateTimePickMode.swift in Sources */ = {isa = PBXBuildFile; fileRef = 34C93C072453387300024F06 /* DateTimePickMode.swift */; };
		3F08D7D72EA783CBBD146B1F /* Pods_Timer.framework in Frameworks */ = {isa = PBXBuildFile; fileRef = 1DB2199F93BBF3239F419242 /* Pods_Timer.framework */; };
		510BD5B824363CF80028C445 /* StartEditReducerTests.swift in Sources */ = {isa = PBXBuildFile; fileRef = 510BD5B724363CF80028C445 /* StartEditReducerTests.swift */; };
		51FF7C3C2429120500CC2002 /* EditableTimeEntry.swift in Sources */ = {isa = PBXBuildFile; fileRef = 51FF7C3B2429120500CC2002 /* EditableTimeEntry.swift */; };
		8C008FBE240823D6000A0C32 /* Utils.framework in Frameworks */ = {isa = PBXBuildFile; fileRef = 8C008FBD240823D6000A0C32 /* Utils.framework */; };
		8C008FC424090C85000A0C32 /* StartEditViewController.swift in Sources */ = {isa = PBXBuildFile; fileRef = 8C008FC324090C85000A0C32 /* StartEditViewController.swift */; };
		8C008FD024093FF8000A0C32 /* StartEditAction.swift in Sources */ = {isa = PBXBuildFile; fileRef = 8C008FCF24093FF8000A0C32 /* StartEditAction.swift */; };
		8C008FD22409407B000A0C32 /* StartEditReducer.swift in Sources */ = {isa = PBXBuildFile; fileRef = 8C008FD12409407B000A0C32 /* StartEditReducer.swift */; };
		8C1F53552434804500D9F979 /* StartEditBottomSheet.swift in Sources */ = {isa = PBXBuildFile; fileRef = 8C1F53542434804500D9F979 /* StartEditBottomSheet.swift */; };
		8C1F535B243487EC00D9F979 /* StartEditCellType.swift in Sources */ = {isa = PBXBuildFile; fileRef = 8C1F535A243487EC00D9F979 /* StartEditCellType.swift */; };
		8C2130C42424F46D000FC72C /* TimeEntriesLogReducerTests.swift in Sources */ = {isa = PBXBuildFile; fileRef = 8C2130C32424F46D000FC72C /* TimeEntriesLogReducerTests.swift */; };
		8C2130CA2424F5DE000FC72C /* MockTimeLogRepository.swift in Sources */ = {isa = PBXBuildFile; fileRef = 8C2130C92424F5DE000FC72C /* MockTimeLogRepository.swift */; };
		8C2130CF2424F64F000FC72C /* ReducerAssert.swift in Sources */ = {isa = PBXBuildFile; fileRef = 8C2130CE2424F64F000FC72C /* ReducerAssert.swift */; };
		8C2130D12424F9EE000FC72C /* TimeEntry+Extensions.swift in Sources */ = {isa = PBXBuildFile; fileRef = 8C2130D02424F9EE000FC72C /* TimeEntry+Extensions.swift */; };
		8C2516C92403C1B000BAD4B5 /* Timer.framework in Frameworks */ = {isa = PBXBuildFile; fileRef = 8C2516BF2403C1B000BAD4B5 /* Timer.framework */; };
		8C2516D02403C1B000BAD4B5 /* Timer.h in Headers */ = {isa = PBXBuildFile; fileRef = 8C2516C22403C1B000BAD4B5 /* Timer.h */; settings = {ATTRIBUTES = (Public, ); }; };
		8C2517892403C27200BAD4B5 /* TimeEntryCell.swift in Sources */ = {isa = PBXBuildFile; fileRef = 8C2517802403C27200BAD4B5 /* TimeEntryCell.swift */; };
		8C25178A2403C27200BAD4B5 /* TimerViewController.swift in Sources */ = {isa = PBXBuildFile; fileRef = 8C2517812403C27200BAD4B5 /* TimerViewController.swift */; };
		8C25178B2403C27200BAD4B5 /* TimeEntriesLogState.swift in Sources */ = {isa = PBXBuildFile; fileRef = 8C2517832403C27200BAD4B5 /* TimeEntriesLogState.swift */; };
		8C25178C2403C27200BAD4B5 /* TimeEntriesLogAction.swift in Sources */ = {isa = PBXBuildFile; fileRef = 8C2517852403C27200BAD4B5 /* TimeEntriesLogAction.swift */; };
		8C25178D2403C27200BAD4B5 /* TimeEntriesLogReducer.swift in Sources */ = {isa = PBXBuildFile; fileRef = 8C2517872403C27200BAD4B5 /* TimeEntriesLogReducer.swift */; };
		8C2518A62403C78100BAD4B5 /* Architecture.framework in Frameworks */ = {isa = PBXBuildFile; fileRef = 8C2518A52403C78100BAD4B5 /* Architecture.framework */; };
		8C2518AA2403C78600BAD4B5 /* Models.framework in Frameworks */ = {isa = PBXBuildFile; fileRef = 8C2518A92403C78600BAD4B5 /* Models.framework */; };
		8C2518AD2403C79000BAD4B5 /* Assets.framework in Frameworks */ = {isa = PBXBuildFile; fileRef = 8C2518AC2403C79000BAD4B5 /* Assets.framework */; };
		8C2518C02403C87200BAD4B5 /* Repository.framework in Frameworks */ = {isa = PBXBuildFile; fileRef = 8C2518BF2403C87200BAD4B5 /* Repository.framework */; };
		8C4EDC57242902FF00C03E14 /* TimeLogCellViewModel.swift in Sources */ = {isa = PBXBuildFile; fileRef = 8C4EDC56242902FF00C03E14 /* TimeLogCellViewModel.swift */; };
		8C4EDC5B2429F8B200C03E14 /* TimeEntriesSelectorTests.swift in Sources */ = {isa = PBXBuildFile; fileRef = 8C4EDC5A2429F8B200C03E14 /* TimeEntriesSelectorTests.swift */; };
		8C509D0A2412509F00B6DF30 /* TimerFeature.swift in Sources */ = {isa = PBXBuildFile; fileRef = 8C509D092412509F00B6DF30 /* TimerFeature.swift */; };
		8C509D0E2412567900B6DF30 /* TimerAction.swift in Sources */ = {isa = PBXBuildFile; fileRef = 8C509D0D2412567900B6DF30 /* TimerAction.swift */; };
		8C509D112412591E00B6DF30 /* TimeEntriesLogCoordinator.swift in Sources */ = {isa = PBXBuildFile; fileRef = 8C509D102412591E00B6DF30 /* TimeEntriesLogCoordinator.swift */; };
		8C509D1324125AB500B6DF30 /* StartEditCoordinator.swift in Sources */ = {isa = PBXBuildFile; fileRef = 8C509D1224125AB500B6DF30 /* StartEditCoordinator.swift */; };
		8C509D152412603800B6DF30 /* TimerState.swift in Sources */ = {isa = PBXBuildFile; fileRef = 8C509D142412603800B6DF30 /* TimerState.swift */; };
		8C509D172412641600B6DF30 /* TimeEntriesLogFeature.swift in Sources */ = {isa = PBXBuildFile; fileRef = 8C509D162412641600B6DF30 /* TimeEntriesLogFeature.swift */; };
		8C509D192412644300B6DF30 /* StartEditFeature.swift in Sources */ = {isa = PBXBuildFile; fileRef = 8C509D182412644300B6DF30 /* StartEditFeature.swift */; };
		8C509D1B241264A200B6DF30 /* TimerCoordinator.swift in Sources */ = {isa = PBXBuildFile; fileRef = 8C509D1A241264A200B6DF30 /* TimerCoordinator.swift */; };
		8C509D202412874100B6DF30 /* TimeEntriesSelector.swift in Sources */ = {isa = PBXBuildFile; fileRef = 8C509D1F2412874100B6DF30 /* TimeEntriesSelector.swift */; };
		8C509D232412876A00B6DF30 /* TimeEntryViewModel.swift in Sources */ = {isa = PBXBuildFile; fileRef = 8C509D222412876A00B6DF30 /* TimeEntryViewModel.swift */; };
		8C509D252412879200B6DF30 /* DayViewModel.swift in Sources */ = {isa = PBXBuildFile; fileRef = 8C509D242412879200B6DF30 /* DayViewModel.swift */; };
		8CB54533240E7DA100154473 /* TimeEntriesLogViewController.swift in Sources */ = {isa = PBXBuildFile; fileRef = 8CB54532240E7DA100154473 /* TimeEntriesLogViewController.swift */; };
		8CB54535240EA67400154473 /* StartEditState.swift in Sources */ = {isa = PBXBuildFile; fileRef = 8CB54534240EA67400154473 /* StartEditState.swift */; };
		8CE32669243601D500C6C014 /* StartEditInputAccessoryView.swift in Sources */ = {isa = PBXBuildFile; fileRef = 8CE32668243601D500C6C014 /* StartEditInputAccessoryView.swift */; };
		8CE495A62434B3E2008ABE48 /* DummyLabelCell.swift in Sources */ = {isa = PBXBuildFile; fileRef = 8CE495A52434B3E2008ABE48 /* DummyLabelCell.swift */; };
		AC42284A2456EC5C00DD8AB3 /* WheelBackgroundView.swift in Sources */ = {isa = PBXBuildFile; fileRef = AC4228492456EC5C00DD8AB3 /* WheelBackgroundView.swift */; };
		AC42284C245720E700DD8AB3 /* Wheel.swift in Sources */ = {isa = PBXBuildFile; fileRef = AC42284B245720E700DD8AB3 /* Wheel.swift */; };
		AC42284F24572F4B00DD8AB3 /* ClockDial.swift in Sources */ = {isa = PBXBuildFile; fileRef = AC42284E24572F4B00DD8AB3 /* ClockDial.swift */; };
		AC61F9062440BBF500534713 /* Localizable.strings in Resources */ = {isa = PBXBuildFile; fileRef = AC61F9082440BBF500534713 /* Localizable.strings */; };
		AC823A01245874BB0078574D /* StartEditSelector.swift in Sources */ = {isa = PBXBuildFile; fileRef = AC8239FF245874BB0078574D /* StartEditSelector.swift */; };
		ACAA58262433A7ED003FDECA /* RunningTimeEntryCoordinator.swift in Sources */ = {isa = PBXBuildFile; fileRef = ACAA58202433A7ED003FDECA /* RunningTimeEntryCoordinator.swift */; };
		ACAA58272433A7ED003FDECA /* RunningTimeEntryState.swift in Sources */ = {isa = PBXBuildFile; fileRef = ACAA58212433A7ED003FDECA /* RunningTimeEntryState.swift */; };
		ACAA58282433A7ED003FDECA /* RunningTimeEntryAction.swift in Sources */ = {isa = PBXBuildFile; fileRef = ACAA58222433A7ED003FDECA /* RunningTimeEntryAction.swift */; };
		ACAA58292433A7ED003FDECA /* RunningTimeEntryFeature.swift in Sources */ = {isa = PBXBuildFile; fileRef = ACAA58232433A7ED003FDECA /* RunningTimeEntryFeature.swift */; };
		ACAA582A2433A7ED003FDECA /* RunningTimeEntryReducer.swift in Sources */ = {isa = PBXBuildFile; fileRef = ACAA58252433A7ED003FDECA /* RunningTimeEntryReducer.swift */; };
		ACAA583024349F02003FDECA /* RunningTimeEntrySelector.swift in Sources */ = {isa = PBXBuildFile; fileRef = ACAA582F24349F02003FDECA /* RunningTimeEntrySelector.swift */; };
		ACAA58322434A1EE003FDECA /* RunningTimeEntryViewController.swift in Sources */ = {isa = PBXBuildFile; fileRef = ACAA58312434A1EE003FDECA /* RunningTimeEntryViewController.swift */; };
		ACAA585D24378106003FDECA /* SimpleBottomSheet.swift in Sources */ = {isa = PBXBuildFile; fileRef = ACAA585C24378106003FDECA /* SimpleBottomSheet.swift */; };
		B417E98D244F78D0004D251F /* ProjectReducerTests.swift in Sources */ = {isa = PBXBuildFile; fileRef = B417E98C244F78D0004D251F /* ProjectReducerTests.swift */; };
		B4B4F0A324362F1400DFBF2E /* UIUtils.framework in Frameworks */ = {isa = PBXBuildFile; fileRef = B4B4F0A224362F1400DFBF2E /* UIUtils.framework */; };
		B795B8AF1298D91041CBE3A8 /* Pods_Timer_TimerTests.framework in Frameworks */ = {isa = PBXBuildFile; fileRef = D1A6B75657C3B9CF1F0B3ED1 /* Pods_Timer_TimerTests.framework */; };
		CC03C2782448AE1B0071FA55 /* ProjectAction.swift in Sources */ = {isa = PBXBuildFile; fileRef = CC03C2712448AE1B0071FA55 /* ProjectAction.swift */; };
		CC03C2792448AE1C0071FA55 /* ProjectCoordinator.swift in Sources */ = {isa = PBXBuildFile; fileRef = CC03C2722448AE1B0071FA55 /* ProjectCoordinator.swift */; };
		CC03C27A2448AE1C0071FA55 /* ProjectFeature.swift in Sources */ = {isa = PBXBuildFile; fileRef = CC03C2732448AE1B0071FA55 /* ProjectFeature.swift */; };
		CC03C27B2448AE1C0071FA55 /* ProjectReducer.swift in Sources */ = {isa = PBXBuildFile; fileRef = CC03C2742448AE1B0071FA55 /* ProjectReducer.swift */; };
		CC03C27C2448AE1C0071FA55 /* ProjectState.swift in Sources */ = {isa = PBXBuildFile; fileRef = CC03C2752448AE1B0071FA55 /* ProjectState.swift */; };
		CC03C27D2448AE1C0071FA55 /* ProjectViewController.swift in Sources */ = {isa = PBXBuildFile; fileRef = CC03C2762448AE1B0071FA55 /* ProjectViewController.swift */; };
		CC03C27E2448AE1C0071FA55 /* ProjectSelector.swift in Sources */ = {isa = PBXBuildFile; fileRef = CC03C2772448AE1B0071FA55 /* ProjectSelector.swift */; };
		CC03C2802448AF0A0071FA55 /* EditableProject.swift in Sources */ = {isa = PBXBuildFile; fileRef = CC03C27F2448AF0A0071FA55 /* EditableProject.swift */; };
		CCD8DDAC2449EE9F00AC9932 /* RunningTimeEntryReducerTests.swift in Sources */ = {isa = PBXBuildFile; fileRef = CCD8DDAB2449EE9F00AC9932 /* RunningTimeEntryReducerTests.swift */; };
/* End PBXBuildFile section */

/* Begin PBXContainerItemProxy section */
		8C2516CA2403C1B000BAD4B5 /* PBXContainerItemProxy */ = {
			isa = PBXContainerItemProxy;
			containerPortal = 8C2516B62403C1B000BAD4B5 /* Project object */;
			proxyType = 1;
			remoteGlobalIDString = 8C2516BE2403C1B000BAD4B5;
			remoteInfo = Timer;
		};
/* End PBXContainerItemProxy section */

/* Begin PBXFileReference section */
		1774F5621311F644B3258D92 /* Pods-Timer.debug.xcconfig */ = {isa = PBXFileReference; includeInIndex = 1; lastKnownFileType = text.xcconfig; name = "Pods-Timer.debug.xcconfig"; path = "Target Support Files/Pods-Timer/Pods-Timer.debug.xcconfig"; sourceTree = "<group>"; };
		1DB2199F93BBF3239F419242 /* Pods_Timer.framework */ = {isa = PBXFileReference; explicitFileType = wrapper.framework; includeInIndex = 0; path = Pods_Timer.framework; sourceTree = BUILT_PRODUCTS_DIR; };
		3430C365241A8FE4009CF454 /* Time.framework */ = {isa = PBXFileReference; explicitFileType = wrapper.framework; path = Time.framework; sourceTree = BUILT_PRODUCTS_DIR; };
		3430C36B24213CEB009CF454 /* OtherServices.framework */ = {isa = PBXFileReference; explicitFileType = wrapper.framework; path = OtherServices.framework; sourceTree = BUILT_PRODUCTS_DIR; };
		34C93C072453387300024F06 /* DateTimePickMode.swift */ = {isa = PBXFileReference; lastKnownFileType = sourcecode.swift; path = DateTimePickMode.swift; sourceTree = "<group>"; };
		510BD5B724363CF80028C445 /* StartEditReducerTests.swift */ = {isa = PBXFileReference; lastKnownFileType = sourcecode.swift; path = StartEditReducerTests.swift; sourceTree = "<group>"; };
		51FF7C3B2429120500CC2002 /* EditableTimeEntry.swift */ = {isa = PBXFileReference; fileEncoding = 4; lastKnownFileType = sourcecode.swift; path = EditableTimeEntry.swift; sourceTree = "<group>"; };
		5B870F35C1C8E6FAB9F0A257 /* Pods-Timer-TimerTests.debug.xcconfig */ = {isa = PBXFileReference; includeInIndex = 1; lastKnownFileType = text.xcconfig; name = "Pods-Timer-TimerTests.debug.xcconfig"; path = "Target Support Files/Pods-Timer-TimerTests/Pods-Timer-TimerTests.debug.xcconfig"; sourceTree = "<group>"; };
		8C008FBD240823D6000A0C32 /* Utils.framework */ = {isa = PBXFileReference; explicitFileType = wrapper.framework; path = Utils.framework; sourceTree = BUILT_PRODUCTS_DIR; };
		8C008FC324090C85000A0C32 /* StartEditViewController.swift */ = {isa = PBXFileReference; lastKnownFileType = sourcecode.swift; path = StartEditViewController.swift; sourceTree = "<group>"; };
		8C008FCF24093FF8000A0C32 /* StartEditAction.swift */ = {isa = PBXFileReference; lastKnownFileType = sourcecode.swift; path = StartEditAction.swift; sourceTree = "<group>"; };
		8C008FD12409407B000A0C32 /* StartEditReducer.swift */ = {isa = PBXFileReference; lastKnownFileType = sourcecode.swift; path = StartEditReducer.swift; sourceTree = "<group>"; };
		8C1F53542434804500D9F979 /* StartEditBottomSheet.swift */ = {isa = PBXFileReference; fileEncoding = 4; lastKnownFileType = sourcecode.swift; path = StartEditBottomSheet.swift; sourceTree = "<group>"; };
		8C1F535A243487EC00D9F979 /* StartEditCellType.swift */ = {isa = PBXFileReference; lastKnownFileType = sourcecode.swift; path = StartEditCellType.swift; sourceTree = "<group>"; };
		8C2130C32424F46D000FC72C /* TimeEntriesLogReducerTests.swift */ = {isa = PBXFileReference; lastKnownFileType = sourcecode.swift; path = TimeEntriesLogReducerTests.swift; sourceTree = "<group>"; };
		8C2130C92424F5DE000FC72C /* MockTimeLogRepository.swift */ = {isa = PBXFileReference; lastKnownFileType = sourcecode.swift; path = MockTimeLogRepository.swift; sourceTree = "<group>"; };
		8C2130CE2424F64F000FC72C /* ReducerAssert.swift */ = {isa = PBXFileReference; lastKnownFileType = sourcecode.swift; path = ReducerAssert.swift; sourceTree = "<group>"; };
		8C2130D02424F9EE000FC72C /* TimeEntry+Extensions.swift */ = {isa = PBXFileReference; lastKnownFileType = sourcecode.swift; path = "TimeEntry+Extensions.swift"; sourceTree = "<group>"; };
		8C2516BF2403C1B000BAD4B5 /* Timer.framework */ = {isa = PBXFileReference; explicitFileType = wrapper.framework; includeInIndex = 0; path = Timer.framework; sourceTree = BUILT_PRODUCTS_DIR; };
		8C2516C22403C1B000BAD4B5 /* Timer.h */ = {isa = PBXFileReference; lastKnownFileType = sourcecode.c.h; path = Timer.h; sourceTree = "<group>"; };
		8C2516C32403C1B000BAD4B5 /* Info.plist */ = {isa = PBXFileReference; lastKnownFileType = text.plist.xml; path = Info.plist; sourceTree = "<group>"; };
		8C2516C82403C1B000BAD4B5 /* TimerTests.xctest */ = {isa = PBXFileReference; explicitFileType = wrapper.cfbundle; includeInIndex = 0; path = TimerTests.xctest; sourceTree = BUILT_PRODUCTS_DIR; };
		8C2516CF2403C1B000BAD4B5 /* Info.plist */ = {isa = PBXFileReference; lastKnownFileType = text.plist.xml; path = Info.plist; sourceTree = "<group>"; };
		8C2517802403C27200BAD4B5 /* TimeEntryCell.swift */ = {isa = PBXFileReference; fileEncoding = 4; lastKnownFileType = sourcecode.swift; path = TimeEntryCell.swift; sourceTree = "<group>"; };
		8C2517812403C27200BAD4B5 /* TimerViewController.swift */ = {isa = PBXFileReference; fileEncoding = 4; lastKnownFileType = sourcecode.swift; path = TimerViewController.swift; sourceTree = "<group>"; };
		8C2517832403C27200BAD4B5 /* TimeEntriesLogState.swift */ = {isa = PBXFileReference; fileEncoding = 4; lastKnownFileType = sourcecode.swift; path = TimeEntriesLogState.swift; sourceTree = "<group>"; };
		8C2517852403C27200BAD4B5 /* TimeEntriesLogAction.swift */ = {isa = PBXFileReference; fileEncoding = 4; lastKnownFileType = sourcecode.swift; path = TimeEntriesLogAction.swift; sourceTree = "<group>"; };
		8C2517872403C27200BAD4B5 /* TimeEntriesLogReducer.swift */ = {isa = PBXFileReference; fileEncoding = 4; lastKnownFileType = sourcecode.swift; path = TimeEntriesLogReducer.swift; sourceTree = "<group>"; };
		8C2518A52403C78100BAD4B5 /* Architecture.framework */ = {isa = PBXFileReference; explicitFileType = wrapper.framework; path = Architecture.framework; sourceTree = BUILT_PRODUCTS_DIR; };
		8C2518A92403C78600BAD4B5 /* Models.framework */ = {isa = PBXFileReference; explicitFileType = wrapper.framework; path = Models.framework; sourceTree = BUILT_PRODUCTS_DIR; };
		8C2518AC2403C79000BAD4B5 /* Assets.framework */ = {isa = PBXFileReference; explicitFileType = wrapper.framework; path = Assets.framework; sourceTree = BUILT_PRODUCTS_DIR; };
		8C2518BF2403C87200BAD4B5 /* Repository.framework */ = {isa = PBXFileReference; explicitFileType = wrapper.framework; path = Repository.framework; sourceTree = BUILT_PRODUCTS_DIR; };
		8C2518EE2403CA5F00BAD4B5 /* RxDatasourcesDep.framework */ = {isa = PBXFileReference; explicitFileType = wrapper.framework; path = RxDatasourcesDep.framework; sourceTree = BUILT_PRODUCTS_DIR; };
		8C4EDC56242902FF00C03E14 /* TimeLogCellViewModel.swift */ = {isa = PBXFileReference; lastKnownFileType = sourcecode.swift; path = TimeLogCellViewModel.swift; sourceTree = "<group>"; };
		8C4EDC5A2429F8B200C03E14 /* TimeEntriesSelectorTests.swift */ = {isa = PBXFileReference; lastKnownFileType = sourcecode.swift; path = TimeEntriesSelectorTests.swift; sourceTree = "<group>"; };
		8C509D092412509F00B6DF30 /* TimerFeature.swift */ = {isa = PBXFileReference; lastKnownFileType = sourcecode.swift; path = TimerFeature.swift; sourceTree = "<group>"; };
		8C509D0D2412567900B6DF30 /* TimerAction.swift */ = {isa = PBXFileReference; lastKnownFileType = sourcecode.swift; path = TimerAction.swift; sourceTree = "<group>"; };
		8C509D102412591E00B6DF30 /* TimeEntriesLogCoordinator.swift */ = {isa = PBXFileReference; lastKnownFileType = sourcecode.swift; path = TimeEntriesLogCoordinator.swift; sourceTree = "<group>"; };
		8C509D1224125AB500B6DF30 /* StartEditCoordinator.swift */ = {isa = PBXFileReference; lastKnownFileType = sourcecode.swift; path = StartEditCoordinator.swift; sourceTree = "<group>"; };
		8C509D142412603800B6DF30 /* TimerState.swift */ = {isa = PBXFileReference; lastKnownFileType = sourcecode.swift; path = TimerState.swift; sourceTree = "<group>"; };
		8C509D162412641600B6DF30 /* TimeEntriesLogFeature.swift */ = {isa = PBXFileReference; lastKnownFileType = sourcecode.swift; path = TimeEntriesLogFeature.swift; sourceTree = "<group>"; };
		8C509D182412644300B6DF30 /* StartEditFeature.swift */ = {isa = PBXFileReference; lastKnownFileType = sourcecode.swift; path = StartEditFeature.swift; sourceTree = "<group>"; };
		8C509D1A241264A200B6DF30 /* TimerCoordinator.swift */ = {isa = PBXFileReference; lastKnownFileType = sourcecode.swift; path = TimerCoordinator.swift; sourceTree = "<group>"; };
		8C509D1F2412874100B6DF30 /* TimeEntriesSelector.swift */ = {isa = PBXFileReference; lastKnownFileType = sourcecode.swift; path = TimeEntriesSelector.swift; sourceTree = "<group>"; };
		8C509D222412876A00B6DF30 /* TimeEntryViewModel.swift */ = {isa = PBXFileReference; fileEncoding = 4; lastKnownFileType = sourcecode.swift; path = TimeEntryViewModel.swift; sourceTree = "<group>"; };
		8C509D242412879200B6DF30 /* DayViewModel.swift */ = {isa = PBXFileReference; lastKnownFileType = sourcecode.swift; path = DayViewModel.swift; sourceTree = "<group>"; };
		8CAF7AD124581A41006B961D /* Timer.release.xcconfig */ = {isa = PBXFileReference; fileEncoding = 4; lastKnownFileType = text.xcconfig; path = Timer.release.xcconfig; sourceTree = "<group>"; };
		8CAF7AD224581A41006B961D /* Timer.debug.xcconfig */ = {isa = PBXFileReference; fileEncoding = 4; lastKnownFileType = text.xcconfig; path = Timer.debug.xcconfig; sourceTree = "<group>"; };
		8CAF7AD324581A41006B961D /* Project.release.xcconfig */ = {isa = PBXFileReference; fileEncoding = 4; lastKnownFileType = text.xcconfig; path = Project.release.xcconfig; sourceTree = "<group>"; };
		8CAF7AD424581A41006B961D /* TimerTests.release.xcconfig */ = {isa = PBXFileReference; fileEncoding = 4; lastKnownFileType = text.xcconfig; path = TimerTests.release.xcconfig; sourceTree = "<group>"; };
		8CAF7AD524581A41006B961D /* Timer-Shared.xcconfig */ = {isa = PBXFileReference; fileEncoding = 4; lastKnownFileType = text.xcconfig; path = "Timer-Shared.xcconfig"; sourceTree = "<group>"; };
		8CAF7AD724581A41006B961D /* TimerTests.debug.xcconfig */ = {isa = PBXFileReference; fileEncoding = 4; lastKnownFileType = text.xcconfig; path = TimerTests.debug.xcconfig; sourceTree = "<group>"; };
		8CAF7AD824581A41006B961D /* Project.debug.xcconfig */ = {isa = PBXFileReference; fileEncoding = 4; lastKnownFileType = text.xcconfig; path = Project.debug.xcconfig; sourceTree = "<group>"; };
		8CAF7AD924581A41006B961D /* TimerTests-Shared.xcconfig */ = {isa = PBXFileReference; fileEncoding = 4; lastKnownFileType = text.xcconfig; path = "TimerTests-Shared.xcconfig"; sourceTree = "<group>"; };
		8CB54532240E7DA100154473 /* TimeEntriesLogViewController.swift */ = {isa = PBXFileReference; lastKnownFileType = sourcecode.swift; path = TimeEntriesLogViewController.swift; sourceTree = "<group>"; };
		8CB54534240EA67400154473 /* StartEditState.swift */ = {isa = PBXFileReference; lastKnownFileType = sourcecode.swift; path = StartEditState.swift; sourceTree = "<group>"; };
		8CE32668243601D500C6C014 /* StartEditInputAccessoryView.swift */ = {isa = PBXFileReference; lastKnownFileType = sourcecode.swift; path = StartEditInputAccessoryView.swift; sourceTree = "<group>"; };
		8CE495A52434B3E2008ABE48 /* DummyLabelCell.swift */ = {isa = PBXFileReference; lastKnownFileType = sourcecode.swift; path = DummyLabelCell.swift; sourceTree = "<group>"; };
		AC4228492456EC5C00DD8AB3 /* WheelBackgroundView.swift */ = {isa = PBXFileReference; lastKnownFileType = sourcecode.swift; path = WheelBackgroundView.swift; sourceTree = "<group>"; };
		AC42284B245720E700DD8AB3 /* Wheel.swift */ = {isa = PBXFileReference; lastKnownFileType = sourcecode.swift; path = Wheel.swift; sourceTree = "<group>"; };
		AC42284E24572F4B00DD8AB3 /* ClockDial.swift */ = {isa = PBXFileReference; lastKnownFileType = sourcecode.swift; path = ClockDial.swift; sourceTree = "<group>"; };
		AC61F9072440BBF500534713 /* en */ = {isa = PBXFileReference; lastKnownFileType = text.plist.strings; name = en; path = en.lproj/Localizable.strings; sourceTree = "<group>"; };
		AC8239FF245874BB0078574D /* StartEditSelector.swift */ = {isa = PBXFileReference; lastKnownFileType = sourcecode.swift; path = StartEditSelector.swift; sourceTree = "<group>"; };
		ACAA58202433A7ED003FDECA /* RunningTimeEntryCoordinator.swift */ = {isa = PBXFileReference; fileEncoding = 4; lastKnownFileType = sourcecode.swift; path = RunningTimeEntryCoordinator.swift; sourceTree = "<group>"; };
		ACAA58212433A7ED003FDECA /* RunningTimeEntryState.swift */ = {isa = PBXFileReference; fileEncoding = 4; lastKnownFileType = sourcecode.swift; path = RunningTimeEntryState.swift; sourceTree = "<group>"; };
		ACAA58222433A7ED003FDECA /* RunningTimeEntryAction.swift */ = {isa = PBXFileReference; fileEncoding = 4; lastKnownFileType = sourcecode.swift; path = RunningTimeEntryAction.swift; sourceTree = "<group>"; };
		ACAA58232433A7ED003FDECA /* RunningTimeEntryFeature.swift */ = {isa = PBXFileReference; fileEncoding = 4; lastKnownFileType = sourcecode.swift; path = RunningTimeEntryFeature.swift; sourceTree = "<group>"; };
		ACAA58252433A7ED003FDECA /* RunningTimeEntryReducer.swift */ = {isa = PBXFileReference; fileEncoding = 4; lastKnownFileType = sourcecode.swift; path = RunningTimeEntryReducer.swift; sourceTree = "<group>"; };
		ACAA582F24349F02003FDECA /* RunningTimeEntrySelector.swift */ = {isa = PBXFileReference; lastKnownFileType = sourcecode.swift; path = RunningTimeEntrySelector.swift; sourceTree = "<group>"; };
		ACAA58312434A1EE003FDECA /* RunningTimeEntryViewController.swift */ = {isa = PBXFileReference; lastKnownFileType = sourcecode.swift; path = RunningTimeEntryViewController.swift; sourceTree = "<group>"; };
		ACAA585C24378106003FDECA /* SimpleBottomSheet.swift */ = {isa = PBXFileReference; lastKnownFileType = sourcecode.swift; path = SimpleBottomSheet.swift; sourceTree = "<group>"; };
		B417E98C244F78D0004D251F /* ProjectReducerTests.swift */ = {isa = PBXFileReference; lastKnownFileType = sourcecode.swift; path = ProjectReducerTests.swift; sourceTree = "<group>"; };
		B4B4F0A224362F1400DFBF2E /* UIUtils.framework */ = {isa = PBXFileReference; explicitFileType = wrapper.framework; path = UIUtils.framework; sourceTree = BUILT_PRODUCTS_DIR; };
		C5130F9C5AE2977FBE3C1DD9 /* Pods-Timer-TimerTests.release.xcconfig */ = {isa = PBXFileReference; includeInIndex = 1; lastKnownFileType = text.xcconfig; name = "Pods-Timer-TimerTests.release.xcconfig"; path = "Target Support Files/Pods-Timer-TimerTests/Pods-Timer-TimerTests.release.xcconfig"; sourceTree = "<group>"; };
		CC03C2712448AE1B0071FA55 /* ProjectAction.swift */ = {isa = PBXFileReference; lastKnownFileType = sourcecode.swift; path = ProjectAction.swift; sourceTree = "<group>"; };
		CC03C2722448AE1B0071FA55 /* ProjectCoordinator.swift */ = {isa = PBXFileReference; lastKnownFileType = sourcecode.swift; path = ProjectCoordinator.swift; sourceTree = "<group>"; };
		CC03C2732448AE1B0071FA55 /* ProjectFeature.swift */ = {isa = PBXFileReference; lastKnownFileType = sourcecode.swift; path = ProjectFeature.swift; sourceTree = "<group>"; };
		CC03C2742448AE1B0071FA55 /* ProjectReducer.swift */ = {isa = PBXFileReference; lastKnownFileType = sourcecode.swift; path = ProjectReducer.swift; sourceTree = "<group>"; };
		CC03C2752448AE1B0071FA55 /* ProjectState.swift */ = {isa = PBXFileReference; lastKnownFileType = sourcecode.swift; path = ProjectState.swift; sourceTree = "<group>"; };
		CC03C2762448AE1B0071FA55 /* ProjectViewController.swift */ = {isa = PBXFileReference; lastKnownFileType = sourcecode.swift; path = ProjectViewController.swift; sourceTree = "<group>"; };
		CC03C2772448AE1B0071FA55 /* ProjectSelector.swift */ = {isa = PBXFileReference; lastKnownFileType = sourcecode.swift; path = ProjectSelector.swift; sourceTree = "<group>"; };
		CC03C27F2448AF0A0071FA55 /* EditableProject.swift */ = {isa = PBXFileReference; lastKnownFileType = sourcecode.swift; path = EditableProject.swift; sourceTree = "<group>"; };
		CCD8DDAB2449EE9F00AC9932 /* RunningTimeEntryReducerTests.swift */ = {isa = PBXFileReference; fileEncoding = 4; lastKnownFileType = sourcecode.swift; path = RunningTimeEntryReducerTests.swift; sourceTree = "<group>"; };
		D1A6B75657C3B9CF1F0B3ED1 /* Pods_Timer_TimerTests.framework */ = {isa = PBXFileReference; explicitFileType = wrapper.framework; includeInIndex = 0; path = Pods_Timer_TimerTests.framework; sourceTree = BUILT_PRODUCTS_DIR; };
		FDB24E55169F474422BCBE49 /* Pods-Timer.release.xcconfig */ = {isa = PBXFileReference; includeInIndex = 1; lastKnownFileType = text.xcconfig; name = "Pods-Timer.release.xcconfig"; path = "Target Support Files/Pods-Timer/Pods-Timer.release.xcconfig"; sourceTree = "<group>"; };
/* End PBXFileReference section */

/* Begin PBXFrameworksBuildPhase section */
		8C2516BC2403C1B000BAD4B5 /* Frameworks */ = {
			isa = PBXFrameworksBuildPhase;
			buildActionMask = 2147483647;
			files = (
				8C2518C02403C87200BAD4B5 /* Repository.framework in Frameworks */,
				8C008FBE240823D6000A0C32 /* Utils.framework in Frameworks */,
				3430C36C24213CEB009CF454 /* OtherServices.framework in Frameworks */,
				8C2518AD2403C79000BAD4B5 /* Assets.framework in Frameworks */,
				B4B4F0A324362F1400DFBF2E /* UIUtils.framework in Frameworks */,
				8C2518AA2403C78600BAD4B5 /* Models.framework in Frameworks */,
				8C2518A62403C78100BAD4B5 /* Architecture.framework in Frameworks */,
				3F08D7D72EA783CBBD146B1F /* Pods_Timer.framework in Frameworks */,
			);
			runOnlyForDeploymentPostprocessing = 0;
		};
		8C2516C52403C1B000BAD4B5 /* Frameworks */ = {
			isa = PBXFrameworksBuildPhase;
			buildActionMask = 2147483647;
			files = (
				8C2516C92403C1B000BAD4B5 /* Timer.framework in Frameworks */,
				B795B8AF1298D91041CBE3A8 /* Pods_Timer_TimerTests.framework in Frameworks */,
			);
			runOnlyForDeploymentPostprocessing = 0;
		};
/* End PBXFrameworksBuildPhase section */

/* Begin PBXGroup section */
		2209AB08AC651D1E054AE97C /* Pods */ = {
			isa = PBXGroup;
			children = (
				1774F5621311F644B3258D92 /* Pods-Timer.debug.xcconfig */,
				FDB24E55169F474422BCBE49 /* Pods-Timer.release.xcconfig */,
				5B870F35C1C8E6FAB9F0A257 /* Pods-Timer-TimerTests.debug.xcconfig */,
				C5130F9C5AE2977FBE3C1DD9 /* Pods-Timer-TimerTests.release.xcconfig */,
			);
			name = Pods;
			path = ../../Pods;
			sourceTree = "<group>";
		};
		8C1DD94C242A1946005CE40A /* Selectors */ = {
			isa = PBXGroup;
			children = (
				8C4EDC5A2429F8B200C03E14 /* TimeEntriesSelectorTests.swift */,
			);
			path = Selectors;
			sourceTree = "<group>";
		};
		8C1F5356243485D000D9F979 /* Cells */ = {
			isa = PBXGroup;
			children = (
				8CE495A52434B3E2008ABE48 /* DummyLabelCell.swift */,
			);
			path = Cells;
			sourceTree = "<group>";
		};
		8C2130C22424F44F000FC72C /* Reducers */ = {
			isa = PBXGroup;
			children = (
				8C2130C82424F5CC000FC72C /* Mocks */,
				CCD8DDAB2449EE9F00AC9932 /* RunningTimeEntryReducerTests.swift */,
				8C2130C32424F46D000FC72C /* TimeEntriesLogReducerTests.swift */,
				510BD5B724363CF80028C445 /* StartEditReducerTests.swift */,
				B417E98C244F78D0004D251F /* ProjectReducerTests.swift */,
			);
			path = Reducers;
			sourceTree = "<group>";
		};
		8C2130C82424F5CC000FC72C /* Mocks */ = {
			isa = PBXGroup;
			children = (
				8C2130C92424F5DE000FC72C /* MockTimeLogRepository.swift */,
			);
			path = Mocks;
			sourceTree = "<group>";
		};
		8C2130CD2424F641000FC72C /* TestUtils */ = {
			isa = PBXGroup;
			children = (
				8C2130CE2424F64F000FC72C /* ReducerAssert.swift */,
				8C2130D02424F9EE000FC72C /* TimeEntry+Extensions.swift */,
			);
			path = TestUtils;
			sourceTree = "<group>";
		};
		8C2516B52403C1B000BAD4B5 = {
			isa = PBXGroup;
			children = (
				8CAF7AD024581A41006B961D /* Configurations */,
				8C2516C12403C1B000BAD4B5 /* Timer */,
				8C2516CC2403C1B000BAD4B5 /* TimerTests */,
				8C2516C02403C1B000BAD4B5 /* Products */,
				8C2518A42403C78100BAD4B5 /* Frameworks */,
				2209AB08AC651D1E054AE97C /* Pods */,
			);
			sourceTree = "<group>";
		};
		8C2516C02403C1B000BAD4B5 /* Products */ = {
			isa = PBXGroup;
			children = (
				8C2516BF2403C1B000BAD4B5 /* Timer.framework */,
				8C2516C82403C1B000BAD4B5 /* TimerTests.xctest */,
			);
			name = Products;
			sourceTree = "<group>";
		};
		8C2516C12403C1B000BAD4B5 /* Timer */ = {
			isa = PBXGroup;
			children = (
				8C509D092412509F00B6DF30 /* TimerFeature.swift */,
				8C509D362413E2C000B6DF30 /* Common */,
				8C509D342413E29300B6DF30 /* TimeEntriesLog */,
				8C509D352413E29B00B6DF30 /* StartEdit */,
				ACAA581F2433A7BC003FDECA /* Running */,
				CC2E552A2448AD8C005A3B40 /* Project */,
				8C2516C22403C1B000BAD4B5 /* Timer.h */,
				8C2516C32403C1B000BAD4B5 /* Info.plist */,
				AC61F9082440BBF500534713 /* Localizable.strings */,
			);
			path = Timer;
			sourceTree = "<group>";
		};
		8C2516CC2403C1B000BAD4B5 /* TimerTests */ = {
			isa = PBXGroup;
			children = (
				8C2130CD2424F641000FC72C /* TestUtils */,
				8C1DD94C242A1946005CE40A /* Selectors */,
				8C2130C22424F44F000FC72C /* Reducers */,
				8C2516CF2403C1B000BAD4B5 /* Info.plist */,
			);
			path = TimerTests;
			sourceTree = "<group>";
		};
		8C2518A42403C78100BAD4B5 /* Frameworks */ = {
			isa = PBXGroup;
			children = (
				B4B4F0A224362F1400DFBF2E /* UIUtils.framework */,
				3430C36B24213CEB009CF454 /* OtherServices.framework */,
				3430C365241A8FE4009CF454 /* Time.framework */,
				8C008FBD240823D6000A0C32 /* Utils.framework */,
				8C2518EE2403CA5F00BAD4B5 /* RxDatasourcesDep.framework */,
				8C2518BF2403C87200BAD4B5 /* Repository.framework */,
				8C2518AC2403C79000BAD4B5 /* Assets.framework */,
				8C2518A92403C78600BAD4B5 /* Models.framework */,
				8C2518A52403C78100BAD4B5 /* Architecture.framework */,
				1DB2199F93BBF3239F419242 /* Pods_Timer.framework */,
				D1A6B75657C3B9CF1F0B3ED1 /* Pods_Timer_TimerTests.framework */,
			);
			name = Frameworks;
			sourceTree = "<group>";
		};
		8C509D342413E29300B6DF30 /* TimeEntriesLog */ = {
			isa = PBXGroup;
			children = (
				8C509D382413E31100B6DF30 /* Views */,
				8C509D372413E2E200B6DF30 /* ViewModels */,
				8C2517852403C27200BAD4B5 /* TimeEntriesLogAction.swift */,
				8C509D1F2412874100B6DF30 /* TimeEntriesSelector.swift */,
				8C2517832403C27200BAD4B5 /* TimeEntriesLogState.swift */,
				8C509D162412641600B6DF30 /* TimeEntriesLogFeature.swift */,
				8C509D102412591E00B6DF30 /* TimeEntriesLogCoordinator.swift */,
				8C2517872403C27200BAD4B5 /* TimeEntriesLogReducer.swift */,
			);
			path = TimeEntriesLog;
			sourceTree = "<group>";
		};
		8C509D352413E29B00B6DF30 /* StartEdit */ = {
			isa = PBXGroup;
			children = (
				8C509D3A2413E31F00B6DF30 /* Views */,
				8C008FCF24093FF8000A0C32 /* StartEditAction.swift */,
				8CB54534240EA67400154473 /* StartEditState.swift */,
				8C509D182412644300B6DF30 /* StartEditFeature.swift */,
				8C509D1224125AB500B6DF30 /* StartEditCoordinator.swift */,
				8C008FD12409407B000A0C32 /* StartEditReducer.swift */,
				AC8239FF245874BB0078574D /* StartEditSelector.swift */,
				34C93C072453387300024F06 /* DateTimePickMode.swift */,
			);
			path = StartEdit;
			sourceTree = "<group>";
		};
		8C509D362413E2C000B6DF30 /* Common */ = {
			isa = PBXGroup;
			children = (
				8C509D392413E31700B6DF30 /* Views */,
				8C509D142412603800B6DF30 /* TimerState.swift */,
				51FF7C3B2429120500CC2002 /* EditableTimeEntry.swift */,
				8C509D0D2412567900B6DF30 /* TimerAction.swift */,
				8C509D1A241264A200B6DF30 /* TimerCoordinator.swift */,
				ACAA585C24378106003FDECA /* SimpleBottomSheet.swift */,
			);
			path = Common;
			sourceTree = "<group>";
		};
		8C509D372413E2E200B6DF30 /* ViewModels */ = {
			isa = PBXGroup;
			children = (
				8C509D242412879200B6DF30 /* DayViewModel.swift */,
				8C509D222412876A00B6DF30 /* TimeEntryViewModel.swift */,
				8C4EDC56242902FF00C03E14 /* TimeLogCellViewModel.swift */,
			);
			path = ViewModels;
			sourceTree = "<group>";
		};
		8C509D382413E31100B6DF30 /* Views */ = {
			isa = PBXGroup;
			children = (
				8CB54532240E7DA100154473 /* TimeEntriesLogViewController.swift */,
				8C2517802403C27200BAD4B5 /* TimeEntryCell.swift */,
			);
			path = Views;
			sourceTree = "<group>";
		};
		8C509D392413E31700B6DF30 /* Views */ = {
			isa = PBXGroup;
			children = (
				8C2517812403C27200BAD4B5 /* TimerViewController.swift */,
			);
			path = Views;
			sourceTree = "<group>";
		};
		8C509D3A2413E31F00B6DF30 /* Views */ = {
			isa = PBXGroup;
			children = (
				8C1F5356243485D000D9F979 /* Cells */,
				8C1F53542434804500D9F979 /* StartEditBottomSheet.swift */,
				8C008FC324090C85000A0C32 /* StartEditViewController.swift */,
				8C1F535A243487EC00D9F979 /* StartEditCellType.swift */,
				8CE32668243601D500C6C014 /* StartEditInputAccessoryView.swift */,
				AC42284D24572F3A00DD8AB3 /* Wheel */,
			);
			path = Views;
			sourceTree = "<group>";
		};
		8CAF7AD024581A41006B961D /* Configurations */ = {
			isa = PBXGroup;
			children = (
				8CAF7AD524581A41006B961D /* Timer-Shared.xcconfig */,
				8CAF7AD224581A41006B961D /* Timer.debug.xcconfig */,
				8CAF7AD124581A41006B961D /* Timer.release.xcconfig */,
				8CAF7AD924581A41006B961D /* TimerTests-Shared.xcconfig */,
				8CAF7AD724581A41006B961D /* TimerTests.debug.xcconfig */,
				8CAF7AD424581A41006B961D /* TimerTests.release.xcconfig */,
				8CAF7AD824581A41006B961D /* Project.debug.xcconfig */,
				8CAF7AD324581A41006B961D /* Project.release.xcconfig */,
			);
			path = Configurations;
			sourceTree = "<group>";
		};
		AC42284D24572F3A00DD8AB3 /* Wheel */ = {
			isa = PBXGroup;
			children = (
				AC42284B245720E700DD8AB3 /* Wheel.swift */,
				AC42284E24572F4B00DD8AB3 /* ClockDial.swift */,
				AC4228492456EC5C00DD8AB3 /* WheelBackgroundView.swift */,
			);
			path = Wheel;
			sourceTree = "<group>";
		};
		ACAA581F2433A7BC003FDECA /* Running */ = {
			isa = PBXGroup;
			children = (
				ACAA58242433A7ED003FDECA /* Views */,
				ACAA58222433A7ED003FDECA /* RunningTimeEntryAction.swift */,
				ACAA58202433A7ED003FDECA /* RunningTimeEntryCoordinator.swift */,
				ACAA58232433A7ED003FDECA /* RunningTimeEntryFeature.swift */,
				ACAA58252433A7ED003FDECA /* RunningTimeEntryReducer.swift */,
				ACAA58212433A7ED003FDECA /* RunningTimeEntryState.swift */,
				ACAA582F24349F02003FDECA /* RunningTimeEntrySelector.swift */,
			);
			path = Running;
			sourceTree = "<group>";
		};
		ACAA58242433A7ED003FDECA /* Views */ = {
			isa = PBXGroup;
			children = (
				ACAA58312434A1EE003FDECA /* RunningTimeEntryViewController.swift */,
			);
			path = Views;
			sourceTree = "<group>";
		};
		B417E98B244F76F0004D251F /* Views */ = {
			isa = PBXGroup;
			children = (
				CC03C2762448AE1B0071FA55 /* ProjectViewController.swift */,
			);
			path = Views;
			sourceTree = "<group>";
		};
		CC2E552A2448AD8C005A3B40 /* Project */ = {
			isa = PBXGroup;
			children = (
				B417E98B244F76F0004D251F /* Views */,
				CC03C2712448AE1B0071FA55 /* ProjectAction.swift */,
				CC03C2722448AE1B0071FA55 /* ProjectCoordinator.swift */,
				CC03C2732448AE1B0071FA55 /* ProjectFeature.swift */,
				CC03C2742448AE1B0071FA55 /* ProjectReducer.swift */,
				CC03C2752448AE1B0071FA55 /* ProjectState.swift */,
				CC03C2772448AE1B0071FA55 /* ProjectSelector.swift */,
				CC03C27F2448AF0A0071FA55 /* EditableProject.swift */,
			);
			path = Project;
			sourceTree = "<group>";
		};
/* End PBXGroup section */

/* Begin PBXHeadersBuildPhase section */
		8C2516BA2403C1B000BAD4B5 /* Headers */ = {
			isa = PBXHeadersBuildPhase;
			buildActionMask = 2147483647;
			files = (
				8C2516D02403C1B000BAD4B5 /* Timer.h in Headers */,
			);
			runOnlyForDeploymentPostprocessing = 0;
		};
/* End PBXHeadersBuildPhase section */

/* Begin PBXNativeTarget section */
		8C2516BE2403C1B000BAD4B5 /* Timer */ = {
			isa = PBXNativeTarget;
			buildConfigurationList = 8C2516D32403C1B000BAD4B5 /* Build configuration list for PBXNativeTarget "Timer" */;
			buildPhases = (
				A7E36D26572143D389880516 /* [CP] Check Pods Manifest.lock */,
				8C2516BA2403C1B000BAD4B5 /* Headers */,
				8C2516BB2403C1B000BAD4B5 /* Sources */,
				8C2516BC2403C1B000BAD4B5 /* Frameworks */,
				8C2516BD2403C1B000BAD4B5 /* Resources */,
			);
			buildRules = (
			);
			dependencies = (
			);
			name = Timer;
			productName = Timer;
			productReference = 8C2516BF2403C1B000BAD4B5 /* Timer.framework */;
			productType = "com.apple.product-type.framework";
		};
		8C2516C72403C1B000BAD4B5 /* TimerTests */ = {
			isa = PBXNativeTarget;
			buildConfigurationList = 8C2516D62403C1B000BAD4B5 /* Build configuration list for PBXNativeTarget "TimerTests" */;
			buildPhases = (
				4E3D0D0A5F3CF4E6F22A255A /* [CP] Check Pods Manifest.lock */,
				8C2516C42403C1B000BAD4B5 /* Sources */,
				8C2516C52403C1B000BAD4B5 /* Frameworks */,
				8C2516C62403C1B000BAD4B5 /* Resources */,
				32A8DC1FD199D4384BF8DCA2 /* [CP] Embed Pods Frameworks */,
			);
			buildRules = (
			);
			dependencies = (
				8C2516CB2403C1B000BAD4B5 /* PBXTargetDependency */,
			);
			name = TimerTests;
			productName = TimerTests;
			productReference = 8C2516C82403C1B000BAD4B5 /* TimerTests.xctest */;
			productType = "com.apple.product-type.bundle.unit-test";
		};
/* End PBXNativeTarget section */

/* Begin PBXProject section */
		8C2516B62403C1B000BAD4B5 /* Project object */ = {
			isa = PBXProject;
			attributes = {
				LastSwiftUpdateCheck = 1130;
				LastUpgradeCheck = 1130;
				ORGANIZATIONNAME = "Ricardo Sánchez Sotres";
				TargetAttributes = {
					8C2516BE2403C1B000BAD4B5 = {
						CreatedOnToolsVersion = 11.3.1;
						LastSwiftMigration = 1130;
					};
					8C2516C72403C1B000BAD4B5 = {
						CreatedOnToolsVersion = 11.3.1;
					};
				};
			};
			buildConfigurationList = 8C2516B92403C1B000BAD4B5 /* Build configuration list for PBXProject "Timer" */;
			compatibilityVersion = "Xcode 9.3";
			developmentRegion = en;
			hasScannedForEncodings = 0;
			knownRegions = (
				en,
				Base,
			);
			mainGroup = 8C2516B52403C1B000BAD4B5;
			productRefGroup = 8C2516C02403C1B000BAD4B5 /* Products */;
			projectDirPath = "";
			projectRoot = "";
			targets = (
				8C2516BE2403C1B000BAD4B5 /* Timer */,
				8C2516C72403C1B000BAD4B5 /* TimerTests */,
			);
		};
/* End PBXProject section */

/* Begin PBXResourcesBuildPhase section */
		8C2516BD2403C1B000BAD4B5 /* Resources */ = {
			isa = PBXResourcesBuildPhase;
			buildActionMask = 2147483647;
			files = (
				AC61F9062440BBF500534713 /* Localizable.strings in Resources */,
			);
			runOnlyForDeploymentPostprocessing = 0;
		};
		8C2516C62403C1B000BAD4B5 /* Resources */ = {
			isa = PBXResourcesBuildPhase;
			buildActionMask = 2147483647;
			files = (
			);
			runOnlyForDeploymentPostprocessing = 0;
		};
/* End PBXResourcesBuildPhase section */

/* Begin PBXShellScriptBuildPhase section */
		32A8DC1FD199D4384BF8DCA2 /* [CP] Embed Pods Frameworks */ = {
			isa = PBXShellScriptBuildPhase;
			buildActionMask = 2147483647;
			files = (
			);
			inputFileListPaths = (
				"${PODS_ROOT}/Target Support Files/Pods-Timer-TimerTests/Pods-Timer-TimerTests-frameworks-${CONFIGURATION}-input-files.xcfilelist",
			);
			name = "[CP] Embed Pods Frameworks";
			outputFileListPaths = (
				"${PODS_ROOT}/Target Support Files/Pods-Timer-TimerTests/Pods-Timer-TimerTests-frameworks-${CONFIGURATION}-output-files.xcfilelist",
			);
			runOnlyForDeploymentPostprocessing = 0;
			shellPath = /bin/sh;
			shellScript = "\"${PODS_ROOT}/Target Support Files/Pods-Timer-TimerTests/Pods-Timer-TimerTests-frameworks.sh\"\n";
			showEnvVarsInLog = 0;
		};
		4E3D0D0A5F3CF4E6F22A255A /* [CP] Check Pods Manifest.lock */ = {
			isa = PBXShellScriptBuildPhase;
			buildActionMask = 2147483647;
			files = (
			);
			inputFileListPaths = (
			);
			inputPaths = (
				"${PODS_PODFILE_DIR_PATH}/Podfile.lock",
				"${PODS_ROOT}/Manifest.lock",
			);
			name = "[CP] Check Pods Manifest.lock";
			outputFileListPaths = (
			);
			outputPaths = (
				"$(DERIVED_FILE_DIR)/Pods-Timer-TimerTests-checkManifestLockResult.txt",
			);
			runOnlyForDeploymentPostprocessing = 0;
			shellPath = /bin/sh;
			shellScript = "diff \"${PODS_PODFILE_DIR_PATH}/Podfile.lock\" \"${PODS_ROOT}/Manifest.lock\" > /dev/null\nif [ $? != 0 ] ; then\n    # print error to STDERR\n    echo \"error: The sandbox is not in sync with the Podfile.lock. Run 'pod install' or update your CocoaPods installation.\" >&2\n    exit 1\nfi\n# This output is used by Xcode 'outputs' to avoid re-running this script phase.\necho \"SUCCESS\" > \"${SCRIPT_OUTPUT_FILE_0}\"\n";
			showEnvVarsInLog = 0;
		};
		A7E36D26572143D389880516 /* [CP] Check Pods Manifest.lock */ = {
			isa = PBXShellScriptBuildPhase;
			buildActionMask = 2147483647;
			files = (
			);
			inputFileListPaths = (
			);
			inputPaths = (
				"${PODS_PODFILE_DIR_PATH}/Podfile.lock",
				"${PODS_ROOT}/Manifest.lock",
			);
			name = "[CP] Check Pods Manifest.lock";
			outputFileListPaths = (
			);
			outputPaths = (
				"$(DERIVED_FILE_DIR)/Pods-Timer-checkManifestLockResult.txt",
			);
			runOnlyForDeploymentPostprocessing = 0;
			shellPath = /bin/sh;
			shellScript = "diff \"${PODS_PODFILE_DIR_PATH}/Podfile.lock\" \"${PODS_ROOT}/Manifest.lock\" > /dev/null\nif [ $? != 0 ] ; then\n    # print error to STDERR\n    echo \"error: The sandbox is not in sync with the Podfile.lock. Run 'pod install' or update your CocoaPods installation.\" >&2\n    exit 1\nfi\n# This output is used by Xcode 'outputs' to avoid re-running this script phase.\necho \"SUCCESS\" > \"${SCRIPT_OUTPUT_FILE_0}\"\n";
			showEnvVarsInLog = 0;
		};
/* End PBXShellScriptBuildPhase section */

/* Begin PBXSourcesBuildPhase section */
		8C2516BB2403C1B000BAD4B5 /* Sources */ = {
			isa = PBXSourcesBuildPhase;
			buildActionMask = 2147483647;
			files = (
				AC42284A2456EC5C00DD8AB3 /* WheelBackgroundView.swift in Sources */,
				CC03C27B2448AE1C0071FA55 /* ProjectReducer.swift in Sources */,
				8C25178B2403C27200BAD4B5 /* TimeEntriesLogState.swift in Sources */,
				34C93C082453387300024F06 /* DateTimePickMode.swift in Sources */,
				ACAA58292433A7ED003FDECA /* RunningTimeEntryFeature.swift in Sources */,
				AC42284F24572F4B00DD8AB3 /* ClockDial.swift in Sources */,
				8C509D0A2412509F00B6DF30 /* TimerFeature.swift in Sources */,
				CC03C2792448AE1C0071FA55 /* ProjectCoordinator.swift in Sources */,
				ACAA583024349F02003FDECA /* RunningTimeEntrySelector.swift in Sources */,
				8C1F53552434804500D9F979 /* StartEditBottomSheet.swift in Sources */,
				8C25178A2403C27200BAD4B5 /* TimerViewController.swift in Sources */,
				8C25178C2403C27200BAD4B5 /* TimeEntriesLogAction.swift in Sources */,
				CC03C27D2448AE1C0071FA55 /* ProjectViewController.swift in Sources */,
				8C509D172412641600B6DF30 /* TimeEntriesLogFeature.swift in Sources */,
				ACAA58272433A7ED003FDECA /* RunningTimeEntryState.swift in Sources */,
				CC03C27E2448AE1C0071FA55 /* ProjectSelector.swift in Sources */,
				8CB54533240E7DA100154473 /* TimeEntriesLogViewController.swift in Sources */,
				8C008FD22409407B000A0C32 /* StartEditReducer.swift in Sources */,
				ACAA58282433A7ED003FDECA /* RunningTimeEntryAction.swift in Sources */,
				8C25178D2403C27200BAD4B5 /* TimeEntriesLogReducer.swift in Sources */,
				AC42284C245720E700DD8AB3 /* Wheel.swift in Sources */,
				8C509D112412591E00B6DF30 /* TimeEntriesLogCoordinator.swift in Sources */,
				8C4EDC57242902FF00C03E14 /* TimeLogCellViewModel.swift in Sources */,
				8CE32669243601D500C6C014 /* StartEditInputAccessoryView.swift in Sources */,
				8C008FC424090C85000A0C32 /* StartEditViewController.swift in Sources */,
				CC03C2802448AF0A0071FA55 /* EditableProject.swift in Sources */,
				8C509D252412879200B6DF30 /* DayViewModel.swift in Sources */,
				ACAA582A2433A7ED003FDECA /* RunningTimeEntryReducer.swift in Sources */,
				CC03C27C2448AE1C0071FA55 /* ProjectState.swift in Sources */,
				8C008FD024093FF8000A0C32 /* StartEditAction.swift in Sources */,
				ACAA58262433A7ED003FDECA /* RunningTimeEntryCoordinator.swift in Sources */,
				8C509D232412876A00B6DF30 /* TimeEntryViewModel.swift in Sources */,
				8CB54535240EA67400154473 /* StartEditState.swift in Sources */,
				ACAA585D24378106003FDECA /* SimpleBottomSheet.swift in Sources */,
				ACAA58322434A1EE003FDECA /* RunningTimeEntryViewController.swift in Sources */,
				8CE495A62434B3E2008ABE48 /* DummyLabelCell.swift in Sources */,
				8C2517892403C27200BAD4B5 /* TimeEntryCell.swift in Sources */,
				AC823A01245874BB0078574D /* StartEditSelector.swift in Sources */,
				CC03C2782448AE1B0071FA55 /* ProjectAction.swift in Sources */,
				8C509D202412874100B6DF30 /* TimeEntriesSelector.swift in Sources */,
				8C509D152412603800B6DF30 /* TimerState.swift in Sources */,
				8C509D0E2412567900B6DF30 /* TimerAction.swift in Sources */,
				8C509D1B241264A200B6DF30 /* TimerCoordinator.swift in Sources */,
				51FF7C3C2429120500CC2002 /* EditableTimeEntry.swift in Sources */,
				8C509D1324125AB500B6DF30 /* StartEditCoordinator.swift in Sources */,
				8C509D192412644300B6DF30 /* StartEditFeature.swift in Sources */,
				CC03C27A2448AE1C0071FA55 /* ProjectFeature.swift in Sources */,
				8C1F535B243487EC00D9F979 /* StartEditCellType.swift in Sources */,
			);
			runOnlyForDeploymentPostprocessing = 0;
		};
		8C2516C42403C1B000BAD4B5 /* Sources */ = {
			isa = PBXSourcesBuildPhase;
			buildActionMask = 2147483647;
			files = (
				B417E98D244F78D0004D251F /* ProjectReducerTests.swift in Sources */,
				CCD8DDAC2449EE9F00AC9932 /* RunningTimeEntryReducerTests.swift in Sources */,
				8C2130CA2424F5DE000FC72C /* MockTimeLogRepository.swift in Sources */,
				8C2130C42424F46D000FC72C /* TimeEntriesLogReducerTests.swift in Sources */,
				8C2130D12424F9EE000FC72C /* TimeEntry+Extensions.swift in Sources */,
				8C2130CF2424F64F000FC72C /* ReducerAssert.swift in Sources */,
				8C4EDC5B2429F8B200C03E14 /* TimeEntriesSelectorTests.swift in Sources */,
				510BD5B824363CF80028C445 /* StartEditReducerTests.swift in Sources */,
			);
			runOnlyForDeploymentPostprocessing = 0;
		};
/* End PBXSourcesBuildPhase section */

/* Begin PBXTargetDependency section */
		8C2516CB2403C1B000BAD4B5 /* PBXTargetDependency */ = {
			isa = PBXTargetDependency;
			target = 8C2516BE2403C1B000BAD4B5 /* Timer */;
			targetProxy = 8C2516CA2403C1B000BAD4B5 /* PBXContainerItemProxy */;
		};
/* End PBXTargetDependency section */

/* Begin PBXVariantGroup section */
		AC61F9082440BBF500534713 /* Localizable.strings */ = {
			isa = PBXVariantGroup;
			children = (
				AC61F9072440BBF500534713 /* en */,
			);
			name = Localizable.strings;
			sourceTree = "<group>";
		};
/* End PBXVariantGroup section */

/* Begin XCBuildConfiguration section */
		8C2516D12403C1B000BAD4B5 /* Debug */ = {
			isa = XCBuildConfiguration;
			baseConfigurationReference = 8CAF7AD824581A41006B961D /* Project.debug.xcconfig */;
			buildSettings = {
			};
			name = Debug;
		};
		8C2516D22403C1B000BAD4B5 /* Release */ = {
			isa = XCBuildConfiguration;
			baseConfigurationReference = 8CAF7AD324581A41006B961D /* Project.release.xcconfig */;
			buildSettings = {
			};
			name = Release;
		};
		8C2516D42403C1B000BAD4B5 /* Debug */ = {
			isa = XCBuildConfiguration;
			baseConfigurationReference = 8CAF7AD224581A41006B961D /* Timer.debug.xcconfig */;
			buildSettings = {
			};
			name = Debug;
		};
		8C2516D52403C1B000BAD4B5 /* Release */ = {
			isa = XCBuildConfiguration;
			baseConfigurationReference = 8CAF7AD124581A41006B961D /* Timer.release.xcconfig */;
			buildSettings = {
			};
			name = Release;
		};
		8C2516D72403C1B000BAD4B5 /* Debug */ = {
			isa = XCBuildConfiguration;
			baseConfigurationReference = 8CAF7AD724581A41006B961D /* TimerTests.debug.xcconfig */;
			buildSettings = {
			};
			name = Debug;
		};
		8C2516D82403C1B000BAD4B5 /* Release */ = {
			isa = XCBuildConfiguration;
			baseConfigurationReference = 8CAF7AD424581A41006B961D /* TimerTests.release.xcconfig */;
			buildSettings = {
			};
			name = Release;
		};
/* End XCBuildConfiguration section */

/* Begin XCConfigurationList section */
		8C2516B92403C1B000BAD4B5 /* Build configuration list for PBXProject "Timer" */ = {
			isa = XCConfigurationList;
			buildConfigurations = (
				8C2516D12403C1B000BAD4B5 /* Debug */,
				8C2516D22403C1B000BAD4B5 /* Release */,
			);
			defaultConfigurationIsVisible = 0;
			defaultConfigurationName = Release;
		};
		8C2516D32403C1B000BAD4B5 /* Build configuration list for PBXNativeTarget "Timer" */ = {
			isa = XCConfigurationList;
			buildConfigurations = (
				8C2516D42403C1B000BAD4B5 /* Debug */,
				8C2516D52403C1B000BAD4B5 /* Release */,
			);
			defaultConfigurationIsVisible = 0;
			defaultConfigurationName = Release;
		};
		8C2516D62403C1B000BAD4B5 /* Build configuration list for PBXNativeTarget "TimerTests" */ = {
			isa = XCConfigurationList;
			buildConfigurations = (
				8C2516D72403C1B000BAD4B5 /* Debug */,
				8C2516D82403C1B000BAD4B5 /* Release */,
			);
			defaultConfigurationIsVisible = 0;
			defaultConfigurationName = Release;
		};
/* End XCConfigurationList section */
	};
	rootObject = 8C2516B62403C1B000BAD4B5 /* Project object */;
}
