// !$*UTF8*$!
{
	archiveVersion = 1;
	classes = {
	};
	objectVersion = 50;
	objects = {

/* Begin PBXBuildFile section */
		3430C40D2423BD83009CF454 /* Database.framework in Frameworks */ = {isa = PBXBuildFile; fileRef = 3430C4032423BD83009CF454 /* Database.framework */; };
		3430C4122423BD83009CF454 /* DatabaseTests.swift in Sources */ = {isa = PBXBuildFile; fileRef = 3430C4112423BD83009CF454 /* DatabaseTests.swift */; };
		3430C4142423BD83009CF454 /* Database.h in Headers */ = {isa = PBXBuildFile; fileRef = 3430C4062423BD83009CF454 /* Database.h */; settings = {ATTRIBUTES = (Public, ); }; };
		3430C41E2423BD9F009CF454 /* Database.swift in Sources */ = {isa = PBXBuildFile; fileRef = 3430C41D2423BD9F009CF454 /* Database.swift */; };
		3430C4212423BDBD009CF454 /* Database.xcdatamodeld in Sources */ = {isa = PBXBuildFile; fileRef = 3430C41F2423BDBD009CF454 /* Database.xcdatamodeld */; };
		3430C42B242402B7009CF454 /* ManagedTimeEntry.swift in Sources */ = {isa = PBXBuildFile; fileRef = 3430C42A242402B7009CF454 /* ManagedTimeEntry.swift */; };
		3430C42E242405FC009CF454 /* Models.framework in Frameworks */ = {isa = PBXBuildFile; fileRef = 3430C42D242405FC009CF454 /* Models.framework */; };
		B49CDBF324323EF600BFBBFB /* ManagedTag.swift in Sources */ = {isa = PBXBuildFile; fileRef = B49CDBF224323EF600BFBBFB /* ManagedTag.swift */; };
		B49CDBF5243243DE00BFBBFB /* ManagedEntity.swift in Sources */ = {isa = PBXBuildFile; fileRef = B49CDBF4243243DE00BFBBFB /* ManagedEntity.swift */; };
		B49CDBF924326BD700BFBBFB /* ManagedClient.swift in Sources */ = {isa = PBXBuildFile; fileRef = B49CDBF824326BD700BFBBFB /* ManagedClient.swift */; };
/* End PBXBuildFile section */

/* Begin PBXContainerItemProxy section */
		3430C40E2423BD83009CF454 /* PBXContainerItemProxy */ = {
			isa = PBXContainerItemProxy;
			containerPortal = 3430C3FA2423BD83009CF454 /* Project object */;
			proxyType = 1;
			remoteGlobalIDString = 3430C4022423BD83009CF454;
			remoteInfo = Database;
		};
/* End PBXContainerItemProxy section */

/* Begin PBXFileReference section */
		3430C4032423BD83009CF454 /* Database.framework */ = {isa = PBXFileReference; explicitFileType = wrapper.framework; includeInIndex = 0; path = Database.framework; sourceTree = BUILT_PRODUCTS_DIR; };
		3430C4062423BD83009CF454 /* Database.h */ = {isa = PBXFileReference; lastKnownFileType = sourcecode.c.h; path = Database.h; sourceTree = "<group>"; };
		3430C4072423BD83009CF454 /* Info.plist */ = {isa = PBXFileReference; lastKnownFileType = text.plist.xml; path = Info.plist; sourceTree = "<group>"; };
		3430C40C2423BD83009CF454 /* DatabaseTests.xctest */ = {isa = PBXFileReference; explicitFileType = wrapper.cfbundle; includeInIndex = 0; path = DatabaseTests.xctest; sourceTree = BUILT_PRODUCTS_DIR; };
		3430C4112423BD83009CF454 /* DatabaseTests.swift */ = {isa = PBXFileReference; lastKnownFileType = sourcecode.swift; path = DatabaseTests.swift; sourceTree = "<group>"; };
		3430C4132423BD83009CF454 /* Info.plist */ = {isa = PBXFileReference; lastKnownFileType = text.plist.xml; path = Info.plist; sourceTree = "<group>"; };
		3430C41D2423BD9F009CF454 /* Database.swift */ = {isa = PBXFileReference; lastKnownFileType = sourcecode.swift; path = Database.swift; sourceTree = "<group>"; };
		3430C4202423BDBD009CF454 /* Database.xcdatamodel */ = {isa = PBXFileReference; lastKnownFileType = wrapper.xcdatamodel; path = Database.xcdatamodel; sourceTree = "<group>"; };
		3430C42A242402B7009CF454 /* ManagedTimeEntry.swift */ = {isa = PBXFileReference; lastKnownFileType = sourcecode.swift; path = ManagedTimeEntry.swift; sourceTree = "<group>"; };
		3430C42D242405FC009CF454 /* Models.framework */ = {isa = PBXFileReference; explicitFileType = wrapper.framework; path = Models.framework; sourceTree = BUILT_PRODUCTS_DIR; };
		B49CDBF224323EF600BFBBFB /* ManagedTag.swift */ = {isa = PBXFileReference; lastKnownFileType = sourcecode.swift; path = ManagedTag.swift; sourceTree = "<group>"; };
		B49CDBF4243243DE00BFBBFB /* ManagedEntity.swift */ = {isa = PBXFileReference; lastKnownFileType = sourcecode.swift; path = ManagedEntity.swift; sourceTree = "<group>"; };
		B49CDBF824326BD700BFBBFB /* ManagedClient.swift */ = {isa = PBXFileReference; lastKnownFileType = sourcecode.swift; path = ManagedClient.swift; sourceTree = "<group>"; };
/* End PBXFileReference section */

/* Begin PBXFrameworksBuildPhase section */
		3430C4002423BD83009CF454 /* Frameworks */ = {
			isa = PBXFrameworksBuildPhase;
			buildActionMask = 2147483647;
			files = (
				3430C42E242405FC009CF454 /* Models.framework in Frameworks */,
			);
			runOnlyForDeploymentPostprocessing = 0;
		};
		3430C4092423BD83009CF454 /* Frameworks */ = {
			isa = PBXFrameworksBuildPhase;
			buildActionMask = 2147483647;
			files = (
				3430C40D2423BD83009CF454 /* Database.framework in Frameworks */,
			);
			runOnlyForDeploymentPostprocessing = 0;
		};
/* End PBXFrameworksBuildPhase section */

/* Begin PBXGroup section */
		3430C3F92423BD83009CF454 = {
			isa = PBXGroup;
			children = (
				3430C41F2423BDBD009CF454 /* Database.xcdatamodeld */,
				3430C4052423BD83009CF454 /* Database */,
				3430C4102423BD83009CF454 /* DatabaseTests */,
				3430C4042423BD83009CF454 /* Products */,
				3430C42C242405FC009CF454 /* Frameworks */,
			);
			sourceTree = "<group>";
		};
		3430C4042423BD83009CF454 /* Products */ = {
			isa = PBXGroup;
			children = (
				3430C4032423BD83009CF454 /* Database.framework */,
				3430C40C2423BD83009CF454 /* DatabaseTests.xctest */,
			);
			name = Products;
			sourceTree = "<group>";
		};
		3430C4052423BD83009CF454 /* Database */ = {
			isa = PBXGroup;
			children = (
				3430C429242402A7009CF454 /* Models */,
				3430C4062423BD83009CF454 /* Database.h */,
				3430C4072423BD83009CF454 /* Info.plist */,
				3430C41D2423BD9F009CF454 /* Database.swift */,
			);
			path = Database;
			sourceTree = "<group>";
		};
		3430C4102423BD83009CF454 /* DatabaseTests */ = {
			isa = PBXGroup;
			children = (
				3430C4112423BD83009CF454 /* DatabaseTests.swift */,
				3430C4132423BD83009CF454 /* Info.plist */,
			);
			path = DatabaseTests;
			sourceTree = "<group>";
		};
		3430C429242402A7009CF454 /* Models */ = {
			isa = PBXGroup;
			children = (
				B49CDBF4243243DE00BFBBFB /* ManagedEntity.swift */,
				B49CDBF824326BD700BFBBFB /* ManagedClient.swift */,
				B49CDBF224323EF600BFBBFB /* ManagedTag.swift */,
				3430C42A242402B7009CF454 /* ManagedTimeEntry.swift */,
			);
			path = Models;
			sourceTree = "<group>";
		};
		3430C42C242405FC009CF454 /* Frameworks */ = {
			isa = PBXGroup;
			children = (
				3430C42D242405FC009CF454 /* Models.framework */,
			);
			name = Frameworks;
			sourceTree = "<group>";
		};
/* End PBXGroup section */

/* Begin PBXHeadersBuildPhase section */
		3430C3FE2423BD83009CF454 /* Headers */ = {
			isa = PBXHeadersBuildPhase;
			buildActionMask = 2147483647;
			files = (
				3430C4142423BD83009CF454 /* Database.h in Headers */,
			);
			runOnlyForDeploymentPostprocessing = 0;
		};
/* End PBXHeadersBuildPhase section */

/* Begin PBXNativeTarget section */
		3430C4022423BD83009CF454 /* Database */ = {
			isa = PBXNativeTarget;
			buildConfigurationList = 3430C4172423BD83009CF454 /* Build configuration list for PBXNativeTarget "Database" */;
			buildPhases = (
				3430C3FE2423BD83009CF454 /* Headers */,
				3430C3FF2423BD83009CF454 /* Sources */,
				3430C4002423BD83009CF454 /* Frameworks */,
				3430C4012423BD83009CF454 /* Resources */,
			);
			buildRules = (
			);
			dependencies = (
			);
			name = Database;
			productName = Database;
			productReference = 3430C4032423BD83009CF454 /* Database.framework */;
			productType = "com.apple.product-type.framework";
		};
		3430C40B2423BD83009CF454 /* DatabaseTests */ = {
			isa = PBXNativeTarget;
			buildConfigurationList = 3430C41A2423BD83009CF454 /* Build configuration list for PBXNativeTarget "DatabaseTests" */;
			buildPhases = (
				3430C4082423BD83009CF454 /* Sources */,
				3430C4092423BD83009CF454 /* Frameworks */,
				3430C40A2423BD83009CF454 /* Resources */,
			);
			buildRules = (
			);
			dependencies = (
				3430C40F2423BD83009CF454 /* PBXTargetDependency */,
			);
			name = DatabaseTests;
			productName = DatabaseTests;
			productReference = 3430C40C2423BD83009CF454 /* DatabaseTests.xctest */;
			productType = "com.apple.product-type.bundle.unit-test";
		};
/* End PBXNativeTarget section */

/* Begin PBXProject section */
		3430C3FA2423BD83009CF454 /* Project object */ = {
			isa = PBXProject;
			attributes = {
				LastSwiftUpdateCheck = 1130;
				LastUpgradeCheck = 1130;
				ORGANIZATIONNAME = Toggl;
				TargetAttributes = {
					3430C4022423BD83009CF454 = {
						CreatedOnToolsVersion = 11.3.1;
						LastSwiftMigration = 1130;
					};
					3430C40B2423BD83009CF454 = {
						CreatedOnToolsVersion = 11.3.1;
					};
				};
			};
			buildConfigurationList = 3430C3FD2423BD83009CF454 /* Build configuration list for PBXProject "Database" */;
			compatibilityVersion = "Xcode 9.3";
			developmentRegion = en;
			hasScannedForEncodings = 0;
			knownRegions = (
				en,
				Base,
			);
			mainGroup = 3430C3F92423BD83009CF454;
			productRefGroup = 3430C4042423BD83009CF454 /* Products */;
			projectDirPath = "";
			projectRoot = "";
			targets = (
				3430C4022423BD83009CF454 /* Database */,
				3430C40B2423BD83009CF454 /* DatabaseTests */,
			);
		};
/* End PBXProject section */

/* Begin PBXResourcesBuildPhase section */
		3430C4012423BD83009CF454 /* Resources */ = {
			isa = PBXResourcesBuildPhase;
			buildActionMask = 2147483647;
			files = (
			);
			runOnlyForDeploymentPostprocessing = 0;
		};
		3430C40A2423BD83009CF454 /* Resources */ = {
			isa = PBXResourcesBuildPhase;
			buildActionMask = 2147483647;
			files = (
			);
			runOnlyForDeploymentPostprocessing = 0;
		};
/* End PBXResourcesBuildPhase section */

/* Begin PBXSourcesBuildPhase section */
		3430C3FF2423BD83009CF454 /* Sources */ = {
			isa = PBXSourcesBuildPhase;
			buildActionMask = 2147483647;
			files = (
				B49CDBF324323EF600BFBBFB /* ManagedTag.swift in Sources */,
				B49CDBF5243243DE00BFBBFB /* ManagedEntity.swift in Sources */,
				B49CDBF924326BD700BFBBFB /* ManagedClient.swift in Sources */,
				3430C4212423BDBD009CF454 /* Database.xcdatamodeld in Sources */,
				3430C41E2423BD9F009CF454 /* Database.swift in Sources */,
				3430C42B242402B7009CF454 /* ManagedTimeEntry.swift in Sources */,
			);
			runOnlyForDeploymentPostprocessing = 0;
		};
		3430C4082423BD83009CF454 /* Sources */ = {
			isa = PBXSourcesBuildPhase;
			buildActionMask = 2147483647;
			files = (
				3430C4122423BD83009CF454 /* DatabaseTests.swift in Sources */,
			);
			runOnlyForDeploymentPostprocessing = 0;
		};
/* End PBXSourcesBuildPhase section */

/* Begin PBXTargetDependency section */
		3430C40F2423BD83009CF454 /* PBXTargetDependency */ = {
			isa = PBXTargetDependency;
			target = 3430C4022423BD83009CF454 /* Database */;
			targetProxy = 3430C40E2423BD83009CF454 /* PBXContainerItemProxy */;
		};
/* End PBXTargetDependency section */

/* Begin XCBuildConfiguration section */
		3430C4152423BD83009CF454 /* Debug */ = {
			isa = XCBuildConfiguration;
			buildSettings = {
				ALWAYS_SEARCH_USER_PATHS = NO;
				CLANG_ANALYZER_NONNULL = YES;
				CLANG_ANALYZER_NUMBER_OBJECT_CONVERSION = YES_AGGRESSIVE;
				CLANG_CXX_LANGUAGE_STANDARD = "gnu++14";
				CLANG_CXX_LIBRARY = "libc++";
				CLANG_ENABLE_MODULES = YES;
				CLANG_ENABLE_OBJC_ARC = YES;
				CLANG_ENABLE_OBJC_WEAK = YES;
				CLANG_WARN_BLOCK_CAPTURE_AUTORELEASING = YES;
				CLANG_WARN_BOOL_CONVERSION = YES;
				CLANG_WARN_COMMA = YES;
				CLANG_WARN_CONSTANT_CONVERSION = YES;
				CLANG_WARN_DEPRECATED_OBJC_IMPLEMENTATIONS = YES;
				CLANG_WARN_DIRECT_OBJC_ISA_USAGE = YES_ERROR;
				CLANG_WARN_DOCUMENTATION_COMMENTS = YES;
				CLANG_WARN_EMPTY_BODY = YES;
				CLANG_WARN_ENUM_CONVERSION = YES;
				CLANG_WARN_INFINITE_RECURSION = YES;
				CLANG_WARN_INT_CONVERSION = YES;
				CLANG_WARN_NON_LITERAL_NULL_CONVERSION = YES;
				CLANG_WARN_OBJC_IMPLICIT_RETAIN_SELF = YES;
				CLANG_WARN_OBJC_LITERAL_CONVERSION = YES;
				CLANG_WARN_OBJC_ROOT_CLASS = YES_ERROR;
				CLANG_WARN_RANGE_LOOP_ANALYSIS = YES;
				CLANG_WARN_STRICT_PROTOTYPES = YES;
				CLANG_WARN_SUSPICIOUS_MOVE = YES;
				CLANG_WARN_UNGUARDED_AVAILABILITY = YES_AGGRESSIVE;
				CLANG_WARN_UNREACHABLE_CODE = YES;
				CLANG_WARN__DUPLICATE_METHOD_MATCH = YES;
				COPY_PHASE_STRIP = NO;
				CURRENT_PROJECT_VERSION = 1;
				DEBUG_INFORMATION_FORMAT = dwarf;
				ENABLE_STRICT_OBJC_MSGSEND = YES;
				ENABLE_TESTABILITY = YES;
				GCC_C_LANGUAGE_STANDARD = gnu11;
				GCC_DYNAMIC_NO_PIC = NO;
				GCC_NO_COMMON_BLOCKS = YES;
				GCC_OPTIMIZATION_LEVEL = 0;
				GCC_PREPROCESSOR_DEFINITIONS = (
					"DEBUG=1",
					"$(inherited)",
				);
				GCC_WARN_64_TO_32_BIT_CONVERSION = YES;
				GCC_WARN_ABOUT_RETURN_TYPE = YES_ERROR;
				GCC_WARN_UNDECLARED_SELECTOR = YES;
				GCC_WARN_UNINITIALIZED_AUTOS = YES_AGGRESSIVE;
				GCC_WARN_UNUSED_FUNCTION = YES;
				GCC_WARN_UNUSED_VARIABLE = YES;
				IPHONEOS_DEPLOYMENT_TARGET = 11.0;
				MTL_ENABLE_DEBUG_INFO = INCLUDE_SOURCE;
				MTL_FAST_MATH = YES;
				ONLY_ACTIVE_ARCH = YES;
				SDKROOT = iphoneos;
				SWIFT_ACTIVE_COMPILATION_CONDITIONS = DEBUG;
				SWIFT_OPTIMIZATION_LEVEL = "-Onone";
				VERSIONING_SYSTEM = "apple-generic";
				VERSION_INFO_PREFIX = "";
			};
			name = Debug;
		};
		3430C4162423BD83009CF454 /* Release */ = {
			isa = XCBuildConfiguration;
			buildSettings = {
				ALWAYS_SEARCH_USER_PATHS = NO;
				CLANG_ANALYZER_NONNULL = YES;
				CLANG_ANALYZER_NUMBER_OBJECT_CONVERSION = YES_AGGRESSIVE;
				CLANG_CXX_LANGUAGE_STANDARD = "gnu++14";
				CLANG_CXX_LIBRARY = "libc++";
				CLANG_ENABLE_MODULES = YES;
				CLANG_ENABLE_OBJC_ARC = YES;
				CLANG_ENABLE_OBJC_WEAK = YES;
				CLANG_WARN_BLOCK_CAPTURE_AUTORELEASING = YES;
				CLANG_WARN_BOOL_CONVERSION = YES;
				CLANG_WARN_COMMA = YES;
				CLANG_WARN_CONSTANT_CONVERSION = YES;
				CLANG_WARN_DEPRECATED_OBJC_IMPLEMENTATIONS = YES;
				CLANG_WARN_DIRECT_OBJC_ISA_USAGE = YES_ERROR;
				CLANG_WARN_DOCUMENTATION_COMMENTS = YES;
				CLANG_WARN_EMPTY_BODY = YES;
				CLANG_WARN_ENUM_CONVERSION = YES;
				CLANG_WARN_INFINITE_RECURSION = YES;
				CLANG_WARN_INT_CONVERSION = YES;
				CLANG_WARN_NON_LITERAL_NULL_CONVERSION = YES;
				CLANG_WARN_OBJC_IMPLICIT_RETAIN_SELF = YES;
				CLANG_WARN_OBJC_LITERAL_CONVERSION = YES;
				CLANG_WARN_OBJC_ROOT_CLASS = YES_ERROR;
				CLANG_WARN_RANGE_LOOP_ANALYSIS = YES;
				CLANG_WARN_STRICT_PROTOTYPES = YES;
				CLANG_WARN_SUSPICIOUS_MOVE = YES;
				CLANG_WARN_UNGUARDED_AVAILABILITY = YES_AGGRESSIVE;
				CLANG_WARN_UNREACHABLE_CODE = YES;
				CLANG_WARN__DUPLICATE_METHOD_MATCH = YES;
				COPY_PHASE_STRIP = NO;
				CURRENT_PROJECT_VERSION = 1;
				DEBUG_INFORMATION_FORMAT = "dwarf-with-dsym";
				ENABLE_NS_ASSERTIONS = NO;
				ENABLE_STRICT_OBJC_MSGSEND = YES;
				GCC_C_LANGUAGE_STANDARD = gnu11;
				GCC_NO_COMMON_BLOCKS = YES;
				GCC_WARN_64_TO_32_BIT_CONVERSION = YES;
				GCC_WARN_ABOUT_RETURN_TYPE = YES_ERROR;
				GCC_WARN_UNDECLARED_SELECTOR = YES;
				GCC_WARN_UNINITIALIZED_AUTOS = YES_AGGRESSIVE;
				GCC_WARN_UNUSED_FUNCTION = YES;
				GCC_WARN_UNUSED_VARIABLE = YES;
				IPHONEOS_DEPLOYMENT_TARGET = 11.0;
				MTL_ENABLE_DEBUG_INFO = NO;
				MTL_FAST_MATH = YES;
				SDKROOT = iphoneos;
				SWIFT_COMPILATION_MODE = wholemodule;
				SWIFT_OPTIMIZATION_LEVEL = "-O";
				VALIDATE_PRODUCT = YES;
				VERSIONING_SYSTEM = "apple-generic";
				VERSION_INFO_PREFIX = "";
			};
			name = Release;
		};
		3430C4182423BD83009CF454 /* Debug */ = {
			isa = XCBuildConfiguration;
			buildSettings = {
				CLANG_ENABLE_MODULES = YES;
				CODE_SIGN_STYLE = Automatic;
				DEFINES_MODULE = YES;
				DEVELOPMENT_TEAM = B227VTMZ94;
				DYLIB_COMPATIBILITY_VERSION = 1;
				DYLIB_CURRENT_VERSION = 1;
				DYLIB_INSTALL_NAME_BASE = "@rpath";
				INFOPLIST_FILE = Database/Info.plist;
				INSTALL_PATH = "$(LOCAL_LIBRARY_DIR)/Frameworks";
				LD_RUNPATH_SEARCH_PATHS = (
					"$(inherited)",
					"@executable_path/Frameworks",
					"@loader_path/Frameworks",
				);
				PRODUCT_BUNDLE_IDENTIFIER = com.toggl.aurora.Database;
				PRODUCT_NAME = "$(TARGET_NAME:c99extidentifier)";
				SKIP_INSTALL = YES;
				SWIFT_OPTIMIZATION_LEVEL = "-Onone";
				SWIFT_VERSION = 5.0;
				TARGETED_DEVICE_FAMILY = "1,2";
			};
			name = Debug;
		};
		3430C4192423BD83009CF454 /* Release */ = {
			isa = XCBuildConfiguration;
			buildSettings = {
				CLANG_ENABLE_MODULES = YES;
				CODE_SIGN_STYLE = Automatic;
				DEFINES_MODULE = YES;
				DEVELOPMENT_TEAM = B227VTMZ94;
				DYLIB_COMPATIBILITY_VERSION = 1;
				DYLIB_CURRENT_VERSION = 1;
				DYLIB_INSTALL_NAME_BASE = "@rpath";
				INFOPLIST_FILE = Database/Info.plist;
				INSTALL_PATH = "$(LOCAL_LIBRARY_DIR)/Frameworks";
				LD_RUNPATH_SEARCH_PATHS = (
					"$(inherited)",
					"@executable_path/Frameworks",
					"@loader_path/Frameworks",
				);
				PRODUCT_BUNDLE_IDENTIFIER = com.toggl.aurora.Database;
				PRODUCT_NAME = "$(TARGET_NAME:c99extidentifier)";
				SKIP_INSTALL = YES;
				SWIFT_VERSION = 5.0;
				TARGETED_DEVICE_FAMILY = "1,2";
			};
			name = Release;
		};
		3430C41B2423BD83009CF454 /* Debug */ = {
			isa = XCBuildConfiguration;
			buildSettings = {
				ALWAYS_EMBED_SWIFT_STANDARD_LIBRARIES = YES;
				CODE_SIGN_STYLE = Automatic;
				DEVELOPMENT_TEAM = B227VTMZ94;
				INFOPLIST_FILE = DatabaseTests/Info.plist;
				LD_RUNPATH_SEARCH_PATHS = (
					"$(inherited)",
					"@executable_path/Frameworks",
					"@loader_path/Frameworks",
				);
				PRODUCT_BUNDLE_IDENTIFIER = com.toggl.aurora.DatabaseTests;
				PRODUCT_NAME = "$(TARGET_NAME)";
				SWIFT_VERSION = 5.0;
				TARGETED_DEVICE_FAMILY = "1,2";
			};
			name = Debug;
		};
		3430C41C2423BD83009CF454 /* Release */ = {
			isa = XCBuildConfiguration;
			buildSettings = {
				ALWAYS_EMBED_SWIFT_STANDARD_LIBRARIES = YES;
				CODE_SIGN_STYLE = Automatic;
				DEVELOPMENT_TEAM = B227VTMZ94;
				INFOPLIST_FILE = DatabaseTests/Info.plist;
				LD_RUNPATH_SEARCH_PATHS = (
					"$(inherited)",
					"@executable_path/Frameworks",
					"@loader_path/Frameworks",
				);
				PRODUCT_BUNDLE_IDENTIFIER = com.toggl.aurora.DatabaseTests;
				PRODUCT_NAME = "$(TARGET_NAME)";
				SWIFT_VERSION = 5.0;
				TARGETED_DEVICE_FAMILY = "1,2";
			};
			name = Release;
		};
/* End XCBuildConfiguration section */

/* Begin XCConfigurationList section */
		3430C3FD2423BD83009CF454 /* Build configuration list for PBXProject "Database" */ = {
			isa = XCConfigurationList;
			buildConfigurations = (
				3430C4152423BD83009CF454 /* Debug */,
				3430C4162423BD83009CF454 /* Release */,
			);
			defaultConfigurationIsVisible = 0;
			defaultConfigurationName = Release;
		};
		3430C4172423BD83009CF454 /* Build configuration list for PBXNativeTarget "Database" */ = {
			isa = XCConfigurationList;
			buildConfigurations = (
				3430C4182423BD83009CF454 /* Debug */,
				3430C4192423BD83009CF454 /* Release */,
			);
			defaultConfigurationIsVisible = 0;
			defaultConfigurationName = Release;
		};
		3430C41A2423BD83009CF454 /* Build configuration list for PBXNativeTarget "DatabaseTests" */ = {
			isa = XCConfigurationList;
			buildConfigurations = (
				3430C41B2423BD83009CF454 /* Debug */,
				3430C41C2423BD83009CF454 /* Release */,
			);
			defaultConfigurationIsVisible = 0;
			defaultConfigurationName = Release;
		};
/* End XCConfigurationList section */

/* Begin XCVersionGroup section */
		3430C41F2423BDBD009CF454 /* Database.xcdatamodeld */ = {
			isa = XCVersionGroup;
			children = (
				3430C4202423BDBD009CF454 /* Database.xcdatamodel */,
			);
			currentVersion = 3430C4202423BDBD009CF454 /* Database.xcdatamodel */;
			path = Database.xcdatamodeld;
			sourceTree = "<group>";
			versionGroupType = wrapper.xcdatamodel;
		};
/* End XCVersionGroup section */
	};
	rootObject = 3430C3FA2423BD83009CF454 /* Project object */;
}
