// !$*UTF8*$!
{
	archiveVersion = 1;
	classes = {
	};
	objectVersion = 50;
	objects = {

/* Begin PBXBuildFile section */
		3430C38324213E3F009CF454 /* OtherServices.framework in Frameworks */ = {isa = PBXBuildFile; fileRef = 3430C37924213E3F009CF454 /* OtherServices.framework */; };
		3430C38824213E3F009CF454 /* OtherServicesTests.swift in Sources */ = {isa = PBXBuildFile; fileRef = 3430C38724213E3F009CF454 /* OtherServicesTests.swift */; };
		3430C38A24213E3F009CF454 /* OtherServices.h in Headers */ = {isa = PBXBuildFile; fileRef = 3430C37C24213E3F009CF454 /* OtherServices.h */; settings = {ATTRIBUTES = (Public, ); }; };
		3430C39424213E4F009CF454 /* Time.swift in Sources */ = {isa = PBXBuildFile; fileRef = 3430C39324213E4F009CF454 /* Time.swift */; };
		8CE16DF42444AEBC00B138EC /* SchedulerProvider.swift in Sources */ = {isa = PBXBuildFile; fileRef = 8CE16DF32444AEBC00B138EC /* SchedulerProvider.swift */; };
		CA2ECD612C866BDB3457129D /* Pods_OtherServices.framework in Frameworks */ = {isa = PBXBuildFile; fileRef = 8EC564E3FC537386A615E777 /* Pods_OtherServices.framework */; };
/* End PBXBuildFile section */

/* Begin PBXContainerItemProxy section */
		3430C38424213E3F009CF454 /* PBXContainerItemProxy */ = {
			isa = PBXContainerItemProxy;
			containerPortal = 3430C37024213E3F009CF454 /* Project object */;
			proxyType = 1;
			remoteGlobalIDString = 3430C37824213E3F009CF454;
			remoteInfo = OtherServices;
		};
/* End PBXContainerItemProxy section */

/* Begin PBXFileReference section */
		3430C37924213E3F009CF454 /* OtherServices.framework */ = {isa = PBXFileReference; explicitFileType = wrapper.framework; includeInIndex = 0; path = OtherServices.framework; sourceTree = BUILT_PRODUCTS_DIR; };
		3430C37C24213E3F009CF454 /* OtherServices.h */ = {isa = PBXFileReference; lastKnownFileType = sourcecode.c.h; path = OtherServices.h; sourceTree = "<group>"; };
		3430C37D24213E3F009CF454 /* Info.plist */ = {isa = PBXFileReference; lastKnownFileType = text.plist.xml; path = Info.plist; sourceTree = "<group>"; };
		3430C38224213E3F009CF454 /* OtherServicesTests.xctest */ = {isa = PBXFileReference; explicitFileType = wrapper.cfbundle; includeInIndex = 0; path = OtherServicesTests.xctest; sourceTree = BUILT_PRODUCTS_DIR; };
		3430C38724213E3F009CF454 /* OtherServicesTests.swift */ = {isa = PBXFileReference; lastKnownFileType = sourcecode.swift; path = OtherServicesTests.swift; sourceTree = "<group>"; };
		3430C38924213E3F009CF454 /* Info.plist */ = {isa = PBXFileReference; lastKnownFileType = text.plist.xml; path = Info.plist; sourceTree = "<group>"; };
		3430C39324213E4F009CF454 /* Time.swift */ = {isa = PBXFileReference; lastKnownFileType = sourcecode.swift; path = Time.swift; sourceTree = "<group>"; };
		8CE16DF32444AEBC00B138EC /* SchedulerProvider.swift */ = {isa = PBXFileReference; lastKnownFileType = sourcecode.swift; path = SchedulerProvider.swift; sourceTree = "<group>"; };
		8CE16DF62444AFE500B138EC /* RxSwift.framework */ = {isa = PBXFileReference; explicitFileType = wrapper.framework; path = RxSwift.framework; sourceTree = BUILT_PRODUCTS_DIR; };
		8EC564E3FC537386A615E777 /* Pods_OtherServices.framework */ = {isa = PBXFileReference; explicitFileType = wrapper.framework; includeInIndex = 0; path = Pods_OtherServices.framework; sourceTree = BUILT_PRODUCTS_DIR; };
		CAB8FBB005E428D6855ED6EC /* Pods-OtherServices.release.xcconfig */ = {isa = PBXFileReference; includeInIndex = 1; lastKnownFileType = text.xcconfig; name = "Pods-OtherServices.release.xcconfig"; path = "Target Support Files/Pods-OtherServices/Pods-OtherServices.release.xcconfig"; sourceTree = "<group>"; };
		DEFE6D582988EB16829962D7 /* Pods-OtherServices.debug.xcconfig */ = {isa = PBXFileReference; includeInIndex = 1; lastKnownFileType = text.xcconfig; name = "Pods-OtherServices.debug.xcconfig"; path = "Target Support Files/Pods-OtherServices/Pods-OtherServices.debug.xcconfig"; sourceTree = "<group>"; };
/* End PBXFileReference section */

/* Begin PBXFrameworksBuildPhase section */
		3430C37624213E3F009CF454 /* Frameworks */ = {
			isa = PBXFrameworksBuildPhase;
			buildActionMask = 2147483647;
			files = (
				CA2ECD612C866BDB3457129D /* Pods_OtherServices.framework in Frameworks */,
			);
			runOnlyForDeploymentPostprocessing = 0;
		};
		3430C37F24213E3F009CF454 /* Frameworks */ = {
			isa = PBXFrameworksBuildPhase;
			buildActionMask = 2147483647;
			files = (
				3430C38324213E3F009CF454 /* OtherServices.framework in Frameworks */,
			);
			runOnlyForDeploymentPostprocessing = 0;
		};
/* End PBXFrameworksBuildPhase section */

/* Begin PBXGroup section */
		3430C36F24213E3F009CF454 = {
			isa = PBXGroup;
			children = (
				3430C37B24213E3F009CF454 /* OtherServices */,
				3430C38624213E3F009CF454 /* OtherServicesTests */,
				3430C37A24213E3F009CF454 /* Products */,
				8CE16DF52444AFE500B138EC /* Frameworks */,
				E8015BB3F643CC41049742DF /* Pods */,
			);
			sourceTree = "<group>";
		};
		3430C37A24213E3F009CF454 /* Products */ = {
			isa = PBXGroup;
			children = (
				3430C37924213E3F009CF454 /* OtherServices.framework */,
				3430C38224213E3F009CF454 /* OtherServicesTests.xctest */,
			);
			name = Products;
			sourceTree = "<group>";
		};
		3430C37B24213E3F009CF454 /* OtherServices */ = {
			isa = PBXGroup;
			children = (
				3430C37C24213E3F009CF454 /* OtherServices.h */,
				3430C37D24213E3F009CF454 /* Info.plist */,
				3430C39324213E4F009CF454 /* Time.swift */,
				8CE16DF32444AEBC00B138EC /* SchedulerProvider.swift */,
			);
			path = OtherServices;
			sourceTree = "<group>";
		};
		3430C38624213E3F009CF454 /* OtherServicesTests */ = {
			isa = PBXGroup;
			children = (
				3430C38724213E3F009CF454 /* OtherServicesTests.swift */,
				3430C38924213E3F009CF454 /* Info.plist */,
			);
			path = OtherServicesTests;
			sourceTree = "<group>";
		};
		8CE16DF52444AFE500B138EC /* Frameworks */ = {
			isa = PBXGroup;
			children = (
				8CE16DF62444AFE500B138EC /* RxSwift.framework */,
				8EC564E3FC537386A615E777 /* Pods_OtherServices.framework */,
			);
			name = Frameworks;
			sourceTree = "<group>";
		};
		E8015BB3F643CC41049742DF /* Pods */ = {
			isa = PBXGroup;
			children = (
				DEFE6D582988EB16829962D7 /* Pods-OtherServices.debug.xcconfig */,
				CAB8FBB005E428D6855ED6EC /* Pods-OtherServices.release.xcconfig */,
			);
			name = Pods;
			path = ../../Pods;
			sourceTree = "<group>";
		};
/* End PBXGroup section */

/* Begin PBXHeadersBuildPhase section */
		3430C37424213E3F009CF454 /* Headers */ = {
			isa = PBXHeadersBuildPhase;
			buildActionMask = 2147483647;
			files = (
				3430C38A24213E3F009CF454 /* OtherServices.h in Headers */,
			);
			runOnlyForDeploymentPostprocessing = 0;
		};
/* End PBXHeadersBuildPhase section */

/* Begin PBXNativeTarget section */
		3430C37824213E3F009CF454 /* OtherServices */ = {
			isa = PBXNativeTarget;
			buildConfigurationList = 3430C38D24213E3F009CF454 /* Build configuration list for PBXNativeTarget "OtherServices" */;
			buildPhases = (
				C557412FB22EB044FF885A40 /* [CP] Check Pods Manifest.lock */,
				3430C37424213E3F009CF454 /* Headers */,
				3430C37524213E3F009CF454 /* Sources */,
				3430C37624213E3F009CF454 /* Frameworks */,
				3430C37724213E3F009CF454 /* Resources */,
			);
			buildRules = (
			);
			dependencies = (
			);
			name = OtherServices;
			productName = OtherServices;
			productReference = 3430C37924213E3F009CF454 /* OtherServices.framework */;
			productType = "com.apple.product-type.framework";
		};
		3430C38124213E3F009CF454 /* OtherServicesTests */ = {
			isa = PBXNativeTarget;
			buildConfigurationList = 3430C39024213E3F009CF454 /* Build configuration list for PBXNativeTarget "OtherServicesTests" */;
			buildPhases = (
				3430C37E24213E3F009CF454 /* Sources */,
				3430C37F24213E3F009CF454 /* Frameworks */,
				3430C38024213E3F009CF454 /* Resources */,
			);
			buildRules = (
			);
			dependencies = (
				3430C38524213E3F009CF454 /* PBXTargetDependency */,
			);
			name = OtherServicesTests;
			productName = OtherServicesTests;
			productReference = 3430C38224213E3F009CF454 /* OtherServicesTests.xctest */;
			productType = "com.apple.product-type.bundle.unit-test";
		};
/* End PBXNativeTarget section */

/* Begin PBXProject section */
		3430C37024213E3F009CF454 /* Project object */ = {
			isa = PBXProject;
			attributes = {
				LastSwiftUpdateCheck = 1130;
				LastUpgradeCheck = 1130;
				ORGANIZATIONNAME = "Toggl OU";
				TargetAttributes = {
					3430C37824213E3F009CF454 = {
						CreatedOnToolsVersion = 11.3.1;
						LastSwiftMigration = 1130;
					};
					3430C38124213E3F009CF454 = {
						CreatedOnToolsVersion = 11.3.1;
					};
				};
			};
			buildConfigurationList = 3430C37324213E3F009CF454 /* Build configuration list for PBXProject "OtherServices" */;
			compatibilityVersion = "Xcode 9.3";
			developmentRegion = en;
			hasScannedForEncodings = 0;
			knownRegions = (
				en,
				Base,
			);
			mainGroup = 3430C36F24213E3F009CF454;
			productRefGroup = 3430C37A24213E3F009CF454 /* Products */;
			projectDirPath = "";
			projectRoot = "";
			targets = (
				3430C37824213E3F009CF454 /* OtherServices */,
				3430C38124213E3F009CF454 /* OtherServicesTests */,
			);
		};
/* End PBXProject section */

/* Begin PBXResourcesBuildPhase section */
		3430C37724213E3F009CF454 /* Resources */ = {
			isa = PBXResourcesBuildPhase;
			buildActionMask = 2147483647;
			files = (
			);
			runOnlyForDeploymentPostprocessing = 0;
		};
		3430C38024213E3F009CF454 /* Resources */ = {
			isa = PBXResourcesBuildPhase;
			buildActionMask = 2147483647;
			files = (
			);
			runOnlyForDeploymentPostprocessing = 0;
		};
/* End PBXResourcesBuildPhase section */

/* Begin PBXShellScriptBuildPhase section */
		C557412FB22EB044FF885A40 /* [CP] Check Pods Manifest.lock */ = {
			isa = PBXShellScriptBuildPhase;
			buildActionMask = 2147483647;
			files = (
			);
			inputFileListPaths = (
			);
			inputPaths = (
				"${PODS_PODFILE_DIR_PATH}/Podfile.lock",
				"${PODS_ROOT}/Manifest.lock",
			);
			name = "[CP] Check Pods Manifest.lock";
			outputFileListPaths = (
			);
			outputPaths = (
				"$(DERIVED_FILE_DIR)/Pods-OtherServices-checkManifestLockResult.txt",
			);
			runOnlyForDeploymentPostprocessing = 0;
			shellPath = /bin/sh;
			shellScript = "diff \"${PODS_PODFILE_DIR_PATH}/Podfile.lock\" \"${PODS_ROOT}/Manifest.lock\" > /dev/null\nif [ $? != 0 ] ; then\n    # print error to STDERR\n    echo \"error: The sandbox is not in sync with the Podfile.lock. Run 'pod install' or update your CocoaPods installation.\" >&2\n    exit 1\nfi\n# This output is used by Xcode 'outputs' to avoid re-running this script phase.\necho \"SUCCESS\" > \"${SCRIPT_OUTPUT_FILE_0}\"\n";
			showEnvVarsInLog = 0;
		};
/* End PBXShellScriptBuildPhase section */

/* Begin PBXSourcesBuildPhase section */
		3430C37524213E3F009CF454 /* Sources */ = {
			isa = PBXSourcesBuildPhase;
			buildActionMask = 2147483647;
			files = (
				3430C39424213E4F009CF454 /* Time.swift in Sources */,
				8CE16DF42444AEBC00B138EC /* SchedulerProvider.swift in Sources */,
			);
			runOnlyForDeploymentPostprocessing = 0;
		};
		3430C37E24213E3F009CF454 /* Sources */ = {
			isa = PBXSourcesBuildPhase;
			buildActionMask = 2147483647;
			files = (
				3430C38824213E3F009CF454 /* OtherServicesTests.swift in Sources */,
			);
			runOnlyForDeploymentPostprocessing = 0;
		};
/* End PBXSourcesBuildPhase section */

/* Begin PBXTargetDependency section */
		3430C38524213E3F009CF454 /* PBXTargetDependency */ = {
			isa = PBXTargetDependency;
			target = 3430C37824213E3F009CF454 /* OtherServices */;
			targetProxy = 3430C38424213E3F009CF454 /* PBXContainerItemProxy */;
		};
/* End PBXTargetDependency section */

/* Begin XCBuildConfiguration section */
		3430C38B24213E3F009CF454 /* Debug */ = {
			isa = XCBuildConfiguration;
			buildSettings = {
				ALWAYS_SEARCH_USER_PATHS = NO;
				CLANG_ANALYZER_NONNULL = YES;
				CLANG_ANALYZER_NUMBER_OBJECT_CONVERSION = YES_AGGRESSIVE;
				CLANG_CXX_LANGUAGE_STANDARD = "gnu++14";
				CLANG_CXX_LIBRARY = "libc++";
				CLANG_ENABLE_MODULES = YES;
				CLANG_ENABLE_OBJC_ARC = YES;
				CLANG_ENABLE_OBJC_WEAK = YES;
				CLANG_WARN_BLOCK_CAPTURE_AUTORELEASING = YES;
				CLANG_WARN_BOOL_CONVERSION = YES;
				CLANG_WARN_COMMA = YES;
				CLANG_WARN_CONSTANT_CONVERSION = YES;
				CLANG_WARN_DEPRECATED_OBJC_IMPLEMENTATIONS = YES;
				CLANG_WARN_DIRECT_OBJC_ISA_USAGE = YES_ERROR;
				CLANG_WARN_DOCUMENTATION_COMMENTS = YES;
				CLANG_WARN_EMPTY_BODY = YES;
				CLANG_WARN_ENUM_CONVERSION = YES;
				CLANG_WARN_INFINITE_RECURSION = YES;
				CLANG_WARN_INT_CONVERSION = YES;
				CLANG_WARN_NON_LITERAL_NULL_CONVERSION = YES;
				CLANG_WARN_OBJC_IMPLICIT_RETAIN_SELF = YES;
				CLANG_WARN_OBJC_LITERAL_CONVERSION = YES;
				CLANG_WARN_OBJC_ROOT_CLASS = YES_ERROR;
				CLANG_WARN_RANGE_LOOP_ANALYSIS = YES;
				CLANG_WARN_STRICT_PROTOTYPES = YES;
				CLANG_WARN_SUSPICIOUS_MOVE = YES;
				CLANG_WARN_UNGUARDED_AVAILABILITY = YES_AGGRESSIVE;
				CLANG_WARN_UNREACHABLE_CODE = YES;
				CLANG_WARN__DUPLICATE_METHOD_MATCH = YES;
				COPY_PHASE_STRIP = NO;
				CURRENT_PROJECT_VERSION = 1;
				DEBUG_INFORMATION_FORMAT = dwarf;
				ENABLE_STRICT_OBJC_MSGSEND = YES;
				ENABLE_TESTABILITY = YES;
				GCC_C_LANGUAGE_STANDARD = gnu11;
				GCC_DYNAMIC_NO_PIC = NO;
				GCC_NO_COMMON_BLOCKS = YES;
				GCC_OPTIMIZATION_LEVEL = 0;
				GCC_PREPROCESSOR_DEFINITIONS = (
					"DEBUG=1",
					"$(inherited)",
				);
				GCC_WARN_64_TO_32_BIT_CONVERSION = YES;
				GCC_WARN_ABOUT_RETURN_TYPE = YES_ERROR;
				GCC_WARN_UNDECLARED_SELECTOR = YES;
				GCC_WARN_UNINITIALIZED_AUTOS = YES_AGGRESSIVE;
				GCC_WARN_UNUSED_FUNCTION = YES;
				GCC_WARN_UNUSED_VARIABLE = YES;
				IPHONEOS_DEPLOYMENT_TARGET = 11.0;
				MACH_O_TYPE = mh_dylib;
				MTL_ENABLE_DEBUG_INFO = INCLUDE_SOURCE;
				MTL_FAST_MATH = YES;
				ONLY_ACTIVE_ARCH = YES;
				SDKROOT = iphoneos;
				SWIFT_ACTIVE_COMPILATION_CONDITIONS = DEBUG;
				SWIFT_OPTIMIZATION_LEVEL = "-Onone";
				VERSIONING_SYSTEM = "apple-generic";
				VERSION_INFO_PREFIX = "";
			};
			name = Debug;
		};
		3430C38C24213E3F009CF454 /* Release */ = {
			isa = XCBuildConfiguration;
			buildSettings = {
				ALWAYS_SEARCH_USER_PATHS = NO;
				CLANG_ANALYZER_NONNULL = YES;
				CLANG_ANALYZER_NUMBER_OBJECT_CONVERSION = YES_AGGRESSIVE;
				CLANG_CXX_LANGUAGE_STANDARD = "gnu++14";
				CLANG_CXX_LIBRARY = "libc++";
				CLANG_ENABLE_MODULES = YES;
				CLANG_ENABLE_OBJC_ARC = YES;
				CLANG_ENABLE_OBJC_WEAK = YES;
				CLANG_WARN_BLOCK_CAPTURE_AUTORELEASING = YES;
				CLANG_WARN_BOOL_CONVERSION = YES;
				CLANG_WARN_COMMA = YES;
				CLANG_WARN_CONSTANT_CONVERSION = YES;
				CLANG_WARN_DEPRECATED_OBJC_IMPLEMENTATIONS = YES;
				CLANG_WARN_DIRECT_OBJC_ISA_USAGE = YES_ERROR;
				CLANG_WARN_DOCUMENTATION_COMMENTS = YES;
				CLANG_WARN_EMPTY_BODY = YES;
				CLANG_WARN_ENUM_CONVERSION = YES;
				CLANG_WARN_INFINITE_RECURSION = YES;
				CLANG_WARN_INT_CONVERSION = YES;
				CLANG_WARN_NON_LITERAL_NULL_CONVERSION = YES;
				CLANG_WARN_OBJC_IMPLICIT_RETAIN_SELF = YES;
				CLANG_WARN_OBJC_LITERAL_CONVERSION = YES;
				CLANG_WARN_OBJC_ROOT_CLASS = YES_ERROR;
				CLANG_WARN_RANGE_LOOP_ANALYSIS = YES;
				CLANG_WARN_STRICT_PROTOTYPES = YES;
				CLANG_WARN_SUSPICIOUS_MOVE = YES;
				CLANG_WARN_UNGUARDED_AVAILABILITY = YES_AGGRESSIVE;
				CLANG_WARN_UNREACHABLE_CODE = YES;
				CLANG_WARN__DUPLICATE_METHOD_MATCH = YES;
				COPY_PHASE_STRIP = NO;
				CURRENT_PROJECT_VERSION = 1;
				DEBUG_INFORMATION_FORMAT = "dwarf-with-dsym";
				ENABLE_NS_ASSERTIONS = NO;
				ENABLE_STRICT_OBJC_MSGSEND = YES;
				GCC_C_LANGUAGE_STANDARD = gnu11;
				GCC_NO_COMMON_BLOCKS = YES;
				GCC_WARN_64_TO_32_BIT_CONVERSION = YES;
				GCC_WARN_ABOUT_RETURN_TYPE = YES_ERROR;
				GCC_WARN_UNDECLARED_SELECTOR = YES;
				GCC_WARN_UNINITIALIZED_AUTOS = YES_AGGRESSIVE;
				GCC_WARN_UNUSED_FUNCTION = YES;
				GCC_WARN_UNUSED_VARIABLE = YES;
				IPHONEOS_DEPLOYMENT_TARGET = 11.0;
				MACH_O_TYPE = mh_dylib;
				MTL_ENABLE_DEBUG_INFO = NO;
				MTL_FAST_MATH = YES;
				SDKROOT = iphoneos;
				SWIFT_COMPILATION_MODE = wholemodule;
				SWIFT_OPTIMIZATION_LEVEL = "-O";
				VALIDATE_PRODUCT = YES;
				VERSIONING_SYSTEM = "apple-generic";
				VERSION_INFO_PREFIX = "";
			};
			name = Release;
		};
		3430C38E24213E3F009CF454 /* Debug */ = {
			isa = XCBuildConfiguration;
			baseConfigurationReference = DEFE6D582988EB16829962D7 /* Pods-OtherServices.debug.xcconfig */;
			buildSettings = {
				CLANG_ENABLE_MODULES = YES;
				CODE_SIGN_IDENTITY = "iPhone Developer";
				CODE_SIGN_STYLE = Manual;
				DEFINES_MODULE = YES;
				DEVELOPMENT_TEAM = "";
				DYLIB_COMPATIBILITY_VERSION = 1;
				DYLIB_CURRENT_VERSION = 1;
				DYLIB_INSTALL_NAME_BASE = "@rpath";
				INFOPLIST_FILE = OtherServices/Info.plist;
				INSTALL_PATH = "$(LOCAL_LIBRARY_DIR)/Frameworks";
				LD_RUNPATH_SEARCH_PATHS = (
					"$(inherited)",
					"@executable_path/Frameworks",
					"@loader_path/Frameworks",
				);
				MACH_O_TYPE = staticlib;
				PRODUCT_BUNDLE_IDENTIFIER = com.toggl.aurora.OtherServices;
				PRODUCT_NAME = "$(TARGET_NAME:c99extidentifier)";
				PROVISIONING_PROFILE_SPECIFIER = "";
				"PROVISIONING_PROFILE_SPECIFIER[sdk=macosx*]" = "";
				SKIP_INSTALL = YES;
				SWIFT_OPTIMIZATION_LEVEL = "-Onone";
				SWIFT_VERSION = 5.0;
				TARGETED_DEVICE_FAMILY = "1,2";
			};
			name = Debug;
		};
		3430C38F24213E3F009CF454 /* Release */ = {
			isa = XCBuildConfiguration;
			baseConfigurationReference = CAB8FBB005E428D6855ED6EC /* Pods-OtherServices.release.xcconfig */;
			buildSettings = {
				CLANG_ENABLE_MODULES = YES;
				CODE_SIGN_IDENTITY = "iPhone Developer";
				CODE_SIGN_STYLE = Manual;
				DEFINES_MODULE = YES;
				DEVELOPMENT_TEAM = "";
				DYLIB_COMPATIBILITY_VERSION = 1;
				DYLIB_CURRENT_VERSION = 1;
				DYLIB_INSTALL_NAME_BASE = "@rpath";
				INFOPLIST_FILE = OtherServices/Info.plist;
				INSTALL_PATH = "$(LOCAL_LIBRARY_DIR)/Frameworks";
				LD_RUNPATH_SEARCH_PATHS = (
					"$(inherited)",
					"@executable_path/Frameworks",
					"@loader_path/Frameworks",
				);
				MACH_O_TYPE = staticlib;
				PRODUCT_BUNDLE_IDENTIFIER = com.toggl.aurora.OtherServices;
				PRODUCT_NAME = "$(TARGET_NAME:c99extidentifier)";
				PROVISIONING_PROFILE_SPECIFIER = "";
				"PROVISIONING_PROFILE_SPECIFIER[sdk=macosx*]" = "";
				SKIP_INSTALL = YES;
				SWIFT_VERSION = 5.0;
				TARGETED_DEVICE_FAMILY = "1,2";
			};
			name = Release;
		};
		3430C39124213E3F009CF454 /* Debug */ = {
			isa = XCBuildConfiguration;
			buildSettings = {
				ALWAYS_EMBED_SWIFT_STANDARD_LIBRARIES = YES;
				CODE_SIGN_STYLE = Automatic;
				DEVELOPMENT_TEAM = B227VTMZ94;
				INFOPLIST_FILE = OtherServicesTests/Info.plist;
				LD_RUNPATH_SEARCH_PATHS = (
					"$(inherited)",
					"@executable_path/Frameworks",
					"@loader_path/Frameworks",
				);
				PRODUCT_BUNDLE_IDENTIFIER = com.toggl.aurora.OtherServicesTests;
				PRODUCT_NAME = "$(TARGET_NAME)";
				SWIFT_VERSION = 5.0;
				TARGETED_DEVICE_FAMILY = "1,2";
			};
			name = Debug;
		};
		3430C39224213E3F009CF454 /* Release */ = {
			isa = XCBuildConfiguration;
			buildSettings = {
				ALWAYS_EMBED_SWIFT_STANDARD_LIBRARIES = YES;
				CODE_SIGN_STYLE = Automatic;
				DEVELOPMENT_TEAM = B227VTMZ94;
				INFOPLIST_FILE = OtherServicesTests/Info.plist;
				LD_RUNPATH_SEARCH_PATHS = (
					"$(inherited)",
					"@executable_path/Frameworks",
					"@loader_path/Frameworks",
				);
				PRODUCT_BUNDLE_IDENTIFIER = com.toggl.aurora.OtherServicesTests;
				PRODUCT_NAME = "$(TARGET_NAME)";
				SWIFT_VERSION = 5.0;
				TARGETED_DEVICE_FAMILY = "1,2";
			};
			name = Release;
		};
/* End XCBuildConfiguration section */

/* Begin XCConfigurationList section */
		3430C37324213E3F009CF454 /* Build configuration list for PBXProject "OtherServices" */ = {
			isa = XCConfigurationList;
			buildConfigurations = (
				3430C38B24213E3F009CF454 /* Debug */,
				3430C38C24213E3F009CF454 /* Release */,
			);
			defaultConfigurationIsVisible = 0;
			defaultConfigurationName = Release;
		};
		3430C38D24213E3F009CF454 /* Build configuration list for PBXNativeTarget "OtherServices" */ = {
			isa = XCConfigurationList;
			buildConfigurations = (
				3430C38E24213E3F009CF454 /* Debug */,
				3430C38F24213E3F009CF454 /* Release */,
			);
			defaultConfigurationIsVisible = 0;
			defaultConfigurationName = Release;
		};
		3430C39024213E3F009CF454 /* Build configuration list for PBXNativeTarget "OtherServicesTests" */ = {
			isa = XCConfigurationList;
			buildConfigurations = (
				3430C39124213E3F009CF454 /* Debug */,
				3430C39224213E3F009CF454 /* Release */,
			);
			defaultConfigurationIsVisible = 0;
			defaultConfigurationName = Release;
		};
/* End XCConfigurationList section */
	};
	rootObject = 3430C37024213E3F009CF454 /* Project object */;
}
