// !$*UTF8*$!
{
	archiveVersion = 1;
	classes = {
	};
	objectVersion = 50;
	objects = {

/* Begin PBXBuildFile section */
		343E37A424471E9700A65AFD /* AnalyticsService.swift in Sources */ = {isa = PBXBuildFile; fileRef = 343E37A324471E9700A65AFD /* AnalyticsService.swift */; };
		343E37A82447208D00A65AFD /* CompositeAnalyticsService.swift in Sources */ = {isa = PBXBuildFile; fileRef = 343E37A72447208D00A65AFD /* CompositeAnalyticsService.swift */; };
		34406B13244632EC00C65C99 /* Analytics.h in Headers */ = {isa = PBXBuildFile; fileRef = 34406B11244632EC00C65C99 /* Analytics.h */; settings = {ATTRIBUTES = (Public, ); }; };
		34406B1C2446388800C65C99 /* Event.swift in Sources */ = {isa = PBXBuildFile; fileRef = 34406B1B2446388800C65C99 /* Event.swift */; };
		8CAF7B3624581EC5006B961D /* AnalyticsTests.swift in Sources */ = {isa = PBXBuildFile; fileRef = 8CAF7B3524581EC5006B961D /* AnalyticsTests.swift */; };
		8CAF7B3824581EC5006B961D /* Analytics.framework in Frameworks */ = {isa = PBXBuildFile; fileRef = 34406B0E244632EC00C65C99 /* Analytics.framework */; };
/* End PBXBuildFile section */

/* Begin PBXContainerItemProxy section */
		8CAF7B3924581EC5006B961D /* PBXContainerItemProxy */ = {
			isa = PBXContainerItemProxy;
			containerPortal = 34406B05244632EC00C65C99 /* Project object */;
			proxyType = 1;
			remoteGlobalIDString = 34406B0D244632EC00C65C99;
			remoteInfo = Analytics;
		};
/* End PBXContainerItemProxy section */

/* Begin PBXFileReference section */
		343E37A324471E9700A65AFD /* AnalyticsService.swift */ = {isa = PBXFileReference; lastKnownFileType = sourcecode.swift; path = AnalyticsService.swift; sourceTree = "<group>"; };
		343E37A72447208D00A65AFD /* CompositeAnalyticsService.swift */ = {isa = PBXFileReference; lastKnownFileType = sourcecode.swift; path = CompositeAnalyticsService.swift; sourceTree = "<group>"; };
		34406B0E244632EC00C65C99 /* Analytics.framework */ = {isa = PBXFileReference; explicitFileType = wrapper.framework; includeInIndex = 0; path = Analytics.framework; sourceTree = BUILT_PRODUCTS_DIR; };
		34406B11244632EC00C65C99 /* Analytics.h */ = {isa = PBXFileReference; lastKnownFileType = sourcecode.c.h; path = Analytics.h; sourceTree = "<group>"; };
		34406B12244632EC00C65C99 /* Info.plist */ = {isa = PBXFileReference; lastKnownFileType = text.plist.xml; path = Info.plist; sourceTree = "<group>"; };
		34406B1B2446388800C65C99 /* Event.swift */ = {isa = PBXFileReference; lastKnownFileType = sourcecode.swift; path = Event.swift; sourceTree = "<group>"; };
		8CAF7B3324581EC5006B961D /* AnalyticsTests.xctest */ = {isa = PBXFileReference; explicitFileType = wrapper.cfbundle; includeInIndex = 0; path = AnalyticsTests.xctest; sourceTree = BUILT_PRODUCTS_DIR; };
		8CAF7B3524581EC5006B961D /* AnalyticsTests.swift */ = {isa = PBXFileReference; lastKnownFileType = sourcecode.swift; path = AnalyticsTests.swift; sourceTree = "<group>"; };
		8CAF7B3724581EC5006B961D /* Info.plist */ = {isa = PBXFileReference; lastKnownFileType = text.plist.xml; path = Info.plist; sourceTree = "<group>"; };
		8CAF7B3F24581EF6006B961D /* AnalyticsTests.debug.xcconfig */ = {isa = PBXFileReference; fileEncoding = 4; lastKnownFileType = text.xcconfig; path = AnalyticsTests.debug.xcconfig; sourceTree = "<group>"; };
		8CAF7B4024581EF6006B961D /* Project.release.xcconfig */ = {isa = PBXFileReference; fileEncoding = 4; lastKnownFileType = text.xcconfig; path = Project.release.xcconfig; sourceTree = "<group>"; };
		8CAF7B4124581EF6006B961D /* Analytics.release.xcconfig */ = {isa = PBXFileReference; fileEncoding = 4; lastKnownFileType = text.xcconfig; path = Analytics.release.xcconfig; sourceTree = "<group>"; };
		8CAF7B4224581EF6006B961D /* AnalyticsTests.release.xcconfig */ = {isa = PBXFileReference; fileEncoding = 4; lastKnownFileType = text.xcconfig; path = AnalyticsTests.release.xcconfig; sourceTree = "<group>"; };
		8CAF7B4424581EF6006B961D /* Analytics.debug.xcconfig */ = {isa = PBXFileReference; fileEncoding = 4; lastKnownFileType = text.xcconfig; path = Analytics.debug.xcconfig; sourceTree = "<group>"; };
		8CAF7B4524581EF6006B961D /* AnalyticsTests-Shared.xcconfig */ = {isa = PBXFileReference; fileEncoding = 4; lastKnownFileType = text.xcconfig; path = "AnalyticsTests-Shared.xcconfig"; sourceTree = "<group>"; };
		8CAF7B4624581EF6006B961D /* Analytics-Shared.xcconfig */ = {isa = PBXFileReference; fileEncoding = 4; lastKnownFileType = text.xcconfig; path = "Analytics-Shared.xcconfig"; sourceTree = "<group>"; };
		8CAF7B4724581EF6006B961D /* Project.debug.xcconfig */ = {isa = PBXFileReference; fileEncoding = 4; lastKnownFileType = text.xcconfig; path = Project.debug.xcconfig; sourceTree = "<group>"; };
/* End PBXFileReference section */

/* Begin PBXFrameworksBuildPhase section */
		34406B0B244632EC00C65C99 /* Frameworks */ = {
			isa = PBXFrameworksBuildPhase;
			buildActionMask = 2147483647;
			files = (
			);
			runOnlyForDeploymentPostprocessing = 0;
		};
		8CAF7B3024581EC5006B961D /* Frameworks */ = {
			isa = PBXFrameworksBuildPhase;
			buildActionMask = 2147483647;
			files = (
				8CAF7B3824581EC5006B961D /* Analytics.framework in Frameworks */,
			);
			runOnlyForDeploymentPostprocessing = 0;
		};
/* End PBXFrameworksBuildPhase section */

/* Begin PBXGroup section */
		34406B04244632EC00C65C99 = {
			isa = PBXGroup;
			children = (
				8CAF7B3E24581EF6006B961D /* Configurations */,
				34406B10244632EC00C65C99 /* Analytics */,
				8CAF7B3424581EC5006B961D /* AnalyticsTests */,
				34406B0F244632EC00C65C99 /* Products */,
			);
			sourceTree = "<group>";
		};
		34406B0F244632EC00C65C99 /* Products */ = {
			isa = PBXGroup;
			children = (
				34406B0E244632EC00C65C99 /* Analytics.framework */,
				8CAF7B3324581EC5006B961D /* AnalyticsTests.xctest */,
			);
			name = Products;
			sourceTree = "<group>";
		};
		34406B10244632EC00C65C99 /* Analytics */ = {
			isa = PBXGroup;
			children = (
				34406B11244632EC00C65C99 /* Analytics.h */,
				34406B12244632EC00C65C99 /* Info.plist */,
				34406B1B2446388800C65C99 /* Event.swift */,
				343E37A324471E9700A65AFD /* AnalyticsService.swift */,
				343E37A72447208D00A65AFD /* CompositeAnalyticsService.swift */,
			);
			path = Analytics;
			sourceTree = "<group>";
		};
		8CAF7B3424581EC5006B961D /* AnalyticsTests */ = {
			isa = PBXGroup;
			children = (
				8CAF7B3524581EC5006B961D /* AnalyticsTests.swift */,
				8CAF7B3724581EC5006B961D /* Info.plist */,
			);
			path = AnalyticsTests;
			sourceTree = "<group>";
		};
		8CAF7B3E24581EF6006B961D /* Configurations */ = {
			isa = PBXGroup;
			children = (
				8CAF7B4624581EF6006B961D /* Analytics-Shared.xcconfig */,
				8CAF7B4424581EF6006B961D /* Analytics.debug.xcconfig */,
				8CAF7B4124581EF6006B961D /* Analytics.release.xcconfig */,
				8CAF7B4524581EF6006B961D /* AnalyticsTests-Shared.xcconfig */,
				8CAF7B3F24581EF6006B961D /* AnalyticsTests.debug.xcconfig */,
				8CAF7B4224581EF6006B961D /* AnalyticsTests.release.xcconfig */,
				8CAF7B4724581EF6006B961D /* Project.debug.xcconfig */,
				8CAF7B4024581EF6006B961D /* Project.release.xcconfig */,
			);
			path = Configurations;
			sourceTree = "<group>";
		};
/* End PBXGroup section */

/* Begin PBXHeadersBuildPhase section */
		34406B09244632EC00C65C99 /* Headers */ = {
			isa = PBXHeadersBuildPhase;
			buildActionMask = 2147483647;
			files = (
				34406B13244632EC00C65C99 /* Analytics.h in Headers */,
			);
			runOnlyForDeploymentPostprocessing = 0;
		};
/* End PBXHeadersBuildPhase section */

/* Begin PBXNativeTarget section */
		34406B0D244632EC00C65C99 /* Analytics */ = {
			isa = PBXNativeTarget;
			buildConfigurationList = 34406B16244632EC00C65C99 /* Build configuration list for PBXNativeTarget "Analytics" */;
			buildPhases = (
				34406B09244632EC00C65C99 /* Headers */,
				34406B0A244632EC00C65C99 /* Sources */,
				34406B0B244632EC00C65C99 /* Frameworks */,
				34406B0C244632EC00C65C99 /* Resources */,
			);
			buildRules = (
			);
			dependencies = (
			);
			name = Analytics;
			productName = Analytics;
			productReference = 34406B0E244632EC00C65C99 /* Analytics.framework */;
			productType = "com.apple.product-type.framework";
		};
		8CAF7B3224581EC5006B961D /* AnalyticsTests */ = {
			isa = PBXNativeTarget;
			buildConfigurationList = 8CAF7B3D24581EC5006B961D /* Build configuration list for PBXNativeTarget "AnalyticsTests" */;
			buildPhases = (
				8CAF7B2F24581EC5006B961D /* Sources */,
				8CAF7B3024581EC5006B961D /* Frameworks */,
				8CAF7B3124581EC5006B961D /* Resources */,
			);
			buildRules = (
			);
			dependencies = (
				8CAF7B3A24581EC5006B961D /* PBXTargetDependency */,
			);
			name = AnalyticsTests;
			productName = AnalyticsTests;
			productReference = 8CAF7B3324581EC5006B961D /* AnalyticsTests.xctest */;
			productType = "com.apple.product-type.bundle.unit-test";
		};
/* End PBXNativeTarget section */

/* Begin PBXProject section */
		34406B05244632EC00C65C99 /* Project object */ = {
			isa = PBXProject;
			attributes = {
				LastSwiftUpdateCheck = 1140;
				LastUpgradeCheck = 1140;
				ORGANIZATIONNAME = Toggl;
				TargetAttributes = {
					34406B0D244632EC00C65C99 = {
						CreatedOnToolsVersion = 11.4;
						LastSwiftMigration = 1140;
					};
					8CAF7B3224581EC5006B961D = {
						CreatedOnToolsVersion = 11.4;
					};
				};
			};
			buildConfigurationList = 34406B08244632EC00C65C99 /* Build configuration list for PBXProject "Analytics" */;
			compatibilityVersion = "Xcode 9.3";
			developmentRegion = en;
			hasScannedForEncodings = 0;
			knownRegions = (
				en,
				Base,
			);
			mainGroup = 34406B04244632EC00C65C99;
			productRefGroup = 34406B0F244632EC00C65C99 /* Products */;
			projectDirPath = "";
			projectRoot = "";
			targets = (
				34406B0D244632EC00C65C99 /* Analytics */,
				8CAF7B3224581EC5006B961D /* AnalyticsTests */,
			);
		};
/* End PBXProject section */

/* Begin PBXResourcesBuildPhase section */
		34406B0C244632EC00C65C99 /* Resources */ = {
			isa = PBXResourcesBuildPhase;
			buildActionMask = 2147483647;
			files = (
			);
			runOnlyForDeploymentPostprocessing = 0;
		};
		8CAF7B3124581EC5006B961D /* Resources */ = {
			isa = PBXResourcesBuildPhase;
			buildActionMask = 2147483647;
			files = (
			);
			runOnlyForDeploymentPostprocessing = 0;
		};
/* End PBXResourcesBuildPhase section */

/* Begin PBXSourcesBuildPhase section */
		34406B0A244632EC00C65C99 /* Sources */ = {
			isa = PBXSourcesBuildPhase;
			buildActionMask = 2147483647;
			files = (
				34406B1C2446388800C65C99 /* Event.swift in Sources */,
				343E37A424471E9700A65AFD /* AnalyticsService.swift in Sources */,
				343E37A82447208D00A65AFD /* CompositeAnalyticsService.swift in Sources */,
			);
			runOnlyForDeploymentPostprocessing = 0;
		};
		8CAF7B2F24581EC5006B961D /* Sources */ = {
			isa = PBXSourcesBuildPhase;
			buildActionMask = 2147483647;
			files = (
				8CAF7B3624581EC5006B961D /* AnalyticsTests.swift in Sources */,
			);
			runOnlyForDeploymentPostprocessing = 0;
		};
/* End PBXSourcesBuildPhase section */

/* Begin PBXTargetDependency section */
		8CAF7B3A24581EC5006B961D /* PBXTargetDependency */ = {
			isa = PBXTargetDependency;
			target = 34406B0D244632EC00C65C99 /* Analytics */;
			targetProxy = 8CAF7B3924581EC5006B961D /* PBXContainerItemProxy */;
		};
/* End PBXTargetDependency section */

/* Begin XCBuildConfiguration section */
		34406B14244632EC00C65C99 /* Debug */ = {
			isa = XCBuildConfiguration;
			baseConfigurationReference = 8CAF7B4724581EF6006B961D /* Project.debug.xcconfig */;
			buildSettings = {
			};
			name = Debug;
		};
		34406B15244632EC00C65C99 /* Release */ = {
			isa = XCBuildConfiguration;
			baseConfigurationReference = 8CAF7B4024581EF6006B961D /* Project.release.xcconfig */;
			buildSettings = {
			};
			name = Release;
		};
		34406B17244632EC00C65C99 /* Debug */ = {
			isa = XCBuildConfiguration;
			baseConfigurationReference = 8CAF7B4424581EF6006B961D /* Analytics.debug.xcconfig */;
			buildSettings = {
			};
			name = Debug;
		};
		34406B18244632EC00C65C99 /* Release */ = {
			isa = XCBuildConfiguration;
			baseConfigurationReference = 8CAF7B4124581EF6006B961D /* Analytics.release.xcconfig */;
			buildSettings = {
			};
			name = Release;
		};
		8CAF7B3B24581EC5006B961D /* Debug */ = {
			isa = XCBuildConfiguration;
			baseConfigurationReference = 8CAF7B3F24581EF6006B961D /* AnalyticsTests.debug.xcconfig */;
			buildSettings = {
			};
			name = Debug;
		};
		8CAF7B3C24581EC5006B961D /* Release */ = {
			isa = XCBuildConfiguration;
			baseConfigurationReference = 8CAF7B4224581EF6006B961D /* AnalyticsTests.release.xcconfig */;
			buildSettings = {
			};
			name = Release;
		};
/* End XCBuildConfiguration section */

/* Begin XCConfigurationList section */
		34406B08244632EC00C65C99 /* Build configuration list for PBXProject "Analytics" */ = {
			isa = XCConfigurationList;
			buildConfigurations = (
				34406B14244632EC00C65C99 /* Debug */,
				34406B15244632EC00C65C99 /* Release */,
			);
			defaultConfigurationIsVisible = 0;
			defaultConfigurationName = Release;
		};
		34406B16244632EC00C65C99 /* Build configuration list for PBXNativeTarget "Analytics" */ = {
			isa = XCConfigurationList;
			buildConfigurations = (
				34406B17244632EC00C65C99 /* Debug */,
				34406B18244632EC00C65C99 /* Release */,
			);
			defaultConfigurationIsVisible = 0;
			defaultConfigurationName = Release;
		};
		8CAF7B3D24581EC5006B961D /* Build configuration list for PBXNativeTarget "AnalyticsTests" */ = {
			isa = XCConfigurationList;
			buildConfigurations = (
				8CAF7B3B24581EC5006B961D /* Debug */,
				8CAF7B3C24581EC5006B961D /* Release */,
			);
			defaultConfigurationIsVisible = 0;
			defaultConfigurationName = Release;
		};
/* End XCConfigurationList section */
	};
	rootObject = 34406B05244632EC00C65C99 /* Project object */;
}
